{
  "version": 4,
  "terraform_version": "1.15.3",
  "serial": 225,
  "lineage": "069c1b63-1c54-c191-62b1-86bdb8391682",
  "outputs": {
    "alb_dns_name": {
      "value": "",
      "type": "string"
    },
    "api_gateway_endpoint": {
      "value": "https://pc13ojp8xk.execute-api.ap-south-2.amazonaws.com",
      "type": "string"
    },
    "backend_ecr_repository": {
      "value": "716403252967.dkr.ecr.ap-south-2.amazonaws.com/anjali-alankaram-backend",
      "type": "string"
    },
    "cloudfront_distribution_url": {
      "value": "https://d3nim2qyod728p.cloudfront.net",
      "type": "string"
    },
    "ecs_cluster_name": {
      "value": "anjali-alankaram-cluster",
      "type": "string"
    },
    "frontend_ecr_repository": {
      "value": "716403252967.dkr.ecr.ap-south-2.amazonaws.com/anjali-alankaram-frontend",
      "type": "string"
    },
    "rds_endpoint": {
      "value": "anjali-alankaram-db-wiped.c56m6guc44tf.ap-south-2.rds.amazonaws.com",
      "type": "string"
    },
    "redis_endpoint": {
      "value": "anjali-alankaram-redis.bxhjkw.0001.aps2.cache.amazonaws.com",
      "type": "string"
    },
    "route53_nameservers": {
      "value": [
        "ns-1194.awsdns-21.org",
        "ns-2003.awsdns-58.co.uk",
        "ns-491.awsdns-61.com",
        "ns-871.awsdns-44.net"
      ],
      "type": [
        "list",
        "string"
      ]
    },
    "s3_bucket_arn": {
      "value": "arn:aws:s3:::anjali-alankaram-assets-716403252967",
      "type": "string"
    },
    "s3_bucket_name": {
      "value": "anjali-alankaram-assets-716403252967",
      "type": "string"
    },
    "sns_topic_arn": {
      "value": "arn:aws:sns:ap-south-2:716403252967:anjali-alankaram-alerts",
      "type": "string"
    },
    "whatsapp_lambda_arn": {
      "value": "arn:aws:lambda:ap-south-2:716403252967:function:anjali-alankaram-whatsapp-alert",
      "type": "string"
    }
  },
  "resources": [
    {
      "mode": "data",
      "type": "archive_file",
      "name": "email_lambda_zip",
      "provider": "provider[\"registry.terraform.io/hashicorp/archive\"]",
      "instances": [
        {
          "schema_version": 0,
          "attributes": {
            "exclude_symlink_directories": null,
            "excludes": null,
            "id": "5fa3992e91d8ffdef5996d6180f34f1f5feb0630",
            "output_base64sha256": "xnRfhfApC5qsEnxpKsxtSeBmBPWZYai8H3SmHHYyI6s=",
            "output_base64sha512": "SuYA/re8cJJj0JO8xvx96dnA3tcb18AQR+ToSppOf796NTHlRQzZ7YvimjgNudZZ+C3dWIAXrFRM629NXs5SXw==",
            "output_file_mode": null,
            "output_md5": "1bad8259a1a996462e6fc516b8170e61",
            "output_path": "./lambda_src/email_alert.zip",
            "output_sha": "5fa3992e91d8ffdef5996d6180f34f1f5feb0630",
            "output_sha256": "c6745f85f0290b9aac127c692acc6d49e06604f59961a8bc1f74a61c763223ab",
            "output_sha512": "4ae600feb7bc709263d093bcc6fc7de9d9c0ded71bd7c01047e4e84a9a4e7fbf7a3531e5450cd9ed8be29a380db9d659f82ddd588017ac544ceb6f4d5ece525f",
            "output_size": 3934,
            "source": [],
            "source_content": null,
            "source_content_filename": null,
            "source_dir": null,
            "source_file": "./lambda_src/email_alert.py",
            "type": "zip"
          },
          "sensitive_attributes": [],
          "identity_schema_version": 0
        }
      ]
    },
    {
      "mode": "data",
      "type": "archive_file",
      "name": "whatsapp_lambda_zip",
      "provider": "provider[\"registry.terraform.io/hashicorp/archive\"]",
      "instances": [
        {
          "schema_version": 0,
          "attributes": {
            "exclude_symlink_directories": null,
            "excludes": null,
            "id": "002733885f9715f73efb7a75c390db5a7f97e54b",
            "output_base64sha256": "HuLvkqL12/iPCoDj7/Cgc6NxIFMWIAy7vTiog9uHiaE=",
            "output_base64sha512": "jTlqbdMgMZbXxtqM7T2yiiIp8TG4hTZt6gmktLUJMIjXaqVN4lFYZ3bqe0LzcPgAcAEEvPRHiyBc+FZN5i1lYw==",
            "output_file_mode": null,
            "output_md5": "08112edb43d573eacc7fb31fa84d57c2",
            "output_path": "./lambda_src/whatsapp_alert.zip",
            "output_sha": "002733885f9715f73efb7a75c390db5a7f97e54b",
            "output_sha256": "1ee2ef92a2f5dbf88f0a80e3eff0a073a371205316200cbbbd38a883db8789a1",
            "output_sha512": "8d396a6dd3203196d7c6da8ced3db28a2229f131b885366dea09a4b4b5093088d76aa54de251586776ea7b42f370f800700104bcf4478b205cf8564de62d6563",
            "output_size": 1345,
            "source": [],
            "source_content": null,
            "source_content_filename": null,
            "source_dir": null,
            "source_file": "./lambda_src/whatsapp_alert.py",
            "type": "zip"
          },
          "sensitive_attributes": [],
          "identity_schema_version": 0
        }
      ]
    },
    {
      "mode": "data",
      "type": "aws_caller_identity",
      "name": "current",
      "provider": "provider[\"registry.terraform.io/hashicorp/aws\"]",
      "instances": [
        {
          "schema_version": 0,
          "attributes": {
            "account_id": "716403252967",
            "arn": "arn:aws:iam::716403252967:user/awscli",
            "id": "716403252967",
            "user_id": "AIDA2NTHWD3TTMBSTBXF7"
          },
          "sensitive_attributes": [],
          "identity_schema_version": 0
        }
      ]
    },
    {
      "mode": "managed",
      "type": "aws_apigatewayv2_api",
      "name": "http_api",
      "provider": "provider[\"registry.terraform.io/hashicorp/aws\"]",
      "instances": [
        {
          "index_key": 0,
          "schema_version": 0,
          "attributes": {
            "api_endpoint": "https://pc13ojp8xk.execute-api.ap-south-2.amazonaws.com",
            "api_key_selection_expression": "$request.header.x-api-key",
            "arn": "arn:aws:apigateway:ap-south-2::/apis/pc13ojp8xk",
            "body": null,
            "cors_configuration": [],
            "credentials_arn": null,
            "description": "",
            "disable_execute_api_endpoint": false,
            "execution_arn": "arn:aws:execute-api:ap-south-2:716403252967:pc13ojp8xk",
            "fail_on_warnings": null,
            "id": "pc13ojp8xk",
            "ip_address_type": "ipv4",
            "name": "anjali-alankaram-http-api",
            "protocol_type": "HTTP",
            "route_key": null,
            "route_selection_expression": "$request.method $request.path",
            "tags": {
              "CostCenter": "Production",
              "Environment": "production",
              "ManagedBy": "Terraform",
              "Project": "anjali-alankaram"
            },
            "tags_all": {
              "CostCenter": "Production",
              "Environment": "production",
              "ManagedBy": "Terraform",
              "Project": "anjali-alankaram"
            },
            "target": null,
            "version": ""
          },
          "sensitive_attributes": [],
          "identity_schema_version": 0,
          "private": "bnVsbA=="
        }
      ]
    },
    {
      "mode": "managed",
      "type": "aws_apigatewayv2_stage",
      "name": "default",
      "provider": "provider[\"registry.terraform.io/hashicorp/aws\"]",
      "instances": [
        {
          "index_key": 0,
          "schema_version": 0,
          "attributes": {
            "access_log_settings": [],
            "api_id": "pc13ojp8xk",
            "arn": "arn:aws:apigateway:ap-south-2::/apis/pc13ojp8xk/stages/$default",
            "auto_deploy": true,
            "client_certificate_id": "",
            "default_route_settings": [
              {
                "data_trace_enabled": false,
                "detailed_metrics_enabled": false,
                "logging_level": "",
                "throttling_burst_limit": 0,
                "throttling_rate_limit": 0
              }
            ],
            "deployment_id": "",
            "description": "",
            "execution_arn": "arn:aws:execute-api:ap-south-2:716403252967:pc13ojp8xk/$default",
            "id": "$default",
            "invoke_url": "https://pc13ojp8xk.execute-api.ap-south-2.amazonaws.com/",
            "name": "$default",
            "route_settings": [],
            "stage_variables": {},
            "tags": {
              "CostCenter": "Production",
              "Environment": "production",
              "ManagedBy": "Terraform",
              "Project": "anjali-alankaram"
            },
            "tags_all": {
              "CostCenter": "Production",
              "Environment": "production",
              "ManagedBy": "Terraform",
              "Project": "anjali-alankaram"
            }
          },
          "sensitive_attributes": [],
          "identity_schema_version": 0,
          "private": "bnVsbA==",
          "dependencies": [
            "aws_apigatewayv2_api.http_api"
          ]
        }
      ]
    },
    {
      "mode": "managed",
      "type": "aws_appautoscaling_scheduled_action",
      "name": "backend_scale_down_night",
      "provider": "provider[\"registry.terraform.io/hashicorp/aws\"]",
      "instances": [
        {
          "schema_version": 0,
          "attributes": {
            "arn": "arn:aws:autoscaling:ap-south-2:716403252967:scheduledAction:37c81535-86f3-4d2f-a4b0-1da1695ea815:resource/ecs/service/anjali-alankaram-cluster/anjali-alankaram-backend-service:scheduledActionName/anjali-backend-scale-down-night-v2",
            "end_time": null,
            "id": "anjali-backend-scale-down-night-v2-ecs-service/anjali-alankaram-cluster/anjali-alankaram-backend-service",
            "name": "anjali-backend-scale-down-night-v2",
            "resource_id": "service/anjali-alankaram-cluster/anjali-alankaram-backend-service",
            "scalable_dimension": "ecs:service:DesiredCount",
            "scalable_target_action": [
              {
                "max_capacity": "1",
                "min_capacity": "1"
              }
            ],
            "schedule": "cron(30 17 * * ? *)",
            "service_namespace": "ecs",
            "start_time": null,
            "timezone": "UTC"
          },
          "sensitive_attributes": [],
          "identity_schema_version": 0,
          "private": "bnVsbA==",
          "dependencies": [
            "aws_s3_bucket.assets",
            "aws_secretsmanager_secret.backend_secrets",
            "data.aws_caller_identity.current",
            "module.alb.aws_lb.main",
            "module.alb.aws_lb_target_group.backend",
            "module.alb.aws_lb_target_group.frontend",
            "module.ecs.aws_appautoscaling_policy.backend_alb_requests",
            "module.ecs.aws_appautoscaling_policy.backend_cpu",
            "module.ecs.aws_appautoscaling_policy.backend_memory",
            "module.ecs.aws_appautoscaling_policy.frontend_alb_requests",
            "module.ecs.aws_appautoscaling_policy.frontend_cpu",
            "module.ecs.aws_appautoscaling_target.backend",
            "module.ecs.aws_appautoscaling_target.frontend",
            "module.ecs.aws_cloudwatch_log_group.ecs",
            "module.ecs.aws_cloudwatch_metric_alarm.backend_cpu_high",
            "module.ecs.aws_cloudwatch_metric_alarm.backend_memory_high",
            "module.ecs.aws_ecr_lifecycle_policy.backend",
            "module.ecs.aws_ecr_lifecycle_policy.frontend",
            "module.ecs.aws_ecr_repository.backend",
            "module.ecs.aws_ecr_repository.frontend",
            "module.ecs.aws_ecs_cluster.main",
            "module.ecs.aws_ecs_cluster_capacity_providers.main",
            "module.ecs.aws_ecs_service.backend",
            "module.ecs.aws_ecs_service.frontend",
            "module.ecs.aws_ecs_task_definition.backend",
            "module.ecs.aws_ecs_task_definition.frontend",
            "module.security.aws_iam_role.ecs_task_execution_role",
            "module.security.aws_iam_role.ecs_task_role",
            "module.security.aws_security_group.alb",
            "module.security.aws_security_group.ecs_tasks",
            "module.vpc.aws_subnet.public",
            "module.vpc.aws_vpc.main"
          ]
        }
      ]
    },
    {
      "mode": "managed",
      "type": "aws_appautoscaling_scheduled_action",
      "name": "backend_scale_up_morning",
      "provider": "provider[\"registry.terraform.io/hashicorp/aws\"]",
      "instances": [
        {
          "schema_version": 0,
          "attributes": {
            "arn": "arn:aws:autoscaling:ap-south-2:716403252967:scheduledAction:37c81535-86f3-4d2f-a4b0-1da1695ea815:resource/ecs/service/anjali-alankaram-cluster/anjali-alankaram-backend-service:scheduledActionName/anjali-backend-scale-up-morning-v2",
            "end_time": null,
            "id": "anjali-backend-scale-up-morning-v2-ecs-service/anjali-alankaram-cluster/anjali-alankaram-backend-service",
            "name": "anjali-backend-scale-up-morning-v2",
            "resource_id": "service/anjali-alankaram-cluster/anjali-alankaram-backend-service",
            "scalable_dimension": "ecs:service:DesiredCount",
            "scalable_target_action": [
              {
                "max_capacity": "100",
                "min_capacity": "1"
              }
            ],
            "schedule": "cron(30 4 * * ? *)",
            "service_namespace": "ecs",
            "start_time": null,
            "timezone": "UTC"
          },
          "sensitive_attributes": [],
          "identity_schema_version": 0,
          "private": "bnVsbA==",
          "dependencies": [
            "aws_s3_bucket.assets",
            "aws_secretsmanager_secret.backend_secrets",
            "data.aws_caller_identity.current",
            "module.alb.aws_lb.main",
            "module.alb.aws_lb_target_group.backend",
            "module.alb.aws_lb_target_group.frontend",
            "module.ecs.aws_appautoscaling_policy.backend_alb_requests",
            "module.ecs.aws_appautoscaling_policy.backend_cpu",
            "module.ecs.aws_appautoscaling_policy.backend_memory",
            "module.ecs.aws_appautoscaling_policy.frontend_alb_requests",
            "module.ecs.aws_appautoscaling_policy.frontend_cpu",
            "module.ecs.aws_appautoscaling_target.backend",
            "module.ecs.aws_appautoscaling_target.frontend",
            "module.ecs.aws_cloudwatch_log_group.ecs",
            "module.ecs.aws_cloudwatch_metric_alarm.backend_cpu_high",
            "module.ecs.aws_cloudwatch_metric_alarm.backend_memory_high",
            "module.ecs.aws_ecr_lifecycle_policy.backend",
            "module.ecs.aws_ecr_lifecycle_policy.frontend",
            "module.ecs.aws_ecr_repository.backend",
            "module.ecs.aws_ecr_repository.frontend",
            "module.ecs.aws_ecs_cluster.main",
            "module.ecs.aws_ecs_cluster_capacity_providers.main",
            "module.ecs.aws_ecs_service.backend",
            "module.ecs.aws_ecs_service.frontend",
            "module.ecs.aws_ecs_task_definition.backend",
            "module.ecs.aws_ecs_task_definition.frontend",
            "module.security.aws_iam_role.ecs_task_execution_role",
            "module.security.aws_iam_role.ecs_task_role",
            "module.security.aws_security_group.alb",
            "module.security.aws_security_group.ecs_tasks",
            "module.vpc.aws_subnet.public",
            "module.vpc.aws_vpc.main"
          ]
        }
      ]
    },
    {
      "mode": "managed",
      "type": "aws_appautoscaling_scheduled_action",
      "name": "frontend_scale_down_night",
      "provider": "provider[\"registry.terraform.io/hashicorp/aws\"]",
      "instances": [
        {
          "schema_version": 0,
          "attributes": {
            "arn": "arn:aws:autoscaling:ap-south-2:716403252967:scheduledAction:d2a65294-0798-4c0f-8260-bfff40a60dd5:resource/ecs/service/anjali-alankaram-cluster/anjali-alankaram-frontend-service:scheduledActionName/anjali-frontend-scale-down-night-v2",
            "end_time": null,
            "id": "anjali-frontend-scale-down-night-v2-ecs-service/anjali-alankaram-cluster/anjali-alankaram-frontend-service",
            "name": "anjali-frontend-scale-down-night-v2",
            "resource_id": "service/anjali-alankaram-cluster/anjali-alankaram-frontend-service",
            "scalable_dimension": "ecs:service:DesiredCount",
            "scalable_target_action": [
              {
                "max_capacity": "1",
                "min_capacity": "1"
              }
            ],
            "schedule": "cron(30 17 * * ? *)",
            "service_namespace": "ecs",
            "start_time": null,
            "timezone": "UTC"
          },
          "sensitive_attributes": [],
          "identity_schema_version": 0,
          "private": "bnVsbA==",
          "dependencies": [
            "aws_s3_bucket.assets",
            "aws_secretsmanager_secret.backend_secrets",
            "data.aws_caller_identity.current",
            "module.alb.aws_lb.main",
            "module.alb.aws_lb_target_group.backend",
            "module.alb.aws_lb_target_group.frontend",
            "module.ecs.aws_appautoscaling_policy.backend_alb_requests",
            "module.ecs.aws_appautoscaling_policy.backend_cpu",
            "module.ecs.aws_appautoscaling_policy.backend_memory",
            "module.ecs.aws_appautoscaling_policy.frontend_alb_requests",
            "module.ecs.aws_appautoscaling_policy.frontend_cpu",
            "module.ecs.aws_appautoscaling_target.backend",
            "module.ecs.aws_appautoscaling_target.frontend",
            "module.ecs.aws_cloudwatch_log_group.ecs",
            "module.ecs.aws_cloudwatch_metric_alarm.backend_cpu_high",
            "module.ecs.aws_cloudwatch_metric_alarm.backend_memory_high",
            "module.ecs.aws_ecr_lifecycle_policy.backend",
            "module.ecs.aws_ecr_lifecycle_policy.frontend",
            "module.ecs.aws_ecr_repository.backend",
            "module.ecs.aws_ecr_repository.frontend",
            "module.ecs.aws_ecs_cluster.main",
            "module.ecs.aws_ecs_cluster_capacity_providers.main",
            "module.ecs.aws_ecs_service.backend",
            "module.ecs.aws_ecs_service.frontend",
            "module.ecs.aws_ecs_task_definition.backend",
            "module.ecs.aws_ecs_task_definition.frontend",
            "module.security.aws_iam_role.ecs_task_execution_role",
            "module.security.aws_iam_role.ecs_task_role",
            "module.security.aws_security_group.alb",
            "module.security.aws_security_group.ecs_tasks",
            "module.vpc.aws_subnet.public",
            "module.vpc.aws_vpc.main"
          ]
        }
      ]
    },
    {
      "mode": "managed",
      "type": "aws_appautoscaling_scheduled_action",
      "name": "frontend_scale_up_morning",
      "provider": "provider[\"registry.terraform.io/hashicorp/aws\"]",
      "instances": [
        {
          "schema_version": 0,
          "attributes": {
            "arn": "arn:aws:autoscaling:ap-south-2:716403252967:scheduledAction:d2a65294-0798-4c0f-8260-bfff40a60dd5:resource/ecs/service/anjali-alankaram-cluster/anjali-alankaram-frontend-service:scheduledActionName/anjali-frontend-scale-up-morning-v2",
            "end_time": null,
            "id": "anjali-frontend-scale-up-morning-v2-ecs-service/anjali-alankaram-cluster/anjali-alankaram-frontend-service",
            "name": "anjali-frontend-scale-up-morning-v2",
            "resource_id": "service/anjali-alankaram-cluster/anjali-alankaram-frontend-service",
            "scalable_dimension": "ecs:service:DesiredCount",
            "scalable_target_action": [
              {
                "max_capacity": "50",
                "min_capacity": "1"
              }
            ],
            "schedule": "cron(30 4 * * ? *)",
            "service_namespace": "ecs",
            "start_time": null,
            "timezone": "UTC"
          },
          "sensitive_attributes": [],
          "identity_schema_version": 0,
          "private": "bnVsbA==",
          "dependencies": [
            "aws_s3_bucket.assets",
            "aws_secretsmanager_secret.backend_secrets",
            "data.aws_caller_identity.current",
            "module.alb.aws_lb.main",
            "module.alb.aws_lb_target_group.backend",
            "module.alb.aws_lb_target_group.frontend",
            "module.ecs.aws_appautoscaling_policy.backend_alb_requests",
            "module.ecs.aws_appautoscaling_policy.backend_cpu",
            "module.ecs.aws_appautoscaling_policy.backend_memory",
            "module.ecs.aws_appautoscaling_policy.frontend_alb_requests",
            "module.ecs.aws_appautoscaling_policy.frontend_cpu",
            "module.ecs.aws_appautoscaling_target.backend",
            "module.ecs.aws_appautoscaling_target.frontend",
            "module.ecs.aws_cloudwatch_log_group.ecs",
            "module.ecs.aws_cloudwatch_metric_alarm.backend_cpu_high",
            "module.ecs.aws_cloudwatch_metric_alarm.backend_memory_high",
            "module.ecs.aws_ecr_lifecycle_policy.backend",
            "module.ecs.aws_ecr_lifecycle_policy.frontend",
            "module.ecs.aws_ecr_repository.backend",
            "module.ecs.aws_ecr_repository.frontend",
            "module.ecs.aws_ecs_cluster.main",
            "module.ecs.aws_ecs_cluster_capacity_providers.main",
            "module.ecs.aws_ecs_service.backend",
            "module.ecs.aws_ecs_service.frontend",
            "module.ecs.aws_ecs_task_definition.backend",
            "module.ecs.aws_ecs_task_definition.frontend",
            "module.security.aws_iam_role.ecs_task_execution_role",
            "module.security.aws_iam_role.ecs_task_role",
            "module.security.aws_security_group.alb",
            "module.security.aws_security_group.ecs_tasks",
            "module.vpc.aws_subnet.public",
            "module.vpc.aws_vpc.main"
          ]
        }
      ]
    },
    {
      "mode": "managed",
      "type": "aws_backup_plan",
      "name": "daily",
      "provider": "provider[\"registry.terraform.io/hashicorp/aws\"]",
      "instances": [
        {
          "schema_version": 1,
          "attributes": {
            "advanced_backup_setting": [],
            "arn": "arn:aws:backup:ap-south-2:716403252967:backup-plan:9367c26a-3b56-4d14-9598-f7387e4eb3b2",
            "id": "9367c26a-3b56-4d14-9598-f7387e4eb3b2",
            "name": "anjali-alankaram-daily-backup-plan",
            "rule": [
              {
                "completion_window": 180,
                "copy_action": [],
                "enable_continuous_backup": false,
                "lifecycle": [
                  {
                    "cold_storage_after": 0,
                    "delete_after": 7,
                    "opt_in_to_archive_for_supported_resources": false
                  }
                ],
                "recovery_point_tags": {},
                "rule_name": "daily-backup-rule",
                "schedule": "cron(0 20 * * ? *)",
                "schedule_expression_timezone": "Etc/UTC",
                "start_window": 60,
                "target_vault_name": "anjali-alankaram-backup-vault"
              }
            ],
            "tags": {
              "CostCenter": "Production",
              "Environment": "production",
              "ManagedBy": "Terraform",
              "Project": "anjali-alankaram"
            },
            "tags_all": {
              "CostCenter": "Production",
              "Environment": "production",
              "ManagedBy": "Terraform",
              "Project": "anjali-alankaram"
            },
            "version": "NTRmYjEwNDktMmZiOS00YzJiLTg2NjEtNGM4MzQ1ZDQ1OWUw"
          },
          "sensitive_attributes": [],
          "identity_schema_version": 0,
          "private": "eyJzY2hlbWFfdmVyc2lvbiI6IjEifQ==",
          "dependencies": [
            "aws_backup_vault.main"
          ]
        }
      ]
    },
    {
      "mode": "managed",
      "type": "aws_backup_selection",
      "name": "db_and_storage",
      "provider": "provider[\"registry.terraform.io/hashicorp/aws\"]",
      "instances": [
        {
          "schema_version": 0,
          "attributes": {
            "condition": [
              {
                "string_equals": [],
                "string_like": [],
                "string_not_equals": [],
                "string_not_like": []
              }
            ],
            "iam_role_arn": "arn:aws:iam::716403252967:role/anjali-alankaram-backup-role",
            "id": "b3603e79-fddb-4195-84e1-028a66bba404",
            "name": "anjali-alankaram-backup-selection",
            "not_resources": [],
            "plan_id": "9367c26a-3b56-4d14-9598-f7387e4eb3b2",
            "resources": [
              "arn:aws:rds:ap-south-2:716403252967:db:anjali-alankaram-db-wiped",
              "arn:aws:s3:::anjali-alankaram-assets-716403252967"
            ],
            "selection_tag": []
          },
          "sensitive_attributes": [],
          "identity_schema_version": 0,
          "private": "bnVsbA==",
          "dependencies": [
            "aws_backup_plan.daily",
            "aws_backup_vault.main",
            "aws_iam_role.backup",
            "aws_s3_bucket.assets",
            "data.aws_caller_identity.current",
            "module.rds.aws_db_instance.postgres",
            "module.rds.aws_db_subnet_group.main",
            "module.security.aws_security_group.alb",
            "module.security.aws_security_group.ecs_tasks",
            "module.security.aws_security_group.rds",
            "module.vpc.aws_subnet.public",
            "module.vpc.aws_vpc.main"
          ]
        }
      ]
    },
    {
      "mode": "managed",
      "type": "aws_backup_vault",
      "name": "main",
      "provider": "provider[\"registry.terraform.io/hashicorp/aws\"]",
      "instances": [
        {
          "schema_version": 0,
          "attributes": {
            "arn": "arn:aws:backup:ap-south-2:716403252967:backup-vault:anjali-alankaram-backup-vault",
            "force_destroy": false,
            "id": "anjali-alankaram-backup-vault",
            "kms_key_arn": "arn:aws:kms:ap-south-2:716403252967:key/57473566-816e-4163-a144-dffeb7542045",
            "name": "anjali-alankaram-backup-vault",
            "recovery_points": 7,
            "tags": {
              "CostCenter": "Production",
              "Environment": "production",
              "ManagedBy": "Terraform",
              "Project": "anjali-alankaram"
            },
            "tags_all": {
              "CostCenter": "Production",
              "Environment": "production",
              "ManagedBy": "Terraform",
              "Project": "anjali-alankaram"
            },
            "timeouts": null
          },
          "sensitive_attributes": [],
          "identity_schema_version": 0,
          "private": "eyJlMmJmYjczMC1lY2FhLTExZTYtOGY4OC0zNDM2M2JjN2M0YzAiOnsiZGVsZXRlIjo2MDAwMDAwMDAwMDB9fQ=="
        }
      ]
    },
    {
      "mode": "managed",
      "type": "aws_cloudfront_distribution",
      "name": "cdn",
      "provider": "provider[\"registry.terraform.io/hashicorp/aws\"]",
      "instances": [
        {
          "schema_version": 1,
          "attributes": {
            "aliases": [],
            "arn": "arn:aws:cloudfront::716403252967:distribution/E7Y31TPWH7DWT",
            "caller_reference": "terraform-2026071115483092660000000b",
            "comment": "Anjali Alankaram Global E-commerce CDN",
            "continuous_deployment_policy_id": "",
            "custom_error_response": [],
            "default_cache_behavior": [
              {
                "allowed_methods": [
                  "DELETE",
                  "GET",
                  "HEAD",
                  "OPTIONS",
                  "PATCH",
                  "POST",
                  "PUT"
                ],
                "cache_policy_id": "",
                "cached_methods": [
                  "GET",
                  "HEAD"
                ],
                "compress": true,
                "default_ttl": 0,
                "field_level_encryption_id": "",
                "forwarded_values": [
                  {
                    "cookies": [
                      {
                        "forward": "all",
                        "whitelisted_names": []
                      }
                    ],
                    "headers": [
                      "Authorization",
                      "Host",
                      "Origin"
                    ],
                    "query_string": true,
                    "query_string_cache_keys": []
                  }
                ],
                "function_association": [
                  {
                    "event_type": "viewer-response",
                    "function_arn": "arn:aws:cloudfront::716403252967:function/anjali-alankaram-security-headers"
                  }
                ],
                "grpc_config": [
                  {
                    "enabled": false
                  }
                ],
                "lambda_function_association": [],
                "max_ttl": 0,
                "min_ttl": 0,
                "origin_request_policy_id": "",
                "realtime_log_config_arn": "",
                "response_headers_policy_id": "",
                "smooth_streaming": false,
                "target_origin_id": "ALB-Origin",
                "trusted_key_groups": [],
                "trusted_signers": [],
                "viewer_protocol_policy": "redirect-to-https"
              }
            ],
            "default_root_object": "",
            "domain_name": "d3nim2qyod728p.cloudfront.net",
            "enabled": true,
            "etag": "E1F83G8C2ARO7P",
            "hosted_zone_id": "Z2FDTNDATAQYW2",
            "http_version": "http2",
            "id": "E7Y31TPWH7DWT",
            "in_progress_validation_batches": 0,
            "is_ipv6_enabled": true,
            "last_modified_time": "2026-08-23 08:35:57.359 +0000 UTC",
            "logging_config": [],
            "ordered_cache_behavior": [
              {
                "allowed_methods": [
                  "DELETE",
                  "GET",
                  "HEAD",
                  "OPTIONS",
                  "PATCH",
                  "POST",
                  "PUT"
                ],
                "cache_policy_id": "",
                "cached_methods": [
                  "GET",
                  "HEAD"
                ],
                "compress": true,
                "default_ttl": 0,
                "field_level_encryption_id": "",
                "forwarded_values": [
                  {
                    "cookies": [
                      {
                        "forward": "all",
                        "whitelisted_names": []
                      }
                    ],
                    "headers": [
                      "Accept",
                      "Authorization",
                      "Content-Type",
                      "Host",
                      "Origin"
                    ],
                    "query_string": true,
                    "query_string_cache_keys": []
                  }
                ],
                "function_association": [],
                "grpc_config": [
                  {
                    "enabled": false
                  }
                ],
                "lambda_function_association": [],
                "max_ttl": 0,
                "min_ttl": 0,
                "origin_request_policy_id": "",
                "path_pattern": "/api/*",
                "realtime_log_config_arn": "",
                "response_headers_policy_id": "",
                "smooth_streaming": false,
                "target_origin_id": "ALB-Origin",
                "trusted_key_groups": [],
                "trusted_signers": [],
                "viewer_protocol_policy": "redirect-to-https"
              },
              {
                "allowed_methods": [
                  "GET",
                  "HEAD",
                  "OPTIONS"
                ],
                "cache_policy_id": "",
                "cached_methods": [
                  "GET",
                  "HEAD"
                ],
                "compress": true,
                "default_ttl": 86400,
                "field_level_encryption_id": "",
                "forwarded_values": [
                  {
                    "cookies": [
                      {
                        "forward": "none",
                        "whitelisted_names": []
                      }
                    ],
                    "headers": [
                      "Origin"
                    ],
                    "query_string": false,
                    "query_string_cache_keys": []
                  }
                ],
                "function_association": [],
                "grpc_config": [
                  {
                    "enabled": false
                  }
                ],
                "lambda_function_association": [],
                "max_ttl": 31536000,
                "min_ttl": 0,
                "origin_request_policy_id": "",
                "path_pattern": "/products/*.*",
                "realtime_log_config_arn": "",
                "response_headers_policy_id": "",
                "smooth_streaming": false,
                "target_origin_id": "S3-Assets-Origin",
                "trusted_key_groups": [],
                "trusted_signers": [],
                "viewer_protocol_policy": "redirect-to-https"
              },
              {
                "allowed_methods": [
                  "GET",
                  "HEAD",
                  "OPTIONS"
                ],
                "cache_policy_id": "",
                "cached_methods": [
                  "GET",
                  "HEAD"
                ],
                "compress": true,
                "default_ttl": 43200,
                "field_level_encryption_id": "",
                "forwarded_values": [
                  {
                    "cookies": [
                      {
                        "forward": "none",
                        "whitelisted_names": []
                      }
                    ],
                    "headers": [
                      "Origin"
                    ],
                    "query_string": false,
                    "query_string_cache_keys": []
                  }
                ],
                "function_association": [],
                "grpc_config": [
                  {
                    "enabled": false
                  }
                ],
                "lambda_function_association": [],
                "max_ttl": 86400,
                "min_ttl": 0,
                "origin_request_policy_id": "",
                "path_pattern": "/temp-ai-images/*",
                "realtime_log_config_arn": "",
                "response_headers_policy_id": "",
                "smooth_streaming": false,
                "target_origin_id": "S3-Assets-Origin",
                "trusted_key_groups": [],
                "trusted_signers": [],
                "viewer_protocol_policy": "redirect-to-https"
              },
              {
                "allowed_methods": [
                  "GET",
                  "HEAD",
                  "OPTIONS"
                ],
                "cache_policy_id": "",
                "cached_methods": [
                  "GET",
                  "HEAD"
                ],
                "compress": true,
                "default_ttl": 86400,
                "field_level_encryption_id": "",
                "forwarded_values": [
                  {
                    "cookies": [
                      {
                        "forward": "none",
                        "whitelisted_names": []
                      }
                    ],
                    "headers": [
                      "Origin"
                    ],
                    "query_string": false,
                    "query_string_cache_keys": []
                  }
                ],
                "function_association": [],
                "grpc_config": [
                  {
                    "enabled": false
                  }
                ],
                "lambda_function_association": [],
                "max_ttl": 31536000,
                "min_ttl": 0,
                "origin_request_policy_id": "",
                "path_pattern": "/videos/*",
                "realtime_log_config_arn": "",
                "response_headers_policy_id": "",
                "smooth_streaming": false,
                "target_origin_id": "S3-Assets-Origin",
                "trusted_key_groups": [],
                "trusted_signers": [],
                "viewer_protocol_policy": "redirect-to-https"
              }
            ],
            "origin": [
              {
                "connection_attempts": 3,
                "connection_timeout": 10,
                "custom_header": [],
                "custom_origin_config": [
                  {
                    "http_port": 80,
                    "https_port": 443,
                    "origin_keepalive_timeout": 60,
                    "origin_protocol_policy": "https-only",
                    "origin_read_timeout": 60,
                    "origin_ssl_protocols": [
                      "TLSv1.2"
                    ]
                  }
                ],
                "domain_name": "pc13ojp8xk.execute-api.ap-south-2.amazonaws.com",
                "origin_access_control_id": "",
                "origin_id": "ALB-Origin",
                "origin_path": "",
                "origin_shield": [],
                "s3_origin_config": [],
                "vpc_origin_config": []
              },
              {
                "connection_attempts": 3,
                "connection_timeout": 10,
                "custom_header": [],
                "custom_origin_config": [],
                "domain_name": "anjali-alankaram-assets-716403252967.s3.ap-south-2.amazonaws.com",
                "origin_access_control_id": "",
                "origin_id": "S3-Assets-Origin",
                "origin_path": "",
                "origin_shield": [],
                "s3_origin_config": [],
                "vpc_origin_config": []
              }
            ],
            "origin_group": [],
            "price_class": "PriceClass_100",
            "restrictions": [
              {
                "geo_restriction": [
                  {
                    "locations": [],
                    "restriction_type": "none"
                  }
                ]
              }
            ],
            "retain_on_delete": false,
            "staging": false,
            "status": "Deployed",
            "tags": {
              "CostCenter": "Production",
              "Environment": "production",
              "ManagedBy": "Terraform",
              "Project": "anjali-alankaram"
            },
            "tags_all": {
              "CostCenter": "Production",
              "Environment": "production",
              "ManagedBy": "Terraform",
              "Project": "anjali-alankaram"
            },
            "trusted_key_groups": [
              {
                "enabled": false,
                "items": []
              }
            ],
            "trusted_signers": [
              {
                "enabled": false,
                "items": []
              }
            ],
            "viewer_certificate": [
              {
                "acm_certificate_arn": "",
                "cloudfront_default_certificate": true,
                "iam_certificate_id": "",
                "minimum_protocol_version": "TLSv1",
                "ssl_support_method": ""
              }
            ],
            "wait_for_deployment": true,
            "web_acl_id": ""
          },
          "sensitive_attributes": [],
          "identity_schema_version": 0,
          "private": "eyJzY2hlbWFfdmVyc2lvbiI6IjEifQ==",
          "dependencies": [
            "aws_apigatewayv2_api.http_api",
            "aws_cloudfront_function.security_headers",
            "aws_s3_bucket.assets",
            "aws_wafv2_web_acl.cdn",
            "data.aws_caller_identity.current",
            "module.alb.aws_lb.main",
            "module.security.aws_security_group.alb",
            "module.vpc.aws_subnet.public",
            "module.vpc.aws_vpc.main"
          ]
        }
      ]
    },
    {
      "mode": "managed",
      "type": "aws_cloudfront_function",
      "name": "security_headers",
      "provider": "provider[\"registry.terraform.io/hashicorp/aws\"]",
      "instances": [
        {
          "schema_version": 0,
          "attributes": {
            "arn": "arn:aws:cloudfront::716403252967:function/anjali-alankaram-security-headers",
            "code": "function handler(event) {\n    var response = event.response;\n    var headers = response.headers;\n\n    // Strict Transport Security (HSTS)\n    headers['strict-transport-security'] = { value: 'max-age=63072000; includeSubDomains; preload' };\n    \n    // XSS Protection\n    headers['x-xss-protection'] = { value: '1; mode=block' };\n    \n    // Prevent Clickjacking\n    headers['x-frame-options'] = { value: 'SAMEORIGIN' };\n    \n    // Content Type Options\n    headers['x-content-type-options'] = { value: 'nosniff' };\n    \n    // Referrer Policy\n    headers['referrer-policy'] = { value: 'strict-origin-when-cross-origin' };\n\n    headers['content-security-policy'] = {\n        value: \"default-src 'self'; script-src 'self' 'unsafe-inline' 'unsafe-eval' https://checkout.razorpay.com https://cdn.razorpay.com https://*.razorpay.com https://www.googletagmanager.com https://accounts.google.com; style-src 'self' 'unsafe-inline' https://fonts.googleapis.com https://accounts.google.com; img-src 'self' data: https://*.cloudfront.net https://*.s3.ap-south-2.amazonaws.com https://*.s3.amazonaws.com https://*.amazonaws.com https://*.googleusercontent.com; connect-src 'self' https://api.openai.com https://checkout.razorpay.com https://*.razorpay.com https://www.google-analytics.com https://accounts.google.com https://*.googleapis.com; frame-src 'self' https://api.razorpay.com https://checkout.razorpay.com https://*.razorpay.com https://accounts.google.com; media-src 'self' https://*.s3.ap-south-2.amazonaws.com https://*.s3.amazonaws.com https://*.amazonaws.com https://*.cloudfront.net; object-src 'none';\"\n    };\n\n    return response;\n}\n",
            "comment": "Injects HSTS, CSP, and security headers at the edge",
            "etag": "ETVPDKIKX0DER",
            "id": "anjali-alankaram-security-headers",
            "key_value_store_associations": [],
            "live_stage_etag": "ETVPDKIKX0DER",
            "name": "anjali-alankaram-security-headers",
            "publish": true,
            "runtime": "cloudfront-js-1.0",
            "status": "DEPLOYED"
          },
          "sensitive_attributes": [],
          "identity_schema_version": 0,
          "private": "bnVsbA=="
        }
      ]
    },
    {
      "mode": "managed",
      "type": "aws_cloudwatch_log_group",
      "name": "lambda_alerts_optimized",
      "provider": "provider[\"registry.terraform.io/hashicorp/aws\"]",
      "instances": [
        {
          "schema_version": 0,
          "attributes": {
            "arn": "arn:aws:logs:ap-south-2:716403252967:log-group:/aws/lambda/anjali-alankaram-whatsapp-alert",
            "id": "/aws/lambda/anjali-alankaram-whatsapp-alert",
            "kms_key_id": "",
            "log_group_class": "STANDARD",
            "name": "/aws/lambda/anjali-alankaram-whatsapp-alert",
            "name_prefix": "",
            "retention_in_days": 7,
            "skip_destroy": false,
            "tags": {
              "CostCenter": "Production",
              "Environment": "production",
              "ManagedBy": "Terraform",
              "Project": "anjali-alankaram"
            },
            "tags_all": {
              "CostCenter": "Production",
              "Environment": "production",
              "ManagedBy": "Terraform",
              "Project": "anjali-alankaram"
            }
          },
          "sensitive_attributes": [],
          "identity_schema_version": 0,
          "private": "bnVsbA=="
        }
      ]
    },
    {
      "mode": "managed",
      "type": "aws_cloudwatch_log_group",
      "name": "lambda_email_alerts",
      "provider": "provider[\"registry.terraform.io/hashicorp/aws\"]",
      "instances": [
        {
          "schema_version": 0,
          "attributes": {
            "arn": "arn:aws:logs:ap-south-2:716403252967:log-group:/aws/lambda/anjali-alankaram-email-alert",
            "id": "/aws/lambda/anjali-alankaram-email-alert",
            "kms_key_id": "",
            "log_group_class": "STANDARD",
            "name": "/aws/lambda/anjali-alankaram-email-alert",
            "name_prefix": "",
            "retention_in_days": 7,
            "skip_destroy": false,
            "tags": {
              "CostCenter": "Production",
              "Environment": "production",
              "ManagedBy": "Terraform",
              "Project": "anjali-alankaram"
            },
            "tags_all": {
              "CostCenter": "Production",
              "Environment": "production",
              "ManagedBy": "Terraform",
              "Project": "anjali-alankaram"
            }
          },
          "sensitive_attributes": [],
          "identity_schema_version": 0,
          "private": "bnVsbA=="
        }
      ]
    },
    {
      "mode": "managed",
      "type": "aws_cloudwatch_metric_alarm",
      "name": "alb_5xx_errors",
      "provider": "provider[\"registry.terraform.io/hashicorp/aws\"]",
      "instances": []
    },
    {
      "mode": "managed",
      "type": "aws_cloudwatch_metric_alarm",
      "name": "db_connections_high",
      "provider": "provider[\"registry.terraform.io/hashicorp/aws\"]",
      "instances": [
        {
          "schema_version": 1,
          "attributes": {
            "actions_enabled": true,
            "alarm_actions": [
              "arn:aws:sns:ap-south-2:716403252967:anjali-alankaram-alerts"
            ],
            "alarm_description": "DB connections \u003e 150. Max is ~200. Upgrade DB or Tier 2 needed soon.",
            "alarm_name": "anjali-alankaram-db-connections-high",
            "arn": "arn:aws:cloudwatch:ap-south-2:716403252967:alarm:anjali-alankaram-db-connections-high",
            "comparison_operator": "GreaterThanThreshold",
            "datapoints_to_alarm": 0,
            "dimensions": {
              "DBInstanceIdentifier": "anjali-alankaram-db-wiped"
            },
            "evaluate_low_sample_count_percentiles": "",
            "evaluation_periods": 3,
            "extended_statistic": "",
            "id": "anjali-alankaram-db-connections-high",
            "insufficient_data_actions": [],
            "metric_name": "DatabaseConnections",
            "metric_query": [],
            "namespace": "AWS/RDS",
            "ok_actions": [
              "arn:aws:sns:ap-south-2:716403252967:anjali-alankaram-alerts"
            ],
            "period": 60,
            "statistic": "Average",
            "tags": {
              "CostCenter": "Production",
              "Environment": "production",
              "ManagedBy": "Terraform",
              "Project": "anjali-alankaram"
            },
            "tags_all": {
              "CostCenter": "Production",
              "Environment": "production",
              "ManagedBy": "Terraform",
              "Project": "anjali-alankaram"
            },
            "threshold": 150,
            "threshold_metric_id": "",
            "treat_missing_data": "notBreaching",
            "unit": ""
          },
          "sensitive_attributes": [],
          "identity_schema_version": 0,
          "private": "eyJzY2hlbWFfdmVyc2lvbiI6IjEifQ==",
          "dependencies": [
            "aws_sns_topic.alerts"
          ]
        }
      ]
    },
    {
      "mode": "managed",
      "type": "aws_cloudwatch_metric_alarm",
      "name": "db_storage_low",
      "provider": "provider[\"registry.terraform.io/hashicorp/aws\"]",
      "instances": [
        {
          "schema_version": 1,
          "attributes": {
            "actions_enabled": true,
            "alarm_actions": [
              "arn:aws:sns:ap-south-2:716403252967:anjali-alankaram-alerts"
            ],
            "alarm_description": "DB free storage \u003c 6 GB (storage at 80%). AWS will auto-scale but monitor closely.",
            "alarm_name": "anjali-alankaram-db-storage-low",
            "arn": "arn:aws:cloudwatch:ap-south-2:716403252967:alarm:anjali-alankaram-db-storage-low",
            "comparison_operator": "LessThanThreshold",
            "datapoints_to_alarm": 0,
            "dimensions": {
              "DBInstanceIdentifier": "anjali-alankaram-db-wiped"
            },
            "evaluate_low_sample_count_percentiles": "",
            "evaluation_periods": 1,
            "extended_statistic": "",
            "id": "anjali-alankaram-db-storage-low",
            "insufficient_data_actions": [],
            "metric_name": "FreeStorageSpace",
            "metric_query": [],
            "namespace": "AWS/RDS",
            "ok_actions": [
              "arn:aws:sns:ap-south-2:716403252967:anjali-alankaram-alerts"
            ],
            "period": 300,
            "statistic": "Average",
            "tags": {
              "CostCenter": "Production",
              "Environment": "production",
              "ManagedBy": "Terraform",
              "Project": "anjali-alankaram"
            },
            "tags_all": {
              "CostCenter": "Production",
              "Environment": "production",
              "ManagedBy": "Terraform",
              "Project": "anjali-alankaram"
            },
            "threshold": 6442450944,
            "threshold_metric_id": "",
            "treat_missing_data": "notBreaching",
            "unit": ""
          },
          "sensitive_attributes": [],
          "identity_schema_version": 0,
          "private": "eyJzY2hlbWFfdmVyc2lvbiI6IjEifQ==",
          "dependencies": [
            "aws_sns_topic.alerts"
          ]
        }
      ]
    },
    {
      "mode": "managed",
      "type": "aws_cloudwatch_metric_alarm",
      "name": "ecs_tasks_low",
      "provider": "provider[\"registry.terraform.io/hashicorp/aws\"]",
      "instances": [
        {
          "schema_version": 1,
          "attributes": {
            "actions_enabled": true,
            "alarm_actions": [
              "arn:aws:sns:ap-south-2:716403252967:anjali-alankaram-alerts"
            ],
            "alarm_description": "Running backend tasks \u003c 1. Backend service is completely offline! Check ECS for failures.",
            "alarm_name": "anjali-alankaram-ecs-tasks-below-minimum",
            "arn": "arn:aws:cloudwatch:ap-south-2:716403252967:alarm:anjali-alankaram-ecs-tasks-below-minimum",
            "comparison_operator": "LessThanThreshold",
            "datapoints_to_alarm": 0,
            "dimensions": {
              "ClusterName": "anjali-alankaram-cluster",
              "ServiceName": "anjali-alankaram-backend-service"
            },
            "evaluate_low_sample_count_percentiles": "",
            "evaluation_periods": 2,
            "extended_statistic": "",
            "id": "anjali-alankaram-ecs-tasks-below-minimum",
            "insufficient_data_actions": [],
            "metric_name": "RunningTaskCount",
            "metric_query": [],
            "namespace": "ECS/ContainerInsights",
            "ok_actions": [
              "arn:aws:sns:ap-south-2:716403252967:anjali-alankaram-alerts"
            ],
            "period": 60,
            "statistic": "Average",
            "tags": {
              "CostCenter": "Production",
              "Environment": "production",
              "ManagedBy": "Terraform",
              "Project": "anjali-alankaram"
            },
            "tags_all": {
              "CostCenter": "Production",
              "Environment": "production",
              "ManagedBy": "Terraform",
              "Project": "anjali-alankaram"
            },
            "threshold": 1,
            "threshold_metric_id": "",
            "treat_missing_data": "breaching",
            "unit": ""
          },
          "sensitive_attributes": [],
          "identity_schema_version": 0,
          "private": "eyJzY2hlbWFfdmVyc2lvbiI6IjEifQ==",
          "dependencies": [
            "aws_sns_topic.alerts"
          ]
        }
      ]
    },
    {
      "mode": "managed",
      "type": "aws_cloudwatch_metric_alarm",
      "name": "memory_high",
      "provider": "provider[\"registry.terraform.io/hashicorp/aws\"]",
      "instances": [
        {
          "schema_version": 1,
          "attributes": {
            "actions_enabled": true,
            "alarm_actions": [
              "arn:aws:sns:ap-south-2:716403252967:anjali-alankaram-alerts"
            ],
            "alarm_description": "Backend memory \u003e 80% for 5 min. Auto-scaling may trigger. Monitor closely.",
            "alarm_name": "anjali-alankaram-memory-high",
            "arn": "arn:aws:cloudwatch:ap-south-2:716403252967:alarm:anjali-alankaram-memory-high",
            "comparison_operator": "GreaterThanThreshold",
            "datapoints_to_alarm": 0,
            "dimensions": {
              "ClusterName": "anjali-alankaram-cluster",
              "ServiceName": "anjali-alankaram-backend-service"
            },
            "evaluate_low_sample_count_percentiles": "",
            "evaluation_periods": 5,
            "extended_statistic": "",
            "id": "anjali-alankaram-memory-high",
            "insufficient_data_actions": [],
            "metric_name": "MemoryUtilization",
            "metric_query": [],
            "namespace": "AWS/ECS",
            "ok_actions": [
              "arn:aws:sns:ap-south-2:716403252967:anjali-alankaram-alerts"
            ],
            "period": 60,
            "statistic": "Average",
            "tags": {
              "CostCenter": "Production",
              "Environment": "production",
              "ManagedBy": "Terraform",
              "Project": "anjali-alankaram"
            },
            "tags_all": {
              "CostCenter": "Production",
              "Environment": "production",
              "ManagedBy": "Terraform",
              "Project": "anjali-alankaram"
            },
            "threshold": 80,
            "threshold_metric_id": "",
            "treat_missing_data": "notBreaching",
            "unit": ""
          },
          "sensitive_attributes": [],
          "identity_schema_version": 0,
          "private": "eyJzY2hlbWFfdmVyc2lvbiI6IjEifQ==",
          "dependencies": [
            "aws_sns_topic.alerts"
          ]
        }
      ]
    },
    {
      "mode": "managed",
      "type": "aws_cloudwatch_metric_alarm",
      "name": "tier2_urgent",
      "provider": "provider[\"registry.terraform.io/hashicorp/aws\"]",
      "instances": [
        {
          "schema_version": 1,
          "attributes": {
            "actions_enabled": true,
            "alarm_actions": [
              "arn:aws:sns:ap-south-2:716403252967:anjali-alankaram-alerts"
            ],
            "alarm_description": "URGENT: Backend CPU \u003e 80% for 5 min. Upgrade to Tier 2 immediately!",
            "alarm_name": "anjali-alankaram-TIER2-URGENT-cpu-critical",
            "arn": "arn:aws:cloudwatch:ap-south-2:716403252967:alarm:anjali-alankaram-TIER2-URGENT-cpu-critical",
            "comparison_operator": "GreaterThanThreshold",
            "datapoints_to_alarm": 0,
            "dimensions": {
              "ClusterName": "anjali-alankaram-cluster",
              "ServiceName": "anjali-alankaram-backend-service"
            },
            "evaluate_low_sample_count_percentiles": "",
            "evaluation_periods": 5,
            "extended_statistic": "",
            "id": "anjali-alankaram-TIER2-URGENT-cpu-critical",
            "insufficient_data_actions": [],
            "metric_name": "CPUUtilization",
            "metric_query": [],
            "namespace": "AWS/ECS",
            "ok_actions": [
              "arn:aws:sns:ap-south-2:716403252967:anjali-alankaram-alerts"
            ],
            "period": 60,
            "statistic": "Average",
            "tags": {
              "CostCenter": "Production",
              "Environment": "production",
              "ManagedBy": "Terraform",
              "Project": "anjali-alankaram"
            },
            "tags_all": {
              "CostCenter": "Production",
              "Environment": "production",
              "ManagedBy": "Terraform",
              "Project": "anjali-alankaram"
            },
            "threshold": 80,
            "threshold_metric_id": "",
            "treat_missing_data": "notBreaching",
            "unit": ""
          },
          "sensitive_attributes": [],
          "identity_schema_version": 0,
          "private": "eyJzY2hlbWFfdmVyc2lvbiI6IjEifQ==",
          "dependencies": [
            "aws_sns_topic.alerts"
          ]
        }
      ]
    },
    {
      "mode": "managed",
      "type": "aws_cloudwatch_metric_alarm",
      "name": "tier2_warning",
      "provider": "provider[\"registry.terraform.io/hashicorp/aws\"]",
      "instances": [
        {
          "schema_version": 1,
          "attributes": {
            "actions_enabled": true,
            "alarm_actions": [
              "arn:aws:sns:ap-south-2:716403252967:anjali-alankaram-alerts"
            ],
            "alarm_description": "Backend CPU \u003e 60% for 10 min. Consider upgrading to Tier 2 (Rs 26,000/mo, 2000 users).",
            "alarm_name": "anjali-alankaram-TIER2-WARNING-cpu-high",
            "arn": "arn:aws:cloudwatch:ap-south-2:716403252967:alarm:anjali-alankaram-TIER2-WARNING-cpu-high",
            "comparison_operator": "GreaterThanThreshold",
            "datapoints_to_alarm": 0,
            "dimensions": {
              "ClusterName": "anjali-alankaram-cluster",
              "ServiceName": "anjali-alankaram-backend-service"
            },
            "evaluate_low_sample_count_percentiles": "",
            "evaluation_periods": 10,
            "extended_statistic": "",
            "id": "anjali-alankaram-TIER2-WARNING-cpu-high",
            "insufficient_data_actions": [],
            "metric_name": "CPUUtilization",
            "metric_query": [],
            "namespace": "AWS/ECS",
            "ok_actions": [
              "arn:aws:sns:ap-south-2:716403252967:anjali-alankaram-alerts"
            ],
            "period": 60,
            "statistic": "Average",
            "tags": {
              "CostCenter": "Production",
              "Environment": "production",
              "ManagedBy": "Terraform",
              "Project": "anjali-alankaram"
            },
            "tags_all": {
              "CostCenter": "Production",
              "Environment": "production",
              "ManagedBy": "Terraform",
              "Project": "anjali-alankaram"
            },
            "threshold": 60,
            "threshold_metric_id": "",
            "treat_missing_data": "notBreaching",
            "unit": ""
          },
          "sensitive_attributes": [],
          "identity_schema_version": 0,
          "private": "eyJzY2hlbWFfdmVyc2lvbiI6IjEifQ==",
          "dependencies": [
            "aws_sns_topic.alerts"
          ]
        }
      ]
    },
    {
      "mode": "managed",
      "type": "aws_iam_role",
      "name": "backup",
      "provider": "provider[\"registry.terraform.io/hashicorp/aws\"]",
      "instances": [
        {
          "schema_version": 0,
          "attributes": {
            "arn": "arn:aws:iam::716403252967:role/anjali-alankaram-backup-role",
            "assume_role_policy": "{\"Statement\":[{\"Action\":\"sts:AssumeRole\",\"Effect\":\"Allow\",\"Principal\":{\"Service\":\"backup.amazonaws.com\"}}],\"Version\":\"2012-10-17\"}",
            "create_date": "2026-07-11T15:45:07Z",
            "description": "",
            "force_detach_policies": false,
            "id": "anjali-alankaram-backup-role",
            "inline_policy": [],
            "managed_policy_arns": [
              "arn:aws:iam::aws:policy/service-role/AWSBackupServiceRolePolicyForBackup"
            ],
            "max_session_duration": 3600,
            "name": "anjali-alankaram-backup-role",
            "name_prefix": "",
            "path": "/",
            "permissions_boundary": "",
            "tags": {},
            "tags_all": {},
            "unique_id": "AROA2NTHWD3TRDJ7MKSHV"
          },
          "sensitive_attributes": [],
          "identity_schema_version": 0,
          "private": "bnVsbA=="
        }
      ]
    },
    {
      "mode": "managed",
      "type": "aws_iam_role",
      "name": "lambda_alerts",
      "provider": "provider[\"registry.terraform.io/hashicorp/aws\"]",
      "instances": [
        {
          "schema_version": 0,
          "attributes": {
            "arn": "arn:aws:iam::716403252967:role/anjali-alankaram-lambda-alerts-role",
            "assume_role_policy": "{\"Statement\":[{\"Action\":\"sts:AssumeRole\",\"Effect\":\"Allow\",\"Principal\":{\"Service\":\"lambda.amazonaws.com\"}}],\"Version\":\"2012-10-17\"}",
            "create_date": "2026-07-11T15:45:07Z",
            "description": "",
            "force_detach_policies": false,
            "id": "anjali-alankaram-lambda-alerts-role",
            "inline_policy": [
              {
                "name": "anjali-alankaram-lambda-ses-send",
                "policy": "{\"Version\":\"2012-10-17\",\"Statement\":[{\"Action\":[\"ses:SendEmail\",\"ses:SendRawEmail\"],\"Effect\":\"Allow\",\"Resource\":\"*\"}]}"
              }
            ],
            "managed_policy_arns": [
              "arn:aws:iam::aws:policy/service-role/AWSLambdaBasicExecutionRole"
            ],
            "max_session_duration": 3600,
            "name": "anjali-alankaram-lambda-alerts-role",
            "name_prefix": "",
            "path": "/",
            "permissions_boundary": "",
            "tags": {
              "CostCenter": "Production",
              "Environment": "production",
              "ManagedBy": "Terraform",
              "Project": "anjali-alankaram"
            },
            "tags_all": {
              "CostCenter": "Production",
              "Environment": "production",
              "ManagedBy": "Terraform",
              "Project": "anjali-alankaram"
            },
            "unique_id": "AROA2NTHWD3T6BJYZGSSB"
          },
          "sensitive_attributes": [],
          "identity_schema_version": 0,
          "private": "bnVsbA=="
        }
      ]
    },
    {
      "mode": "managed",
      "type": "aws_iam_role_policy",
      "name": "lambda_ses_send",
      "provider": "provider[\"registry.terraform.io/hashicorp/aws\"]",
      "instances": [
        {
          "schema_version": 0,
          "attributes": {
            "id": "anjali-alankaram-lambda-alerts-role:anjali-alankaram-lambda-ses-send",
            "name": "anjali-alankaram-lambda-ses-send",
            "name_prefix": "",
            "policy": "{\"Version\":\"2012-10-17\",\"Statement\":[{\"Action\":[\"ses:SendEmail\",\"ses:SendRawEmail\"],\"Effect\":\"Allow\",\"Resource\":\"*\"}]}",
            "role": "anjali-alankaram-lambda-alerts-role"
          },
          "sensitive_attributes": [],
          "identity_schema_version": 0,
          "private": "bnVsbA==",
          "dependencies": [
            "aws_iam_role.lambda_alerts"
          ]
        }
      ]
    },
    {
      "mode": "managed",
      "type": "aws_iam_role_policy_attachment",
      "name": "backup",
      "provider": "provider[\"registry.terraform.io/hashicorp/aws\"]",
      "instances": [
        {
          "schema_version": 0,
          "attributes": {
            "id": "anjali-alankaram-backup-role-20260711154508882200000007",
            "policy_arn": "arn:aws:iam::aws:policy/service-role/AWSBackupServiceRolePolicyForBackup",
            "role": "anjali-alankaram-backup-role"
          },
          "sensitive_attributes": [],
          "identity_schema_version": 0,
          "private": "bnVsbA==",
          "dependencies": [
            "aws_iam_role.backup"
          ]
        }
      ]
    },
    {
      "mode": "managed",
      "type": "aws_iam_role_policy_attachment",
      "name": "lambda_basic",
      "provider": "provider[\"registry.terraform.io/hashicorp/aws\"]",
      "instances": [
        {
          "schema_version": 0,
          "attributes": {
            "id": "anjali-alankaram-lambda-alerts-role-20260711154510126500000009",
            "policy_arn": "arn:aws:iam::aws:policy/service-role/AWSLambdaBasicExecutionRole",
            "role": "anjali-alankaram-lambda-alerts-role"
          },
          "sensitive_attributes": [],
          "identity_schema_version": 0,
          "private": "bnVsbA==",
          "dependencies": [
            "aws_iam_role.lambda_alerts"
          ]
        }
      ]
    },
    {
      "mode": "managed",
      "type": "aws_lambda_function",
      "name": "email_alert",
      "provider": "provider[\"registry.terraform.io/hashicorp/aws\"]",
      "instances": [
        {
          "schema_version": 0,
          "attributes": {
            "architectures": [
              "x86_64"
            ],
            "arn": "arn:aws:lambda:ap-south-2:716403252967:function:anjali-alankaram-email-alert",
            "code_sha256": "xnRfhfApC5qsEnxpKsxtSeBmBPWZYai8H3SmHHYyI6s=",
            "code_signing_config_arn": null,
            "dead_letter_config": [],
            "description": "",
            "environment": [],
            "ephemeral_storage": [
              {
                "size": 512
              }
            ],
            "file_system_config": [],
            "filename": "./lambda_src/email_alert.zip",
            "function_name": "anjali-alankaram-email-alert",
            "handler": "email_alert.handler",
            "id": "anjali-alankaram-email-alert",
            "image_config": [],
            "image_uri": "",
            "invoke_arn": "arn:aws:apigateway:ap-south-2:lambda:path/2015-03-31/functions/arn:aws:lambda:ap-south-2:716403252967:function:anjali-alankaram-email-alert/invocations",
            "kms_key_arn": "",
            "last_modified": "2026-07-11T15:45:19.762+0000",
            "layers": [],
            "logging_config": [
              {
                "application_log_level": "",
                "log_format": "Text",
                "log_group": "/aws/lambda/anjali-alankaram-email-alert",
                "system_log_level": ""
              }
            ],
            "memory_size": 128,
            "package_type": "Zip",
            "publish": false,
            "qualified_arn": "arn:aws:lambda:ap-south-2:716403252967:function:anjali-alankaram-email-alert:$LATEST",
            "qualified_invoke_arn": "arn:aws:apigateway:ap-south-2:lambda:path/2015-03-31/functions/arn:aws:lambda:ap-south-2:716403252967:function:anjali-alankaram-email-alert:$LATEST/invocations",
            "replace_security_groups_on_destroy": null,
            "replacement_security_group_ids": null,
            "reserved_concurrent_executions": -1,
            "role": "arn:aws:iam::716403252967:role/anjali-alankaram-lambda-alerts-role",
            "runtime": "python3.12",
            "s3_bucket": null,
            "s3_key": null,
            "s3_object_version": null,
            "signing_job_arn": "",
            "signing_profile_version_arn": "",
            "skip_destroy": false,
            "snap_start": [],
            "source_code_hash": "xnRfhfApC5qsEnxpKsxtSeBmBPWZYai8H3SmHHYyI6s=",
            "source_code_size": 3934,
            "tags": {
              "CostCenter": "Production",
              "Environment": "production",
              "ManagedBy": "Terraform",
              "Project": "anjali-alankaram"
            },
            "tags_all": {
              "CostCenter": "Production",
              "Environment": "production",
              "ManagedBy": "Terraform",
              "Project": "anjali-alankaram"
            },
            "timeout": 15,
            "timeouts": null,
            "tracing_config": [
              {
                "mode": "PassThrough"
              }
            ],
            "version": "$LATEST",
            "vpc_config": []
          },
          "sensitive_attributes": [],
          "identity_schema_version": 0,
          "private": "eyJlMmJmYjczMC1lY2FhLTExZTYtOGY4OC0zNDM2M2JjN2M0YzAiOnsiY3JlYXRlIjo2MDAwMDAwMDAwMDAsImRlbGV0ZSI6NjAwMDAwMDAwMDAwLCJ1cGRhdGUiOjYwMDAwMDAwMDAwMH19",
          "dependencies": [
            "aws_cloudwatch_log_group.lambda_email_alerts",
            "aws_iam_role.lambda_alerts",
            "data.archive_file.email_lambda_zip"
          ]
        }
      ]
    },
    {
      "mode": "managed",
      "type": "aws_lambda_function",
      "name": "whatsapp_alert",
      "provider": "provider[\"registry.terraform.io/hashicorp/aws\"]",
      "instances": [
        {
          "schema_version": 0,
          "attributes": {
            "architectures": [
              "x86_64"
            ],
            "arn": "arn:aws:lambda:ap-south-2:716403252967:function:anjali-alankaram-whatsapp-alert",
            "code_sha256": "HuLvkqL12/iPCoDj7/Cgc6NxIFMWIAy7vTiog9uHiaE=",
            "code_signing_config_arn": null,
            "dead_letter_config": [],
            "description": "",
            "environment": [
              {
                "variables": {
                  "CALLMEBOT_APIKEY": "SET_AFTER_CALLMEBOT_REGISTRATION"
                }
              }
            ],
            "ephemeral_storage": [
              {
                "size": 512
              }
            ],
            "file_system_config": [],
            "filename": "./lambda_src/whatsapp_alert.zip",
            "function_name": "anjali-alankaram-whatsapp-alert",
            "handler": "whatsapp_alert.handler",
            "id": "anjali-alankaram-whatsapp-alert",
            "image_config": [],
            "image_uri": "",
            "invoke_arn": "arn:aws:apigateway:ap-south-2:lambda:path/2015-03-31/functions/arn:aws:lambda:ap-south-2:716403252967:function:anjali-alankaram-whatsapp-alert/invocations",
            "kms_key_arn": "",
            "last_modified": "2026-07-11T15:45:13.847+0000",
            "layers": [],
            "logging_config": [
              {
                "application_log_level": "",
                "log_format": "Text",
                "log_group": "/aws/lambda/anjali-alankaram-whatsapp-alert",
                "system_log_level": ""
              }
            ],
            "memory_size": 128,
            "package_type": "Zip",
            "publish": false,
            "qualified_arn": "arn:aws:lambda:ap-south-2:716403252967:function:anjali-alankaram-whatsapp-alert:$LATEST",
            "qualified_invoke_arn": "arn:aws:apigateway:ap-south-2:lambda:path/2015-03-31/functions/arn:aws:lambda:ap-south-2:716403252967:function:anjali-alankaram-whatsapp-alert:$LATEST/invocations",
            "replace_security_groups_on_destroy": null,
            "replacement_security_group_ids": null,
            "reserved_concurrent_executions": -1,
            "role": "arn:aws:iam::716403252967:role/anjali-alankaram-lambda-alerts-role",
            "runtime": "python3.12",
            "s3_bucket": null,
            "s3_key": null,
            "s3_object_version": null,
            "signing_job_arn": "",
            "signing_profile_version_arn": "",
            "skip_destroy": false,
            "snap_start": [],
            "source_code_hash": "HuLvkqL12/iPCoDj7/Cgc6NxIFMWIAy7vTiog9uHiaE=",
            "source_code_size": 1345,
            "tags": {
              "CostCenter": "Production",
              "Environment": "production",
              "ManagedBy": "Terraform",
              "Project": "anjali-alankaram"
            },
            "tags_all": {
              "CostCenter": "Production",
              "Environment": "production",
              "ManagedBy": "Terraform",
              "Project": "anjali-alankaram"
            },
            "timeout": 15,
            "timeouts": null,
            "tracing_config": [
              {
                "mode": "PassThrough"
              }
            ],
            "version": "$LATEST",
            "vpc_config": []
          },
          "sensitive_attributes": [],
          "identity_schema_version": 0,
          "private": "eyJlMmJmYjczMC1lY2FhLTExZTYtOGY4OC0zNDM2M2JjN2M0YzAiOnsiY3JlYXRlIjo2MDAwMDAwMDAwMDAsImRlbGV0ZSI6NjAwMDAwMDAwMDAwLCJ1cGRhdGUiOjYwMDAwMDAwMDAwMH19",
          "dependencies": [
            "aws_cloudwatch_log_group.lambda_alerts_optimized",
            "aws_iam_role.lambda_alerts",
            "data.archive_file.whatsapp_lambda_zip"
          ]
        }
      ]
    },
    {
      "mode": "managed",
      "type": "aws_lambda_permission",
      "name": "allow_sns",
      "provider": "provider[\"registry.terraform.io/hashicorp/aws\"]",
      "instances": [
        {
          "schema_version": 0,
          "attributes": {
            "action": "lambda:InvokeFunction",
            "event_source_token": null,
            "function_name": "anjali-alankaram-whatsapp-alert",
            "function_url_auth_type": null,
            "id": "AllowSNSInvoke",
            "principal": "sns.amazonaws.com",
            "principal_org_id": null,
            "qualifier": "",
            "source_account": null,
            "source_arn": "arn:aws:sns:ap-south-2:716403252967:anjali-alankaram-alerts",
            "statement_id": "AllowSNSInvoke",
            "statement_id_prefix": ""
          },
          "sensitive_attributes": [],
          "identity_schema_version": 0,
          "private": "bnVsbA==",
          "dependencies": [
            "aws_cloudwatch_log_group.lambda_alerts_optimized",
            "aws_iam_role.lambda_alerts",
            "aws_lambda_function.whatsapp_alert",
            "aws_sns_topic.alerts",
            "data.archive_file.whatsapp_lambda_zip"
          ]
        }
      ]
    },
    {
      "mode": "managed",
      "type": "aws_lambda_permission",
      "name": "allow_sns_email",
      "provider": "provider[\"registry.terraform.io/hashicorp/aws\"]",
      "instances": [
        {
          "schema_version": 0,
          "attributes": {
            "action": "lambda:InvokeFunction",
            "event_source_token": null,
            "function_name": "anjali-alankaram-email-alert",
            "function_url_auth_type": null,
            "id": "AllowSNSInvokeEmail",
            "principal": "sns.amazonaws.com",
            "principal_org_id": null,
            "qualifier": "",
            "source_account": null,
            "source_arn": "arn:aws:sns:ap-south-2:716403252967:anjali-alankaram-alerts",
            "statement_id": "AllowSNSInvokeEmail",
            "statement_id_prefix": ""
          },
          "sensitive_attributes": [],
          "identity_schema_version": 0,
          "private": "bnVsbA==",
          "dependencies": [
            "aws_cloudwatch_log_group.lambda_email_alerts",
            "aws_iam_role.lambda_alerts",
            "aws_lambda_function.email_alert",
            "aws_sns_topic.alerts",
            "data.archive_file.email_lambda_zip"
          ]
        }
      ]
    },
    {
      "mode": "managed",
      "type": "aws_route53_record",
      "name": "cloudfront_root",
      "provider": "provider[\"registry.terraform.io/hashicorp/aws\"]",
      "instances": [
        {
          "index_key": 0,
          "schema_version": 2,
          "attributes": {
            "alias": [
              {
                "evaluate_target_health": false,
                "name": "d3nim2qyod728p.cloudfront.net",
                "zone_id": "Z2FDTNDATAQYW2"
              }
            ],
            "allow_overwrite": null,
            "cidr_routing_policy": [],
            "failover_routing_policy": [],
            "fqdn": "anjalialankaram.com",
            "geolocation_routing_policy": [],
            "geoproximity_routing_policy": [],
            "health_check_id": "",
            "id": "Z05681122OUJX1RZ7LP21_anjalialankaram.com_A",
            "latency_routing_policy": [],
            "multivalue_answer_routing_policy": false,
            "name": "anjalialankaram.com",
            "records": null,
            "set_identifier": "",
            "timeouts": null,
            "ttl": 0,
            "type": "A",
            "weighted_routing_policy": [],
            "zone_id": "Z05681122OUJX1RZ7LP21"
          },
          "sensitive_attributes": [],
          "identity_schema_version": 0,
          "private": "eyJlMmJmYjczMC1lY2FhLTExZTYtOGY4OC0zNDM2M2JjN2M0YzAiOnsiY3JlYXRlIjoxODAwMDAwMDAwMDAwLCJkZWxldGUiOjE4MDAwMDAwMDAwMDAsInVwZGF0ZSI6MTgwMDAwMDAwMDAwMH0sInNjaGVtYV92ZXJzaW9uIjoiMiJ9",
          "dependencies": [
            "aws_apigatewayv2_api.http_api",
            "aws_cloudfront_distribution.cdn",
            "aws_cloudfront_function.security_headers",
            "aws_route53_zone.main",
            "aws_s3_bucket.assets",
            "aws_wafv2_web_acl.cdn",
            "data.aws_caller_identity.current",
            "module.alb.aws_lb.main",
            "module.security.aws_security_group.alb",
            "module.vpc.aws_subnet.public",
            "module.vpc.aws_vpc.main"
          ]
        }
      ]
    },
    {
      "mode": "managed",
      "type": "aws_route53_record",
      "name": "cloudfront_www",
      "provider": "provider[\"registry.terraform.io/hashicorp/aws\"]",
      "instances": [
        {
          "index_key": 0,
          "schema_version": 2,
          "attributes": {
            "alias": [
              {
                "evaluate_target_health": false,
                "name": "d3nim2qyod728p.cloudfront.net",
                "zone_id": "Z2FDTNDATAQYW2"
              }
            ],
            "allow_overwrite": null,
            "cidr_routing_policy": [],
            "failover_routing_policy": [],
            "fqdn": "www.anjalialankaram.com",
            "geolocation_routing_policy": [],
            "geoproximity_routing_policy": [],
            "health_check_id": "",
            "id": "Z05681122OUJX1RZ7LP21_www.anjalialankaram.com_A",
            "latency_routing_policy": [],
            "multivalue_answer_routing_policy": false,
            "name": "www.anjalialankaram.com",
            "records": null,
            "set_identifier": "",
            "timeouts": null,
            "ttl": 0,
            "type": "A",
            "weighted_routing_policy": [],
            "zone_id": "Z05681122OUJX1RZ7LP21"
          },
          "sensitive_attributes": [],
          "identity_schema_version": 0,
          "private": "eyJlMmJmYjczMC1lY2FhLTExZTYtOGY4OC0zNDM2M2JjN2M0YzAiOnsiY3JlYXRlIjoxODAwMDAwMDAwMDAwLCJkZWxldGUiOjE4MDAwMDAwMDAwMDAsInVwZGF0ZSI6MTgwMDAwMDAwMDAwMH0sInNjaGVtYV92ZXJzaW9uIjoiMiJ9",
          "dependencies": [
            "aws_apigatewayv2_api.http_api",
            "aws_cloudfront_distribution.cdn",
            "aws_cloudfront_function.security_headers",
            "aws_route53_zone.main",
            "aws_s3_bucket.assets",
            "aws_wafv2_web_acl.cdn",
            "data.aws_caller_identity.current",
            "module.alb.aws_lb.main",
            "module.security.aws_security_group.alb",
            "module.vpc.aws_subnet.public",
            "module.vpc.aws_vpc.main"
          ]
        }
      ]
    },
    {
      "mode": "managed",
      "type": "aws_route53_record",
      "name": "dmarc",
      "provider": "provider[\"registry.terraform.io/hashicorp/aws\"]",
      "instances": [
        {
          "index_key": 0,
          "schema_version": 2,
          "attributes": {
            "alias": [],
            "allow_overwrite": null,
            "cidr_routing_policy": [],
            "failover_routing_policy": [],
            "fqdn": "_dmarc.anjalialankaram.com",
            "geolocation_routing_policy": [],
            "geoproximity_routing_policy": [],
            "health_check_id": "",
            "id": "Z05681122OUJX1RZ7LP21__dmarc.anjalialankaram.com_TXT",
            "latency_routing_policy": [],
            "multivalue_answer_routing_policy": false,
            "name": "_dmarc.anjalialankaram.com",
            "records": [
              "v=DMARC1; p=none; rua=mailto:jagadishvarma99@gmail.com; ruf=mailto:jagadishvarma99@gmail.com; fo=1"
            ],
            "set_identifier": "",
            "timeouts": null,
            "ttl": 600,
            "type": "TXT",
            "weighted_routing_policy": [],
            "zone_id": "Z05681122OUJX1RZ7LP21"
          },
          "sensitive_attributes": [],
          "identity_schema_version": 0,
          "private": "eyJlMmJmYjczMC1lY2FhLTExZTYtOGY4OC0zNDM2M2JjN2M0YzAiOnsiY3JlYXRlIjoxODAwMDAwMDAwMDAwLCJkZWxldGUiOjE4MDAwMDAwMDAwMDAsInVwZGF0ZSI6MTgwMDAwMDAwMDAwMH0sInNjaGVtYV92ZXJzaW9uIjoiMiJ9",
          "dependencies": [
            "aws_route53_zone.main"
          ]
        }
      ]
    },
    {
      "mode": "managed",
      "type": "aws_route53_record",
      "name": "ses_dkim",
      "provider": "provider[\"registry.terraform.io/hashicorp/aws\"]",
      "instances": [
        {
          "index_key": 0,
          "schema_version": 2,
          "attributes": {
            "alias": [],
            "allow_overwrite": null,
            "cidr_routing_policy": [],
            "failover_routing_policy": [],
            "fqdn": "owjhzugniovfn2ltedbg3duxxcqe4wys._domainkey.anjalialankaram.com",
            "geolocation_routing_policy": [],
            "geoproximity_routing_policy": [],
            "health_check_id": "",
            "id": "Z05681122OUJX1RZ7LP21_owjhzugniovfn2ltedbg3duxxcqe4wys._domainkey.anjalialankaram.com_CNAME",
            "latency_routing_policy": [],
            "multivalue_answer_routing_policy": false,
            "name": "owjhzugniovfn2ltedbg3duxxcqe4wys._domainkey.anjalialankaram.com",
            "records": [
              "owjhzugniovfn2ltedbg3duxxcqe4wys.dkim.amazonses.com"
            ],
            "set_identifier": "",
            "timeouts": null,
            "ttl": 600,
            "type": "CNAME",
            "weighted_routing_policy": [],
            "zone_id": "Z05681122OUJX1RZ7LP21"
          },
          "sensitive_attributes": [],
          "identity_schema_version": 0,
          "private": "eyJlMmJmYjczMC1lY2FhLTExZTYtOGY4OC0zNDM2M2JjN2M0YzAiOnsiY3JlYXRlIjoxODAwMDAwMDAwMDAwLCJkZWxldGUiOjE4MDAwMDAwMDAwMDAsInVwZGF0ZSI6MTgwMDAwMDAwMDAwMH0sInNjaGVtYV92ZXJzaW9uIjoiMiJ9",
          "dependencies": [
            "aws_route53_zone.main",
            "aws_ses_domain_dkim.main",
            "aws_ses_domain_identity.main"
          ]
        },
        {
          "index_key": 1,
          "schema_version": 2,
          "attributes": {
            "alias": [],
            "allow_overwrite": null,
            "cidr_routing_policy": [],
            "failover_routing_policy": [],
            "fqdn": "uad2psv7asoipv4cz3iz6qtc2rghhqec._domainkey.anjalialankaram.com",
            "geolocation_routing_policy": [],
            "geoproximity_routing_policy": [],
            "health_check_id": "",
            "id": "Z05681122OUJX1RZ7LP21_uad2psv7asoipv4cz3iz6qtc2rghhqec._domainkey.anjalialankaram.com_CNAME",
            "latency_routing_policy": [],
            "multivalue_answer_routing_policy": false,
            "name": "uad2psv7asoipv4cz3iz6qtc2rghhqec._domainkey.anjalialankaram.com",
            "records": [
              "uad2psv7asoipv4cz3iz6qtc2rghhqec.dkim.amazonses.com"
            ],
            "set_identifier": "",
            "timeouts": null,
            "ttl": 600,
            "type": "CNAME",
            "weighted_routing_policy": [],
            "zone_id": "Z05681122OUJX1RZ7LP21"
          },
          "sensitive_attributes": [],
          "identity_schema_version": 0,
          "private": "eyJlMmJmYjczMC1lY2FhLTExZTYtOGY4OC0zNDM2M2JjN2M0YzAiOnsiY3JlYXRlIjoxODAwMDAwMDAwMDAwLCJkZWxldGUiOjE4MDAwMDAwMDAwMDAsInVwZGF0ZSI6MTgwMDAwMDAwMDAwMH0sInNjaGVtYV92ZXJzaW9uIjoiMiJ9",
          "dependencies": [
            "aws_route53_zone.main",
            "aws_ses_domain_dkim.main",
            "aws_ses_domain_identity.main"
          ]
        },
        {
          "index_key": 2,
          "schema_version": 2,
          "attributes": {
            "alias": [],
            "allow_overwrite": null,
            "cidr_routing_policy": [],
            "failover_routing_policy": [],
            "fqdn": "idaj6w56sczfocscisirx7d7uncv4rq5._domainkey.anjalialankaram.com",
            "geolocation_routing_policy": [],
            "geoproximity_routing_policy": [],
            "health_check_id": "",
            "id": "Z05681122OUJX1RZ7LP21_idaj6w56sczfocscisirx7d7uncv4rq5._domainkey.anjalialankaram.com_CNAME",
            "latency_routing_policy": [],
            "multivalue_answer_routing_policy": false,
            "name": "idaj6w56sczfocscisirx7d7uncv4rq5._domainkey.anjalialankaram.com",
            "records": [
              "idaj6w56sczfocscisirx7d7uncv4rq5.dkim.amazonses.com"
            ],
            "set_identifier": "",
            "timeouts": null,
            "ttl": 600,
            "type": "CNAME",
            "weighted_routing_policy": [],
            "zone_id": "Z05681122OUJX1RZ7LP21"
          },
          "sensitive_attributes": [],
          "identity_schema_version": 0,
          "private": "eyJlMmJmYjczMC1lY2FhLTExZTYtOGY4OC0zNDM2M2JjN2M0YzAiOnsiY3JlYXRlIjoxODAwMDAwMDAwMDAwLCJkZWxldGUiOjE4MDAwMDAwMDAwMDAsInVwZGF0ZSI6MTgwMDAwMDAwMDAwMH0sInNjaGVtYV92ZXJzaW9uIjoiMiJ9",
          "dependencies": [
            "aws_route53_zone.main",
            "aws_ses_domain_dkim.main",
            "aws_ses_domain_identity.main"
          ]
        }
      ]
    },
    {
      "mode": "managed",
      "type": "aws_route53_record",
      "name": "ses_verification",
      "provider": "provider[\"registry.terraform.io/hashicorp/aws\"]",
      "instances": [
        {
          "index_key": 0,
          "schema_version": 2,
          "attributes": {
            "alias": [],
            "allow_overwrite": null,
            "cidr_routing_policy": [],
            "failover_routing_policy": [],
            "fqdn": "_amazonses.anjalialankaram.com",
            "geolocation_routing_policy": [],
            "geoproximity_routing_policy": [],
            "health_check_id": "",
            "id": "Z05681122OUJX1RZ7LP21__amazonses.anjalialankaram.com_TXT",
            "latency_routing_policy": [],
            "multivalue_answer_routing_policy": false,
            "name": "_amazonses.anjalialankaram.com",
            "records": [
              "2eeY+q3GJM+FME4VuQAJzsAedVi2qiIE9aYGbK4oY0U="
            ],
            "set_identifier": "",
            "timeouts": null,
            "ttl": 600,
            "type": "TXT",
            "weighted_routing_policy": [],
            "zone_id": "Z05681122OUJX1RZ7LP21"
          },
          "sensitive_attributes": [],
          "identity_schema_version": 0,
          "private": "eyJlMmJmYjczMC1lY2FhLTExZTYtOGY4OC0zNDM2M2JjN2M0YzAiOnsiY3JlYXRlIjoxODAwMDAwMDAwMDAwLCJkZWxldGUiOjE4MDAwMDAwMDAwMDAsInVwZGF0ZSI6MTgwMDAwMDAwMDAwMH0sInNjaGVtYV92ZXJzaW9uIjoiMiJ9",
          "dependencies": [
            "aws_route53_zone.main",
            "aws_ses_domain_identity.main"
          ]
        }
      ]
    },
    {
      "mode": "managed",
      "type": "aws_route53_record",
      "name": "spf",
      "provider": "provider[\"registry.terraform.io/hashicorp/aws\"]",
      "instances": [
        {
          "index_key": 0,
          "schema_version": 2,
          "attributes": {
            "alias": [],
            "allow_overwrite": null,
            "cidr_routing_policy": [],
            "failover_routing_policy": [],
            "fqdn": "anjalialankaram.com",
            "geolocation_routing_policy": [],
            "geoproximity_routing_policy": [],
            "health_check_id": "",
            "id": "Z05681122OUJX1RZ7LP21_anjalialankaram.com_TXT",
            "latency_routing_policy": [],
            "multivalue_answer_routing_policy": false,
            "name": "anjalialankaram.com",
            "records": [
              "v=spf1 include:amazonses.com ~all"
            ],
            "set_identifier": "",
            "timeouts": null,
            "ttl": 600,
            "type": "TXT",
            "weighted_routing_policy": [],
            "zone_id": "Z05681122OUJX1RZ7LP21"
          },
          "sensitive_attributes": [],
          "identity_schema_version": 0,
          "private": "eyJlMmJmYjczMC1lY2FhLTExZTYtOGY4OC0zNDM2M2JjN2M0YzAiOnsiY3JlYXRlIjoxODAwMDAwMDAwMDAwLCJkZWxldGUiOjE4MDAwMDAwMDAwMDAsInVwZGF0ZSI6MTgwMDAwMDAwMDAwMH0sInNjaGVtYV92ZXJzaW9uIjoiMiJ9",
          "dependencies": [
            "aws_route53_zone.main"
          ]
        }
      ]
    },
    {
      "mode": "managed",
      "type": "aws_route53_zone",
      "name": "main",
      "provider": "provider[\"registry.terraform.io/hashicorp/aws\"]",
      "instances": [
        {
          "index_key": 0,
          "schema_version": 0,
          "attributes": {
            "arn": "arn:aws:route53:::hostedzone/Z05681122OUJX1RZ7LP21",
            "comment": "Managed by Terraform",
            "delegation_set_id": "",
            "force_destroy": false,
            "id": "Z05681122OUJX1RZ7LP21",
            "name": "anjalialankaram.com",
            "name_servers": [
              "ns-1194.awsdns-21.org",
              "ns-2003.awsdns-58.co.uk",
              "ns-491.awsdns-61.com",
              "ns-871.awsdns-44.net"
            ],
            "primary_name_server": "ns-2003.awsdns-58.co.uk",
            "tags": {
              "CostCenter": "Production",
              "Environment": "production",
              "ManagedBy": "Terraform",
              "Project": "anjali-alankaram"
            },
            "tags_all": {
              "CostCenter": "Production",
              "Environment": "production",
              "ManagedBy": "Terraform",
              "Project": "anjali-alankaram"
            },
            "timeouts": null,
            "vpc": [],
            "zone_id": "Z05681122OUJX1RZ7LP21"
          },
          "sensitive_attributes": [],
          "identity_schema_version": 0,
          "private": "eyJlMmJmYjczMC1lY2FhLTExZTYtOGY4OC0zNDM2M2JjN2M0YzAiOnsiY3JlYXRlIjoxODAwMDAwMDAwMDAwLCJkZWxldGUiOjE4MDAwMDAwMDAwMDAsInVwZGF0ZSI6MTgwMDAwMDAwMDAwMH19"
        }
      ]
    },
    {
      "mode": "managed",
      "type": "aws_s3_bucket",
      "name": "assets",
      "provider": "provider[\"registry.terraform.io/hashicorp/aws\"]",
      "instances": [
        {
          "schema_version": 0,
          "attributes": {
            "acceleration_status": "",
            "acl": null,
            "arn": "arn:aws:s3:::anjali-alankaram-assets-716403252967",
            "bucket": "anjali-alankaram-assets-716403252967",
            "bucket_domain_name": "anjali-alankaram-assets-716403252967.s3.amazonaws.com",
            "bucket_prefix": "",
            "bucket_regional_domain_name": "anjali-alankaram-assets-716403252967.s3.ap-south-2.amazonaws.com",
            "cors_rule": [
              {
                "allowed_headers": [
                  "*"
                ],
                "allowed_methods": [
                  "GET",
                  "HEAD"
                ],
                "allowed_origins": [
                  "*"
                ],
                "expose_headers": [
                  "ETag",
                  "Content-Type",
                  "Content-Length",
                  "Access-Control-Allow-Origin"
                ],
                "max_age_seconds": 86400
              }
            ],
            "force_destroy": true,
            "grant": [
              {
                "id": "092d1c0628966607c23866498b0cdf362e205cb9dddab32e634e5c4bc663ee8c",
                "permissions": [
                  "FULL_CONTROL"
                ],
                "type": "CanonicalUser",
                "uri": ""
              }
            ],
            "hosted_zone_id": "Z02976202B4EZMXIPMXF7",
            "id": "anjali-alankaram-assets-716403252967",
            "lifecycle_rule": [
              {
                "abort_incomplete_multipart_upload_days": 0,
                "enabled": true,
                "expiration": [
                  {
                    "date": "",
                    "days": 2,
                    "expired_object_delete_marker": false
                  }
                ],
                "id": "cleanup-temp-ai-images",
                "noncurrent_version_expiration": [
                  {
                    "days": 1
                  }
                ],
                "noncurrent_version_transition": [],
                "prefix": "temp-ai-images/",
                "tags": {},
                "transition": []
              },
              {
                "abort_incomplete_multipart_upload_days": 0,
                "enabled": true,
                "expiration": [],
                "id": "products-tiering",
                "noncurrent_version_expiration": [
                  {
                    "days": 30
                  }
                ],
                "noncurrent_version_transition": [],
                "prefix": "products/",
                "tags": {},
                "transition": [
                  {
                    "date": "",
                    "days": 365,
                    "storage_class": "GLACIER_IR"
                  },
                  {
                    "date": "",
                    "days": 90,
                    "storage_class": "STANDARD_IA"
                  }
                ]
              },
              {
                "abort_incomplete_multipart_upload_days": 0,
                "enabled": true,
                "expiration": [
                  {
                    "date": "",
                    "days": 90,
                    "expired_object_delete_marker": false
                  }
                ],
                "id": "cleanup-logs-retention",
                "noncurrent_version_expiration": [],
                "noncurrent_version_transition": [],
                "prefix": "cleanup-logs/",
                "tags": {},
                "transition": []
              },
              {
                "abort_incomplete_multipart_upload_days": 7,
                "enabled": true,
                "expiration": [],
                "id": "abort-incomplete-uploads",
                "noncurrent_version_expiration": [],
                "noncurrent_version_transition": [],
                "prefix": "",
                "tags": {},
                "transition": []
              },
              {
                "abort_incomplete_multipart_upload_days": 0,
                "enabled": true,
                "expiration": [],
                "id": "videos-tiering",
                "noncurrent_version_expiration": [
                  {
                    "days": 30
                  }
                ],
                "noncurrent_version_transition": [],
                "prefix": "videos/",
                "tags": {},
                "transition": [
                  {
                    "date": "",
                    "days": 180,
                    "storage_class": "STANDARD_IA"
                  }
                ]
              }
            ],
            "logging": [],
            "object_lock_configuration": [],
            "object_lock_enabled": false,
            "policy": "{\"Statement\":[{\"Action\":\"s3:GetObject\",\"Effect\":\"Allow\",\"Principal\":\"*\",\"Resource\":\"arn:aws:s3:::anjali-alankaram-assets-716403252967/*\",\"Sid\":\"PublicReadGetObject\"}],\"Version\":\"2012-10-17\"}",
            "region": "ap-south-2",
            "replication_configuration": [],
            "request_payer": "BucketOwner",
            "server_side_encryption_configuration": [
              {
                "rule": [
                  {
                    "apply_server_side_encryption_by_default": [
                      {
                        "kms_master_key_id": "",
                        "sse_algorithm": "AES256"
                      }
                    ],
                    "bucket_key_enabled": true
                  }
                ]
              }
            ],
            "tags": {
              "CostCenter": "Production",
              "Environment": "production",
              "ManagedBy": "Terraform",
              "Project": "anjali-alankaram"
            },
            "tags_all": {
              "CostCenter": "Production",
              "Environment": "production",
              "ManagedBy": "Terraform",
              "Project": "anjali-alankaram"
            },
            "timeouts": null,
            "versioning": [
              {
                "enabled": true,
                "mfa_delete": false
              }
            ],
            "website": [],
            "website_domain": null,
            "website_endpoint": null
          },
          "sensitive_attributes": [],
          "identity_schema_version": 0,
          "private": "eyJlMmJmYjczMC1lY2FhLTExZTYtOGY4OC0zNDM2M2JjN2M0YzAiOnsiY3JlYXRlIjoxMjAwMDAwMDAwMDAwLCJkZWxldGUiOjM2MDAwMDAwMDAwMDAsInJlYWQiOjEyMDAwMDAwMDAwMDAsInVwZGF0ZSI6MTIwMDAwMDAwMDAwMH19",
          "dependencies": [
            "data.aws_caller_identity.current"
          ]
        }
      ]
    },
    {
      "mode": "managed",
      "type": "aws_s3_bucket_lifecycle_configuration",
      "name": "assets",
      "provider": "provider[\"registry.terraform.io/hashicorp/aws\"]",
      "instances": [
        {
          "schema_version": 1,
          "attributes": {
            "bucket": "anjali-alankaram-assets-716403252967",
            "expected_bucket_owner": "",
            "id": "anjali-alankaram-assets-716403252967",
            "rule": [
              {
                "abort_incomplete_multipart_upload": [],
                "expiration": [
                  {
                    "date": null,
                    "days": 2,
                    "expired_object_delete_marker": false
                  }
                ],
                "filter": [
                  {
                    "and": [],
                    "object_size_greater_than": null,
                    "object_size_less_than": null,
                    "prefix": "temp-ai-images/",
                    "tag": []
                  }
                ],
                "id": "cleanup-temp-ai-images",
                "noncurrent_version_expiration": [
                  {
                    "newer_noncurrent_versions": null,
                    "noncurrent_days": 1
                  }
                ],
                "noncurrent_version_transition": [],
                "prefix": "",
                "status": "Enabled",
                "transition": []
              },
              {
                "abort_incomplete_multipart_upload": [],
                "expiration": [],
                "filter": [
                  {
                    "and": [],
                    "object_size_greater_than": null,
                    "object_size_less_than": null,
                    "prefix": "products/",
                    "tag": []
                  }
                ],
                "id": "products-tiering",
                "noncurrent_version_expiration": [
                  {
                    "newer_noncurrent_versions": null,
                    "noncurrent_days": 30
                  }
                ],
                "noncurrent_version_transition": [],
                "prefix": "",
                "status": "Enabled",
                "transition": [
                  {
                    "date": null,
                    "days": 365,
                    "storage_class": "GLACIER_IR"
                  },
                  {
                    "date": null,
                    "days": 90,
                    "storage_class": "STANDARD_IA"
                  }
                ]
              },
              {
                "abort_incomplete_multipart_upload": [],
                "expiration": [
                  {
                    "date": null,
                    "days": 90,
                    "expired_object_delete_marker": false
                  }
                ],
                "filter": [
                  {
                    "and": [],
                    "object_size_greater_than": null,
                    "object_size_less_than": null,
                    "prefix": "cleanup-logs/",
                    "tag": []
                  }
                ],
                "id": "cleanup-logs-retention",
                "noncurrent_version_expiration": [],
                "noncurrent_version_transition": [],
                "prefix": "",
                "status": "Enabled",
                "transition": []
              },
              {
                "abort_incomplete_multipart_upload": [
                  {
                    "days_after_initiation": 7
                  }
                ],
                "expiration": [],
                "filter": [
                  {
                    "and": [],
                    "object_size_greater_than": null,
                    "object_size_less_than": null,
                    "prefix": "",
                    "tag": []
                  }
                ],
                "id": "abort-incomplete-uploads",
                "noncurrent_version_expiration": [],
                "noncurrent_version_transition": [],
                "prefix": "",
                "status": "Enabled",
                "transition": []
              },
              {
                "abort_incomplete_multipart_upload": [],
                "expiration": [],
                "filter": [
                  {
                    "and": [],
                    "object_size_greater_than": null,
                    "object_size_less_than": null,
                    "prefix": "videos/",
                    "tag": []
                  }
                ],
                "id": "videos-tiering",
                "noncurrent_version_expiration": [
                  {
                    "newer_noncurrent_versions": null,
                    "noncurrent_days": 30
                  }
                ],
                "noncurrent_version_transition": [],
                "prefix": "",
                "status": "Enabled",
                "transition": [
                  {
                    "date": null,
                    "days": 180,
                    "storage_class": "STANDARD_IA"
                  }
                ]
              }
            ],
            "timeouts": null,
            "transition_default_minimum_object_size": "all_storage_classes_128K"
          },
          "sensitive_attributes": [],
          "identity_schema_version": 0,
          "dependencies": [
            "aws_s3_bucket.assets",
            "data.aws_caller_identity.current"
          ]
        }
      ]
    },
    {
      "mode": "managed",
      "type": "aws_s3_bucket_policy",
      "name": "public_read",
      "provider": "provider[\"registry.terraform.io/hashicorp/aws\"]",
      "instances": [
        {
          "schema_version": 0,
          "attributes": {
            "bucket": "anjali-alankaram-assets-716403252967",
            "id": "anjali-alankaram-assets-716403252967",
            "policy": "{\"Statement\":[{\"Action\":\"s3:GetObject\",\"Effect\":\"Allow\",\"Principal\":\"*\",\"Resource\":\"arn:aws:s3:::anjali-alankaram-assets-716403252967/*\",\"Sid\":\"PublicReadGetObject\"}],\"Version\":\"2012-10-17\"}"
          },
          "sensitive_attributes": [],
          "identity_schema_version": 0,
          "private": "bnVsbA==",
          "dependencies": [
            "aws_s3_bucket.assets",
            "aws_s3_bucket_public_access_block.assets",
            "data.aws_caller_identity.current"
          ]
        }
      ]
    },
    {
      "mode": "managed",
      "type": "aws_s3_bucket_public_access_block",
      "name": "assets",
      "provider": "provider[\"registry.terraform.io/hashicorp/aws\"]",
      "instances": [
        {
          "schema_version": 0,
          "attributes": {
            "block_public_acls": false,
            "block_public_policy": false,
            "bucket": "anjali-alankaram-assets-716403252967",
            "id": "anjali-alankaram-assets-716403252967",
            "ignore_public_acls": false,
            "restrict_public_buckets": false
          },
          "sensitive_attributes": [],
          "identity_schema_version": 0,
          "private": "bnVsbA==",
          "dependencies": [
            "aws_s3_bucket.assets",
            "data.aws_caller_identity.current"
          ]
        }
      ]
    },
    {
      "mode": "managed",
      "type": "aws_s3_bucket_server_side_encryption_configuration",
      "name": "assets",
      "provider": "provider[\"registry.terraform.io/hashicorp/aws\"]",
      "instances": [
        {
          "schema_version": 0,
          "attributes": {
            "bucket": "anjali-alankaram-assets-716403252967",
            "expected_bucket_owner": "",
            "id": "anjali-alankaram-assets-716403252967",
            "rule": [
              {
                "apply_server_side_encryption_by_default": [
                  {
                    "kms_master_key_id": "",
                    "sse_algorithm": "AES256"
                  }
                ],
                "bucket_key_enabled": true
              }
            ]
          },
          "sensitive_attributes": [],
          "identity_schema_version": 0,
          "private": "bnVsbA==",
          "dependencies": [
            "aws_s3_bucket.assets",
            "data.aws_caller_identity.current"
          ]
        }
      ]
    },
    {
      "mode": "managed",
      "type": "aws_s3_bucket_versioning",
      "name": "assets",
      "provider": "provider[\"registry.terraform.io/hashicorp/aws\"]",
      "instances": [
        {
          "schema_version": 0,
          "attributes": {
            "bucket": "anjali-alankaram-assets-716403252967",
            "expected_bucket_owner": "",
            "id": "anjali-alankaram-assets-716403252967",
            "mfa": null,
            "versioning_configuration": [
              {
                "mfa_delete": "",
                "status": "Enabled"
              }
            ]
          },
          "sensitive_attributes": [],
          "identity_schema_version": 0,
          "private": "bnVsbA==",
          "dependencies": [
            "aws_s3_bucket.assets",
            "data.aws_caller_identity.current"
          ]
        }
      ]
    },
    {
      "mode": "managed",
      "type": "aws_secretsmanager_secret",
      "name": "backend_secrets",
      "provider": "provider[\"registry.terraform.io/hashicorp/aws\"]",
      "instances": [
        {
          "schema_version": 0,
          "attributes": {
            "arn": "arn:aws:secretsmanager:ap-south-2:716403252967:secret:anjali-alankaram-backend-env-625M6b",
            "description": "",
            "force_overwrite_replica_secret": false,
            "id": "arn:aws:secretsmanager:ap-south-2:716403252967:secret:anjali-alankaram-backend-env-625M6b",
            "kms_key_id": "",
            "name": "anjali-alankaram-backend-env",
            "name_prefix": "",
            "policy": "",
            "recovery_window_in_days": 0,
            "replica": [],
            "tags": {
              "CostCenter": "Production",
              "Environment": "production",
              "ManagedBy": "Terraform",
              "Project": "anjali-alankaram"
            },
            "tags_all": {
              "CostCenter": "Production",
              "Environment": "production",
              "ManagedBy": "Terraform",
              "Project": "anjali-alankaram"
            }
          },
          "sensitive_attributes": [],
          "identity_schema_version": 0,
          "private": "bnVsbA=="
        }
      ]
    },
    {
      "mode": "managed",
      "type": "aws_secretsmanager_secret",
      "name": "frontend_secrets",
      "provider": "provider[\"registry.terraform.io/hashicorp/aws\"]",
      "instances": [
        {
          "schema_version": 0,
          "attributes": {
            "arn": "arn:aws:secretsmanager:ap-south-2:716403252967:secret:anjali-alankaram-frontend-env-xFabpW",
            "description": "",
            "force_overwrite_replica_secret": false,
            "id": "arn:aws:secretsmanager:ap-south-2:716403252967:secret:anjali-alankaram-frontend-env-xFabpW",
            "kms_key_id": "",
            "name": "anjali-alankaram-frontend-env",
            "name_prefix": "",
            "policy": "",
            "recovery_window_in_days": 30,
            "replica": [],
            "tags": {
              "CostCenter": "Production",
              "Environment": "production",
              "ManagedBy": "Terraform",
              "Project": "anjali-alankaram"
            },
            "tags_all": {
              "CostCenter": "Production",
              "Environment": "production",
              "ManagedBy": "Terraform",
              "Project": "anjali-alankaram"
            }
          },
          "sensitive_attributes": [],
          "identity_schema_version": 0,
          "private": "bnVsbA=="
        }
      ]
    },
    {
      "mode": "managed",
      "type": "aws_secretsmanager_secret_version",
      "name": "backend_version",
      "provider": "provider[\"registry.terraform.io/hashicorp/aws\"]",
      "instances": [
        {
          "schema_version": 0,
          "attributes": {
            "arn": "arn:aws:secretsmanager:ap-south-2:716403252967:secret:anjali-alankaram-backend-env-625M6b",
            "has_secret_string_wo": null,
            "id": "arn:aws:secretsmanager:ap-south-2:716403252967:secret:anjali-alankaram-backend-env-625M6b|terraform-20260711154507730600000005",
            "secret_binary": "",
            "secret_id": "arn:aws:secretsmanager:ap-south-2:716403252967:secret:anjali-alankaram-backend-env-625M6b",
            "secret_string": "{}",
            "secret_string_wo": null,
            "secret_string_wo_version": null,
            "version_id": "terraform-20260711154507730600000005",
            "version_stages": []
          },
          "sensitive_attributes": [
            [
              {
                "type": "get_attr",
                "value": "secret_binary"
              }
            ],
            [
              {
                "type": "get_attr",
                "value": "secret_string"
              }
            ],
            [
              {
                "type": "get_attr",
                "value": "secret_string_wo"
              }
            ]
          ],
          "identity_schema_version": 0,
          "private": "bnVsbA==",
          "dependencies": [
            "aws_secretsmanager_secret.backend_secrets"
          ]
        }
      ]
    },
    {
      "mode": "managed",
      "type": "aws_secretsmanager_secret_version",
      "name": "frontend_version",
      "provider": "provider[\"registry.terraform.io/hashicorp/aws\"]",
      "instances": [
        {
          "schema_version": 0,
          "attributes": {
            "arn": "arn:aws:secretsmanager:ap-south-2:716403252967:secret:anjali-alankaram-frontend-env-xFabpW",
            "has_secret_string_wo": null,
            "id": "arn:aws:secretsmanager:ap-south-2:716403252967:secret:anjali-alankaram-frontend-env-xFabpW|terraform-20260711154508009200000006",
            "secret_binary": "",
            "secret_id": "arn:aws:secretsmanager:ap-south-2:716403252967:secret:anjali-alankaram-frontend-env-xFabpW",
            "secret_string": "{}",
            "secret_string_wo": null,
            "secret_string_wo_version": null,
            "version_id": "terraform-20260711154508009200000006",
            "version_stages": []
          },
          "sensitive_attributes": [
            [
              {
                "type": "get_attr",
                "value": "secret_binary"
              }
            ],
            [
              {
                "type": "get_attr",
                "value": "secret_string"
              }
            ],
            [
              {
                "type": "get_attr",
                "value": "secret_string_wo"
              }
            ]
          ],
          "identity_schema_version": 0,
          "private": "bnVsbA==",
          "dependencies": [
            "aws_secretsmanager_secret.frontend_secrets"
          ]
        }
      ]
    },
    {
      "mode": "managed",
      "type": "aws_ses_domain_dkim",
      "name": "main",
      "provider": "provider[\"registry.terraform.io/hashicorp/aws\"]",
      "instances": [
        {
          "index_key": 0,
          "schema_version": 0,
          "attributes": {
            "dkim_tokens": [
              "owjhzugniovfn2ltedbg3duxxcqe4wys",
              "uad2psv7asoipv4cz3iz6qtc2rghhqec",
              "idaj6w56sczfocscisirx7d7uncv4rq5"
            ],
            "domain": "anjalialankaram.com",
            "id": "anjalialankaram.com"
          },
          "sensitive_attributes": [],
          "identity_schema_version": 0,
          "private": "bnVsbA==",
          "dependencies": [
            "aws_ses_domain_identity.main"
          ]
        }
      ]
    },
    {
      "mode": "managed",
      "type": "aws_ses_domain_identity",
      "name": "main",
      "provider": "provider[\"registry.terraform.io/hashicorp/aws\"]",
      "instances": [
        {
          "index_key": 0,
          "schema_version": 0,
          "attributes": {
            "arn": "arn:aws:ses:ap-south-2:716403252967:identity/anjalialankaram.com",
            "domain": "anjalialankaram.com",
            "id": "anjalialankaram.com",
            "verification_token": "2eeY+q3GJM+FME4VuQAJzsAedVi2qiIE9aYGbK4oY0U="
          },
          "sensitive_attributes": [],
          "identity_schema_version": 0,
          "private": "bnVsbA=="
        }
      ]
    },
    {
      "mode": "managed",
      "type": "aws_sns_topic",
      "name": "alerts",
      "provider": "provider[\"registry.terraform.io/hashicorp/aws\"]",
      "instances": [
        {
          "schema_version": 0,
          "attributes": {
            "application_failure_feedback_role_arn": "",
            "application_success_feedback_role_arn": "",
            "application_success_feedback_sample_rate": 0,
            "archive_policy": "",
            "arn": "arn:aws:sns:ap-south-2:716403252967:anjali-alankaram-alerts",
            "beginning_archive_time": "",
            "content_based_deduplication": false,
            "delivery_policy": "",
            "display_name": "",
            "fifo_throughput_scope": "",
            "fifo_topic": false,
            "firehose_failure_feedback_role_arn": "",
            "firehose_success_feedback_role_arn": "",
            "firehose_success_feedback_sample_rate": 0,
            "http_failure_feedback_role_arn": "",
            "http_success_feedback_role_arn": "",
            "http_success_feedback_sample_rate": 0,
            "id": "arn:aws:sns:ap-south-2:716403252967:anjali-alankaram-alerts",
            "kms_master_key_id": "",
            "lambda_failure_feedback_role_arn": "",
            "lambda_success_feedback_role_arn": "",
            "lambda_success_feedback_sample_rate": 0,
            "name": "anjali-alankaram-alerts",
            "name_prefix": "",
            "owner": "716403252967",
            "policy": "{\"Id\":\"__default_policy_ID\",\"Statement\":[{\"Action\":[\"SNS:GetTopicAttributes\",\"SNS:SetTopicAttributes\",\"SNS:AddPermission\",\"SNS:RemovePermission\",\"SNS:DeleteTopic\",\"SNS:Subscribe\",\"SNS:ListSubscriptionsByTopic\",\"SNS:Publish\"],\"Condition\":{\"StringEquals\":{\"AWS:SourceOwner\":\"716403252967\"}},\"Effect\":\"Allow\",\"Principal\":{\"AWS\":\"*\"},\"Resource\":\"arn:aws:sns:ap-south-2:716403252967:anjali-alankaram-alerts\",\"Sid\":\"__default_statement_ID\"}],\"Version\":\"2008-10-17\"}",
            "signature_version": 0,
            "sqs_failure_feedback_role_arn": "",
            "sqs_success_feedback_role_arn": "",
            "sqs_success_feedback_sample_rate": 0,
            "tags": {
              "CostCenter": "Production",
              "Environment": "production",
              "ManagedBy": "Terraform",
              "Project": "anjali-alankaram"
            },
            "tags_all": {
              "CostCenter": "Production",
              "Environment": "production",
              "ManagedBy": "Terraform",
              "Project": "anjali-alankaram"
            },
            "tracing_config": ""
          },
          "sensitive_attributes": [],
          "identity_schema_version": 0,
          "private": "bnVsbA=="
        }
      ]
    },
    {
      "mode": "managed",
      "type": "aws_sns_topic_subscription",
      "name": "email_lambda",
      "provider": "provider[\"registry.terraform.io/hashicorp/aws\"]",
      "instances": [
        {
          "schema_version": 0,
          "attributes": {
            "arn": "arn:aws:sns:ap-south-2:716403252967:anjali-alankaram-alerts:c5c3139a-06ad-48cd-b78d-be9c3a5865f8",
            "confirmation_timeout_in_minutes": 1,
            "confirmation_was_authenticated": true,
            "delivery_policy": "",
            "endpoint": "arn:aws:lambda:ap-south-2:716403252967:function:anjali-alankaram-email-alert",
            "endpoint_auto_confirms": false,
            "filter_policy": "",
            "filter_policy_scope": "",
            "id": "arn:aws:sns:ap-south-2:716403252967:anjali-alankaram-alerts:c5c3139a-06ad-48cd-b78d-be9c3a5865f8",
            "owner_id": "716403252967",
            "pending_confirmation": false,
            "protocol": "lambda",
            "raw_message_delivery": false,
            "redrive_policy": "",
            "replay_policy": "",
            "subscription_role_arn": "",
            "topic_arn": "arn:aws:sns:ap-south-2:716403252967:anjali-alankaram-alerts"
          },
          "sensitive_attributes": [],
          "identity_schema_version": 0,
          "private": "bnVsbA==",
          "dependencies": [
            "aws_cloudwatch_log_group.lambda_email_alerts",
            "aws_iam_role.lambda_alerts",
            "aws_lambda_function.email_alert",
            "aws_sns_topic.alerts",
            "data.archive_file.email_lambda_zip"
          ]
        }
      ]
    },
    {
      "mode": "managed",
      "type": "aws_sns_topic_subscription",
      "name": "whatsapp_lambda",
      "provider": "provider[\"registry.terraform.io/hashicorp/aws\"]",
      "instances": [
        {
          "schema_version": 0,
          "attributes": {
            "arn": "arn:aws:sns:ap-south-2:716403252967:anjali-alankaram-alerts:021cdc6a-476d-4923-94e8-1b0ad3b1f3c0",
            "confirmation_timeout_in_minutes": 1,
            "confirmation_was_authenticated": true,
            "delivery_policy": "",
            "endpoint": "arn:aws:lambda:ap-south-2:716403252967:function:anjali-alankaram-whatsapp-alert",
            "endpoint_auto_confirms": false,
            "filter_policy": "",
            "filter_policy_scope": "",
            "id": "arn:aws:sns:ap-south-2:716403252967:anjali-alankaram-alerts:021cdc6a-476d-4923-94e8-1b0ad3b1f3c0",
            "owner_id": "716403252967",
            "pending_confirmation": false,
            "protocol": "lambda",
            "raw_message_delivery": false,
            "redrive_policy": "",
            "replay_policy": "",
            "subscription_role_arn": "",
            "topic_arn": "arn:aws:sns:ap-south-2:716403252967:anjali-alankaram-alerts"
          },
          "sensitive_attributes": [],
          "identity_schema_version": 0,
          "private": "bnVsbA==",
          "dependencies": [
            "aws_cloudwatch_log_group.lambda_alerts_optimized",
            "aws_iam_role.lambda_alerts",
            "aws_lambda_function.whatsapp_alert",
            "aws_sns_topic.alerts",
            "data.archive_file.whatsapp_lambda_zip"
          ]
        }
      ]
    },
    {
      "mode": "managed",
      "type": "aws_wafv2_web_acl",
      "name": "cdn",
      "provider": "provider[\"registry.terraform.io/hashicorp/aws\"]",
      "instances": []
    },
    {
      "module": "module.alb",
      "mode": "managed",
      "type": "aws_acm_certificate",
      "name": "main",
      "provider": "provider[\"registry.terraform.io/hashicorp/aws\"]",
      "instances": [
        {
          "index_key": 0,
          "schema_version": 0,
          "attributes": {
            "arn": "arn:aws:acm:ap-south-2:716403252967:certificate/7dcf67d3-6f85-45cd-882b-f4e71e85d487",
            "certificate_authority_arn": "",
            "certificate_body": null,
            "certificate_chain": null,
            "domain_name": "anjalialankaram.com",
            "domain_validation_options": [
              {
                "domain_name": "*.anjalialankaram.com",
                "resource_record_name": "_abb2d9ef95daab3e44be9164ee187193.anjalialankaram.com.",
                "resource_record_type": "CNAME",
                "resource_record_value": "_7e1addfd94e0615dc2a73621c19c4452.jkddzztszm.acm-validations.aws."
              },
              {
                "domain_name": "anjalialankaram.com",
                "resource_record_name": "_abb2d9ef95daab3e44be9164ee187193.anjalialankaram.com.",
                "resource_record_type": "CNAME",
                "resource_record_value": "_7e1addfd94e0615dc2a73621c19c4452.jkddzztszm.acm-validations.aws."
              }
            ],
            "early_renewal_duration": "",
            "id": "arn:aws:acm:ap-south-2:716403252967:certificate/7dcf67d3-6f85-45cd-882b-f4e71e85d487",
            "key_algorithm": "RSA_2048",
            "not_after": "2027-01-24T23:59:59Z",
            "not_before": "2026-07-11T00:00:00Z",
            "options": [
              {
                "certificate_transparency_logging_preference": "ENABLED"
              }
            ],
            "pending_renewal": false,
            "private_key": null,
            "renewal_eligibility": "INELIGIBLE",
            "renewal_summary": [],
            "status": "ISSUED",
            "subject_alternative_names": [
              "*.anjalialankaram.com",
              "anjalialankaram.com"
            ],
            "tags": {},
            "tags_all": {},
            "type": "AMAZON_ISSUED",
            "validation_emails": [],
            "validation_method": "DNS",
            "validation_option": []
          },
          "sensitive_attributes": [
            [
              {
                "type": "get_attr",
                "value": "private_key"
              }
            ]
          ],
          "identity_schema_version": 0,
          "private": "bnVsbA==",
          "create_before_destroy": true
        }
      ]
    },
    {
      "module": "module.alb",
      "mode": "managed",
      "type": "aws_route53_zone",
      "name": "main",
      "provider": "provider[\"registry.terraform.io/hashicorp/aws\"]",
      "instances": [
        {
          "index_key": 0,
          "schema_version": 0,
          "attributes": {
            "arn": "arn:aws:route53:::hostedzone/Z052703217665BLKSY9SQ",
            "comment": "Managed by Terraform",
            "delegation_set_id": "",
            "force_destroy": false,
            "id": "Z052703217665BLKSY9SQ",
            "name": "anjalialankaram.com",
            "name_servers": [
              "ns-132.awsdns-16.com",
              "ns-1332.awsdns-38.org",
              "ns-1848.awsdns-39.co.uk",
              "ns-937.awsdns-53.net"
            ],
            "primary_name_server": "ns-132.awsdns-16.com",
            "tags": {},
            "tags_all": {},
            "timeouts": null,
            "vpc": [],
            "zone_id": "Z052703217665BLKSY9SQ"
          },
          "sensitive_attributes": [],
          "identity_schema_version": 0,
          "private": "eyJlMmJmYjczMC1lY2FhLTExZTYtOGY4OC0zNDM2M2JjN2M0YzAiOnsiY3JlYXRlIjoxODAwMDAwMDAwMDAwLCJkZWxldGUiOjE4MDAwMDAwMDAwMDAsInVwZGF0ZSI6MTgwMDAwMDAwMDAwMH19"
        }
      ]
    },
    {
      "module": "module.ecs",
      "mode": "managed",
      "type": "aws_appautoscaling_policy",
      "name": "backend_cpu",
      "provider": "provider[\"registry.terraform.io/hashicorp/aws\"]",
      "instances": [
        {
          "schema_version": 0,
          "attributes": {
            "alarm_arns": [
              "arn:aws:cloudwatch:ap-south-2:716403252967:alarm:TargetTracking-service/anjali-alankaram-cluster/anjali-alankaram-backend-service-AlarmHigh-d0ca2004-820d-4b3b-a8b1-9e933db76f40",
              "arn:aws:cloudwatch:ap-south-2:716403252967:alarm:TargetTracking-service/anjali-alankaram-cluster/anjali-alankaram-backend-service-AlarmLow-73315505-e17b-4c96-9a5c-f569596dc02b"
            ],
            "arn": "arn:aws:autoscaling:ap-south-2:716403252967:scalingPolicy:37c81535-86f3-4d2f-a4b0-1da1695ea815:resource/ecs/service/anjali-alankaram-cluster/anjali-alankaram-backend-service:policyName/anjali-alankaram-backend-cpu-tracking",
            "id": "anjali-alankaram-backend-cpu-tracking",
            "name": "anjali-alankaram-backend-cpu-tracking",
            "policy_type": "TargetTrackingScaling",
            "resource_id": "service/anjali-alankaram-cluster/anjali-alankaram-backend-service",
            "scalable_dimension": "ecs:service:DesiredCount",
            "service_namespace": "ecs",
            "step_scaling_policy_configuration": [],
            "target_tracking_scaling_policy_configuration": [
              {
                "customized_metric_specification": [],
                "disable_scale_in": false,
                "predefined_metric_specification": [
                  {
                    "predefined_metric_type": "ECSServiceAverageCPUUtilization",
                    "resource_label": ""
                  }
                ],
                "scale_in_cooldown": 300,
                "scale_out_cooldown": 30,
                "target_value": 60
              }
            ]
          },
          "sensitive_attributes": [],
          "identity_schema_version": 0,
          "private": "bnVsbA==",
          "dependencies": [
            "aws_s3_bucket.assets",
            "aws_secretsmanager_secret.backend_secrets",
            "data.aws_caller_identity.current",
            "module.alb.aws_lb_target_group.backend",
            "module.ecs.aws_appautoscaling_target.backend",
            "module.ecs.aws_cloudwatch_log_group.ecs",
            "module.ecs.aws_ecr_repository.backend",
            "module.ecs.aws_ecs_cluster.main",
            "module.ecs.aws_ecs_service.backend",
            "module.ecs.aws_ecs_task_definition.backend",
            "module.security.aws_iam_role.ecs_task_execution_role",
            "module.security.aws_iam_role.ecs_task_role",
            "module.security.aws_security_group.alb",
            "module.security.aws_security_group.ecs_tasks",
            "module.vpc.aws_subnet.public",
            "module.vpc.aws_vpc.main"
          ]
        }
      ]
    },
    {
      "module": "module.ecs",
      "mode": "managed",
      "type": "aws_appautoscaling_policy",
      "name": "backend_memory",
      "provider": "provider[\"registry.terraform.io/hashicorp/aws\"]",
      "instances": [
        {
          "schema_version": 0,
          "attributes": {
            "alarm_arns": [
              "arn:aws:cloudwatch:ap-south-2:716403252967:alarm:TargetTracking-service/anjali-alankaram-cluster/anjali-alankaram-backend-service-AlarmHigh-91a92200-192b-48f3-ab03-56f119d78e0c",
              "arn:aws:cloudwatch:ap-south-2:716403252967:alarm:TargetTracking-service/anjali-alankaram-cluster/anjali-alankaram-backend-service-AlarmLow-6d0bd03a-b36d-42b5-8a99-4487a33ce664"
            ],
            "arn": "arn:aws:autoscaling:ap-south-2:716403252967:scalingPolicy:37c81535-86f3-4d2f-a4b0-1da1695ea815:resource/ecs/service/anjali-alankaram-cluster/anjali-alankaram-backend-service:policyName/anjali-alankaram-backend-memory-tracking",
            "id": "anjali-alankaram-backend-memory-tracking",
            "name": "anjali-alankaram-backend-memory-tracking",
            "policy_type": "TargetTrackingScaling",
            "resource_id": "service/anjali-alankaram-cluster/anjali-alankaram-backend-service",
            "scalable_dimension": "ecs:service:DesiredCount",
            "service_namespace": "ecs",
            "step_scaling_policy_configuration": [],
            "target_tracking_scaling_policy_configuration": [
              {
                "customized_metric_specification": [],
                "disable_scale_in": false,
                "predefined_metric_specification": [
                  {
                    "predefined_metric_type": "ECSServiceAverageMemoryUtilization",
                    "resource_label": ""
                  }
                ],
                "scale_in_cooldown": 300,
                "scale_out_cooldown": 30,
                "target_value": 75
              }
            ]
          },
          "sensitive_attributes": [],
          "identity_schema_version": 0,
          "private": "bnVsbA==",
          "dependencies": [
            "aws_s3_bucket.assets",
            "aws_secretsmanager_secret.backend_secrets",
            "data.aws_caller_identity.current",
            "module.alb.aws_lb_target_group.backend",
            "module.ecs.aws_appautoscaling_target.backend",
            "module.ecs.aws_cloudwatch_log_group.ecs",
            "module.ecs.aws_ecr_repository.backend",
            "module.ecs.aws_ecs_cluster.main",
            "module.ecs.aws_ecs_service.backend",
            "module.ecs.aws_ecs_task_definition.backend",
            "module.security.aws_iam_role.ecs_task_execution_role",
            "module.security.aws_iam_role.ecs_task_role",
            "module.security.aws_security_group.alb",
            "module.security.aws_security_group.ecs_tasks",
            "module.vpc.aws_subnet.public",
            "module.vpc.aws_vpc.main"
          ]
        }
      ]
    },
    {
      "module": "module.ecs",
      "mode": "managed",
      "type": "aws_appautoscaling_policy",
      "name": "frontend_cpu",
      "provider": "provider[\"registry.terraform.io/hashicorp/aws\"]",
      "instances": [
        {
          "schema_version": 0,
          "attributes": {
            "alarm_arns": [
              "arn:aws:cloudwatch:ap-south-2:716403252967:alarm:TargetTracking-service/anjali-alankaram-cluster/anjali-alankaram-frontend-service-AlarmHigh-fd7f5aa7-6a78-4e8f-a5fe-cb097c788b25",
              "arn:aws:cloudwatch:ap-south-2:716403252967:alarm:TargetTracking-service/anjali-alankaram-cluster/anjali-alankaram-frontend-service-AlarmLow-d400f51f-3976-416e-9611-bca6095b63cb"
            ],
            "arn": "arn:aws:autoscaling:ap-south-2:716403252967:scalingPolicy:d2a65294-0798-4c0f-8260-bfff40a60dd5:resource/ecs/service/anjali-alankaram-cluster/anjali-alankaram-frontend-service:policyName/anjali-alankaram-frontend-cpu-tracking",
            "id": "anjali-alankaram-frontend-cpu-tracking",
            "name": "anjali-alankaram-frontend-cpu-tracking",
            "policy_type": "TargetTrackingScaling",
            "resource_id": "service/anjali-alankaram-cluster/anjali-alankaram-frontend-service",
            "scalable_dimension": "ecs:service:DesiredCount",
            "service_namespace": "ecs",
            "step_scaling_policy_configuration": [],
            "target_tracking_scaling_policy_configuration": [
              {
                "customized_metric_specification": [],
                "disable_scale_in": false,
                "predefined_metric_specification": [
                  {
                    "predefined_metric_type": "ECSServiceAverageCPUUtilization",
                    "resource_label": ""
                  }
                ],
                "scale_in_cooldown": 300,
                "scale_out_cooldown": 30,
                "target_value": 70
              }
            ]
          },
          "sensitive_attributes": [],
          "identity_schema_version": 0,
          "private": "bnVsbA==",
          "dependencies": [
            "module.alb.aws_lb_target_group.frontend",
            "module.ecs.aws_appautoscaling_target.frontend",
            "module.ecs.aws_cloudwatch_log_group.ecs",
            "module.ecs.aws_ecr_repository.frontend",
            "module.ecs.aws_ecs_cluster.main",
            "module.ecs.aws_ecs_service.frontend",
            "module.ecs.aws_ecs_task_definition.frontend",
            "module.security.aws_iam_role.ecs_task_execution_role",
            "module.security.aws_iam_role.ecs_task_role",
            "module.security.aws_security_group.alb",
            "module.security.aws_security_group.ecs_tasks",
            "module.vpc.aws_subnet.public",
            "module.vpc.aws_vpc.main"
          ]
        }
      ]
    },
    {
      "module": "module.ecs",
      "mode": "managed",
      "type": "aws_appautoscaling_target",
      "name": "backend",
      "provider": "provider[\"registry.terraform.io/hashicorp/aws\"]",
      "instances": [
        {
          "schema_version": 0,
          "attributes": {
            "arn": "arn:aws:application-autoscaling:ap-south-2:716403252967:scalable-target/0ec537c8153586f34d2fa4b01da1695ea815",
            "id": "service/anjali-alankaram-cluster/anjali-alankaram-backend-service",
            "max_capacity": 100,
            "min_capacity": 1,
            "resource_id": "service/anjali-alankaram-cluster/anjali-alankaram-backend-service",
            "role_arn": "arn:aws:iam::716403252967:role/aws-service-role/ecs.application-autoscaling.amazonaws.com/AWSServiceRoleForApplicationAutoScaling_ECSService",
            "scalable_dimension": "ecs:service:DesiredCount",
            "service_namespace": "ecs",
            "suspended_state": [
              {
                "dynamic_scaling_in_suspended": false,
                "dynamic_scaling_out_suspended": false,
                "scheduled_scaling_suspended": false
              }
            ],
            "tags": {},
            "tags_all": {}
          },
          "sensitive_attributes": [],
          "identity_schema_version": 0,
          "private": "bnVsbA==",
          "dependencies": [
            "aws_s3_bucket.assets",
            "aws_secretsmanager_secret.backend_secrets",
            "data.aws_caller_identity.current",
            "module.alb.aws_lb_target_group.backend",
            "module.ecs.aws_cloudwatch_log_group.ecs",
            "module.ecs.aws_ecr_repository.backend",
            "module.ecs.aws_ecs_cluster.main",
            "module.ecs.aws_ecs_service.backend",
            "module.ecs.aws_ecs_task_definition.backend",
            "module.security.aws_iam_role.ecs_task_execution_role",
            "module.security.aws_iam_role.ecs_task_role",
            "module.security.aws_security_group.alb",
            "module.security.aws_security_group.ecs_tasks",
            "module.vpc.aws_subnet.public",
            "module.vpc.aws_vpc.main"
          ]
        }
      ]
    },
    {
      "module": "module.ecs",
      "mode": "managed",
      "type": "aws_appautoscaling_target",
      "name": "frontend",
      "provider": "provider[\"registry.terraform.io/hashicorp/aws\"]",
      "instances": [
        {
          "schema_version": 0,
          "attributes": {
            "arn": "arn:aws:application-autoscaling:ap-south-2:716403252967:scalable-target/0ec5d2a6529407984c0f8260bfff40a60dd5",
            "id": "service/anjali-alankaram-cluster/anjali-alankaram-frontend-service",
            "max_capacity": 50,
            "min_capacity": 1,
            "resource_id": "service/anjali-alankaram-cluster/anjali-alankaram-frontend-service",
            "role_arn": "arn:aws:iam::716403252967:role/aws-service-role/ecs.application-autoscaling.amazonaws.com/AWSServiceRoleForApplicationAutoScaling_ECSService",
            "scalable_dimension": "ecs:service:DesiredCount",
            "service_namespace": "ecs",
            "suspended_state": [
              {
                "dynamic_scaling_in_suspended": false,
                "dynamic_scaling_out_suspended": false,
                "scheduled_scaling_suspended": false
              }
            ],
            "tags": {},
            "tags_all": {}
          },
          "sensitive_attributes": [],
          "identity_schema_version": 0,
          "private": "bnVsbA==",
          "dependencies": [
            "module.alb.aws_lb_target_group.frontend",
            "module.ecs.aws_cloudwatch_log_group.ecs",
            "module.ecs.aws_ecr_repository.frontend",
            "module.ecs.aws_ecs_cluster.main",
            "module.ecs.aws_ecs_service.frontend",
            "module.ecs.aws_ecs_task_definition.frontend",
            "module.security.aws_iam_role.ecs_task_execution_role",
            "module.security.aws_iam_role.ecs_task_role",
            "module.security.aws_security_group.alb",
            "module.security.aws_security_group.ecs_tasks",
            "module.vpc.aws_subnet.public",
            "module.vpc.aws_vpc.main"
          ]
        }
      ]
    },
    {
      "module": "module.ecs",
      "mode": "managed",
      "type": "aws_cloudwatch_log_group",
      "name": "ecs",
      "provider": "provider[\"registry.terraform.io/hashicorp/aws\"]",
      "instances": [
        {
          "schema_version": 0,
          "attributes": {
            "arn": "arn:aws:logs:ap-south-2:716403252967:log-group:/ecs/anjali-alankaram",
            "id": "/ecs/anjali-alankaram",
            "kms_key_id": "",
            "log_group_class": "STANDARD",
            "name": "/ecs/anjali-alankaram",
            "name_prefix": "",
            "retention_in_days": 7,
            "skip_destroy": false,
            "tags": {
              "CostCenter": "Production",
              "Environment": "production",
              "ManagedBy": "Terraform",
              "Project": "anjali-alankaram"
            },
            "tags_all": {
              "CostCenter": "Production",
              "Environment": "production",
              "ManagedBy": "Terraform",
              "Project": "anjali-alankaram"
            }
          },
          "sensitive_attributes": [],
          "identity_schema_version": 0,
          "private": "bnVsbA=="
        }
      ]
    },
    {
      "module": "module.ecs",
      "mode": "managed",
      "type": "aws_cloudwatch_metric_alarm",
      "name": "backend_cpu_high",
      "provider": "provider[\"registry.terraform.io/hashicorp/aws\"]",
      "instances": [
        {
          "schema_version": 1,
          "attributes": {
            "actions_enabled": true,
            "alarm_actions": [],
            "alarm_description": "Backend CPU critically high - investigate scaling limits",
            "alarm_name": "anjali-alankaram-backend-cpu-critical",
            "arn": "arn:aws:cloudwatch:ap-south-2:716403252967:alarm:anjali-alankaram-backend-cpu-critical",
            "comparison_operator": "GreaterThanThreshold",
            "datapoints_to_alarm": 0,
            "dimensions": {
              "ClusterName": "anjali-alankaram-cluster",
              "ServiceName": "anjali-alankaram-backend-service"
            },
            "evaluate_low_sample_count_percentiles": "",
            "evaluation_periods": 2,
            "extended_statistic": "",
            "id": "anjali-alankaram-backend-cpu-critical",
            "insufficient_data_actions": [],
            "metric_name": "CPUUtilization",
            "metric_query": [],
            "namespace": "AWS/ECS",
            "ok_actions": [],
            "period": 60,
            "statistic": "Average",
            "tags": {
              "CostCenter": "Production",
              "Environment": "production",
              "ManagedBy": "Terraform",
              "Project": "anjali-alankaram"
            },
            "tags_all": {
              "CostCenter": "Production",
              "Environment": "production",
              "ManagedBy": "Terraform",
              "Project": "anjali-alankaram"
            },
            "threshold": 85,
            "threshold_metric_id": "",
            "treat_missing_data": "notBreaching",
            "unit": ""
          },
          "sensitive_attributes": [],
          "identity_schema_version": 0,
          "private": "eyJzY2hlbWFfdmVyc2lvbiI6IjEifQ==",
          "dependencies": [
            "aws_s3_bucket.assets",
            "aws_secretsmanager_secret.backend_secrets",
            "data.aws_caller_identity.current",
            "module.alb.aws_lb_target_group.backend",
            "module.ecs.aws_cloudwatch_log_group.ecs",
            "module.ecs.aws_ecr_repository.backend",
            "module.ecs.aws_ecs_cluster.main",
            "module.ecs.aws_ecs_service.backend",
            "module.ecs.aws_ecs_task_definition.backend",
            "module.security.aws_iam_role.ecs_task_execution_role",
            "module.security.aws_iam_role.ecs_task_role",
            "module.security.aws_security_group.alb",
            "module.security.aws_security_group.ecs_tasks",
            "module.vpc.aws_subnet.public",
            "module.vpc.aws_vpc.main"
          ]
        }
      ]
    },
    {
      "module": "module.ecs",
      "mode": "managed",
      "type": "aws_cloudwatch_metric_alarm",
      "name": "backend_memory_high",
      "provider": "provider[\"registry.terraform.io/hashicorp/aws\"]",
      "instances": [
        {
          "schema_version": 1,
          "attributes": {
            "actions_enabled": true,
            "alarm_actions": [],
            "alarm_description": "Backend Memory critically high",
            "alarm_name": "anjali-alankaram-backend-memory-critical",
            "arn": "arn:aws:cloudwatch:ap-south-2:716403252967:alarm:anjali-alankaram-backend-memory-critical",
            "comparison_operator": "GreaterThanThreshold",
            "datapoints_to_alarm": 0,
            "dimensions": {
              "ClusterName": "anjali-alankaram-cluster",
              "ServiceName": "anjali-alankaram-backend-service"
            },
            "evaluate_low_sample_count_percentiles": "",
            "evaluation_periods": 2,
            "extended_statistic": "",
            "id": "anjali-alankaram-backend-memory-critical",
            "insufficient_data_actions": [],
            "metric_name": "MemoryUtilization",
            "metric_query": [],
            "namespace": "AWS/ECS",
            "ok_actions": [],
            "period": 60,
            "statistic": "Average",
            "tags": {
              "CostCenter": "Production",
              "Environment": "production",
              "ManagedBy": "Terraform",
              "Project": "anjali-alankaram"
            },
            "tags_all": {
              "CostCenter": "Production",
              "Environment": "production",
              "ManagedBy": "Terraform",
              "Project": "anjali-alankaram"
            },
            "threshold": 90,
            "threshold_metric_id": "",
            "treat_missing_data": "notBreaching",
            "unit": ""
          },
          "sensitive_attributes": [],
          "identity_schema_version": 0,
          "private": "eyJzY2hlbWFfdmVyc2lvbiI6IjEifQ==",
          "dependencies": [
            "aws_s3_bucket.assets",
            "aws_secretsmanager_secret.backend_secrets",
            "data.aws_caller_identity.current",
            "module.alb.aws_lb_target_group.backend",
            "module.ecs.aws_cloudwatch_log_group.ecs",
            "module.ecs.aws_ecr_repository.backend",
            "module.ecs.aws_ecs_cluster.main",
            "module.ecs.aws_ecs_service.backend",
            "module.ecs.aws_ecs_task_definition.backend",
            "module.security.aws_iam_role.ecs_task_execution_role",
            "module.security.aws_iam_role.ecs_task_role",
            "module.security.aws_security_group.alb",
            "module.security.aws_security_group.ecs_tasks",
            "module.vpc.aws_subnet.public",
            "module.vpc.aws_vpc.main"
          ]
        }
      ]
    },
    {
      "module": "module.ecs",
      "mode": "managed",
      "type": "aws_ecr_lifecycle_policy",
      "name": "backend",
      "provider": "provider[\"registry.terraform.io/hashicorp/aws\"]",
      "instances": [
        {
          "schema_version": 0,
          "attributes": {
            "id": "anjali-alankaram-backend",
            "policy": "{\"rules\":[{\"action\":{\"type\":\"expire\"},\"description\":\"Delete untagged images after 1 day\",\"rulePriority\":1,\"selection\":{\"countNumber\":1,\"countType\":\"sinceImagePushed\",\"countUnit\":\"days\",\"tagStatus\":\"untagged\"}},{\"action\":{\"type\":\"expire\"},\"description\":\"Keep last 10 production images\",\"rulePriority\":2,\"selection\":{\"countNumber\":10,\"countType\":\"imageCountMoreThan\",\"tagPrefixList\":[\"v\",\"prod\",\"latest\"],\"tagStatus\":\"tagged\"}}]}",
            "registry_id": "716403252967",
            "repository": "anjali-alankaram-backend"
          },
          "sensitive_attributes": [],
          "identity_schema_version": 0,
          "private": "bnVsbA==",
          "dependencies": [
            "module.ecs.aws_ecr_repository.backend"
          ]
        }
      ]
    },
    {
      "module": "module.ecs",
      "mode": "managed",
      "type": "aws_ecr_lifecycle_policy",
      "name": "frontend",
      "provider": "provider[\"registry.terraform.io/hashicorp/aws\"]",
      "instances": [
        {
          "schema_version": 0,
          "attributes": {
            "id": "anjali-alankaram-frontend",
            "policy": "{\"rules\":[{\"action\":{\"type\":\"expire\"},\"description\":\"Delete untagged images after 1 day\",\"rulePriority\":1,\"selection\":{\"countNumber\":1,\"countType\":\"sinceImagePushed\",\"countUnit\":\"days\",\"tagStatus\":\"untagged\"}},{\"action\":{\"type\":\"expire\"},\"description\":\"Keep last 10 production images\",\"rulePriority\":2,\"selection\":{\"countNumber\":10,\"countType\":\"imageCountMoreThan\",\"tagPrefixList\":[\"v\",\"prod\",\"latest\"],\"tagStatus\":\"tagged\"}}]}",
            "registry_id": "716403252967",
            "repository": "anjali-alankaram-frontend"
          },
          "sensitive_attributes": [],
          "identity_schema_version": 0,
          "private": "bnVsbA==",
          "dependencies": [
            "module.ecs.aws_ecr_repository.frontend"
          ]
        }
      ]
    },
    {
      "module": "module.ecs",
      "mode": "managed",
      "type": "aws_ecr_repository",
      "name": "backend",
      "provider": "provider[\"registry.terraform.io/hashicorp/aws\"]",
      "instances": [
        {
          "schema_version": 0,
          "attributes": {
            "arn": "arn:aws:ecr:ap-south-2:716403252967:repository/anjali-alankaram-backend",
            "encryption_configuration": [
              {
                "encryption_type": "AES256",
                "kms_key": ""
              }
            ],
            "force_delete": true,
            "id": "anjali-alankaram-backend",
            "image_scanning_configuration": [
              {
                "scan_on_push": true
              }
            ],
            "image_tag_mutability": "MUTABLE",
            "name": "anjali-alankaram-backend",
            "registry_id": "716403252967",
            "repository_url": "716403252967.dkr.ecr.ap-south-2.amazonaws.com/anjali-alankaram-backend",
            "tags": {
              "CostCenter": "Production",
              "Environment": "production",
              "ManagedBy": "Terraform",
              "Project": "anjali-alankaram"
            },
            "tags_all": {
              "CostCenter": "Production",
              "Environment": "production",
              "ManagedBy": "Terraform",
              "Project": "anjali-alankaram"
            },
            "timeouts": null
          },
          "sensitive_attributes": [],
          "identity_schema_version": 0,
          "private": "eyJlMmJmYjczMC1lY2FhLTExZTYtOGY4OC0zNDM2M2JjN2M0YzAiOnsiZGVsZXRlIjoxMjAwMDAwMDAwMDAwfX0="
        }
      ]
    },
    {
      "module": "module.ecs",
      "mode": "managed",
      "type": "aws_ecr_repository",
      "name": "frontend",
      "provider": "provider[\"registry.terraform.io/hashicorp/aws\"]",
      "instances": [
        {
          "schema_version": 0,
          "attributes": {
            "arn": "arn:aws:ecr:ap-south-2:716403252967:repository/anjali-alankaram-frontend",
            "encryption_configuration": [
              {
                "encryption_type": "AES256",
                "kms_key": ""
              }
            ],
            "force_delete": true,
            "id": "anjali-alankaram-frontend",
            "image_scanning_configuration": [
              {
                "scan_on_push": true
              }
            ],
            "image_tag_mutability": "MUTABLE",
            "name": "anjali-alankaram-frontend",
            "registry_id": "716403252967",
            "repository_url": "716403252967.dkr.ecr.ap-south-2.amazonaws.com/anjali-alankaram-frontend",
            "tags": {
              "CostCenter": "Production",
              "Environment": "production",
              "ManagedBy": "Terraform",
              "Project": "anjali-alankaram"
            },
            "tags_all": {
              "CostCenter": "Production",
              "Environment": "production",
              "ManagedBy": "Terraform",
              "Project": "anjali-alankaram"
            },
            "timeouts": null
          },
          "sensitive_attributes": [],
          "identity_schema_version": 0,
          "private": "eyJlMmJmYjczMC1lY2FhLTExZTYtOGY4OC0zNDM2M2JjN2M0YzAiOnsiZGVsZXRlIjoxMjAwMDAwMDAwMDAwfX0="
        }
      ]
    },
    {
      "module": "module.ecs",
      "mode": "managed",
      "type": "aws_ecs_cluster",
      "name": "main",
      "provider": "provider[\"registry.terraform.io/hashicorp/aws\"]",
      "instances": [
        {
          "schema_version": 0,
          "attributes": {
            "arn": "arn:aws:ecs:ap-south-2:716403252967:cluster/anjali-alankaram-cluster",
            "configuration": [],
            "id": "arn:aws:ecs:ap-south-2:716403252967:cluster/anjali-alankaram-cluster",
            "name": "anjali-alankaram-cluster",
            "service_connect_defaults": [],
            "setting": [
              {
                "name": "containerInsights",
                "value": "disabled"
              }
            ],
            "tags": {
              "CostCenter": "Production",
              "Environment": "production",
              "ManagedBy": "Terraform",
              "Project": "anjali-alankaram"
            },
            "tags_all": {
              "CostCenter": "Production",
              "Environment": "production",
              "ManagedBy": "Terraform",
              "Project": "anjali-alankaram"
            }
          },
          "sensitive_attributes": [],
          "identity_schema_version": 0,
          "private": "bnVsbA=="
        }
      ]
    },
    {
      "module": "module.ecs",
      "mode": "managed",
      "type": "aws_ecs_cluster_capacity_providers",
      "name": "main",
      "provider": "provider[\"registry.terraform.io/hashicorp/aws\"]",
      "instances": [
        {
          "schema_version": 0,
          "attributes": {
            "capacity_providers": [
              "FARGATE",
              "FARGATE_SPOT"
            ],
            "cluster_name": "anjali-alankaram-cluster",
            "default_capacity_provider_strategy": [
              {
                "base": 0,
                "capacity_provider": "FARGATE_SPOT",
                "weight": 1
              }
            ],
            "id": "anjali-alankaram-cluster"
          },
          "sensitive_attributes": [],
          "identity_schema_version": 0,
          "private": "bnVsbA==",
          "dependencies": [
            "module.ecs.aws_ecs_cluster.main"
          ]
        }
      ]
    },
    {
      "module": "module.ecs",
      "mode": "managed",
      "type": "aws_ecs_service",
      "name": "backend",
      "provider": "provider[\"registry.terraform.io/hashicorp/aws\"]",
      "instances": [
        {
          "schema_version": 1,
          "attributes": {
            "alarms": [],
            "availability_zone_rebalancing": "DISABLED",
            "capacity_provider_strategy": [
              {
                "base": 0,
                "capacity_provider": "FARGATE",
                "weight": 0
              },
              {
                "base": 0,
                "capacity_provider": "FARGATE_SPOT",
                "weight": 1
              }
            ],
            "cluster": "arn:aws:ecs:ap-south-2:716403252967:cluster/anjali-alankaram-cluster",
            "deployment_circuit_breaker": [
              {
                "enable": true,
                "rollback": true
              }
            ],
            "deployment_controller": [
              {
                "type": "ECS"
              }
            ],
            "deployment_maximum_percent": 200,
            "deployment_minimum_healthy_percent": 100,
            "desired_count": 1,
            "enable_ecs_managed_tags": false,
            "enable_execute_command": true,
            "force_delete": null,
            "force_new_deployment": null,
            "health_check_grace_period_seconds": 0,
            "iam_role": "/aws-service-role/ecs.amazonaws.com/AWSServiceRoleForECS",
            "id": "arn:aws:ecs:ap-south-2:716403252967:service/anjali-alankaram-cluster/anjali-alankaram-backend-service",
            "launch_type": "",
            "load_balancer": [
              {
                "container_name": "backend",
                "container_port": 3000,
                "elb_name": "",
                "target_group_arn": "arn:aws:elasticloadbalancing:ap-south-2:716403252967:targetgroup/anjali-alankaram-tg-back/a2044e5f7840b74a"
              }
            ],
            "name": "anjali-alankaram-backend-service",
            "network_configuration": [
              {
                "assign_public_ip": false,
                "security_groups": [
                  "sg-093f1784f885ec64c"
                ],
                "subnets": [
                  "subnet-0bce06b6c9b196321"
                ]
              }
            ],
            "ordered_placement_strategy": [],
            "placement_constraints": [],
            "platform_version": "LATEST",
            "propagate_tags": "NONE",
            "scheduling_strategy": "REPLICA",
            "service_connect_configuration": [],
            "service_registries": [],
            "tags": {
              "CostCenter": "Production",
              "Environment": "production",
              "ManagedBy": "Terraform",
              "Project": "anjali-alankaram"
            },
            "tags_all": {
              "CostCenter": "Production",
              "Environment": "production",
              "ManagedBy": "Terraform",
              "Project": "anjali-alankaram"
            },
            "task_definition": "arn:aws:ecs:ap-south-2:716403252967:task-definition/anjali-alankaram-backend-task:102",
            "timeouts": null,
            "triggers": {},
            "volume_configuration": [],
            "vpc_lattice_configurations": [],
            "wait_for_steady_state": false
          },
          "sensitive_attributes": [],
          "identity_schema_version": 0,
          "private": "eyJlMmJmYjczMC1lY2FhLTExZTYtOGY4OC0zNDM2M2JjN2M0YzAiOnsiY3JlYXRlIjoxMjAwMDAwMDAwMDAwLCJkZWxldGUiOjEyMDAwMDAwMDAwMDAsInVwZGF0ZSI6MTIwMDAwMDAwMDAwMH0sInNjaGVtYV92ZXJzaW9uIjoiMSJ9",
          "dependencies": [
            "aws_s3_bucket.assets",
            "aws_secretsmanager_secret.backend_secrets",
            "data.aws_caller_identity.current",
            "module.alb.aws_acm_certificate.main",
            "module.alb.aws_acm_certificate_validation.main",
            "module.alb.aws_lb.main",
            "module.alb.aws_lb_listener.http",
            "module.alb.aws_lb_listener.https",
            "module.alb.aws_lb_listener_rule.api",
            "module.alb.aws_lb_listener_rule.api_http",
            "module.alb.aws_lb_listener_rule.www_redirect",
            "module.alb.aws_lb_target_group.backend",
            "module.alb.aws_lb_target_group.frontend",
            "module.alb.aws_route53_record.alb",
            "module.alb.aws_route53_record.alb_api",
            "module.alb.aws_route53_record.alb_www",
            "module.alb.aws_route53_record.cert_validation",
            "module.alb.aws_route53_zone.main",
            "module.ecs.aws_cloudwatch_log_group.ecs",
            "module.ecs.aws_ecr_repository.backend",
            "module.ecs.aws_ecs_cluster.main",
            "module.ecs.aws_ecs_task_definition.backend",
            "module.security.aws_iam_role.ecs_task_execution_role",
            "module.security.aws_iam_role.ecs_task_role",
            "module.security.aws_security_group.alb",
            "module.security.aws_security_group.ecs_tasks",
            "module.vpc.aws_subnet.public",
            "module.vpc.aws_vpc.main"
          ]
        }
      ]
    },
    {
      "module": "module.ecs",
      "mode": "managed",
      "type": "aws_ecs_service",
      "name": "frontend",
      "provider": "provider[\"registry.terraform.io/hashicorp/aws\"]",
      "instances": [
        {
          "schema_version": 1,
          "attributes": {
            "alarms": [],
            "availability_zone_rebalancing": "DISABLED",
            "capacity_provider_strategy": [
              {
                "base": 0,
                "capacity_provider": "FARGATE",
                "weight": 0
              },
              {
                "base": 0,
                "capacity_provider": "FARGATE_SPOT",
                "weight": 1
              }
            ],
            "cluster": "arn:aws:ecs:ap-south-2:716403252967:cluster/anjali-alankaram-cluster",
            "deployment_circuit_breaker": [
              {
                "enable": true,
                "rollback": true
              }
            ],
            "deployment_controller": [
              {
                "type": "ECS"
              }
            ],
            "deployment_maximum_percent": 200,
            "deployment_minimum_healthy_percent": 100,
            "desired_count": 1,
            "enable_ecs_managed_tags": false,
            "enable_execute_command": true,
            "force_delete": null,
            "force_new_deployment": null,
            "health_check_grace_period_seconds": 0,
            "iam_role": "/aws-service-role/ecs.amazonaws.com/AWSServiceRoleForECS",
            "id": "arn:aws:ecs:ap-south-2:716403252967:service/anjali-alankaram-cluster/anjali-alankaram-frontend-service",
            "launch_type": "",
            "load_balancer": [
              {
                "container_name": "frontend",
                "container_port": 4000,
                "elb_name": "",
                "target_group_arn": "arn:aws:elasticloadbalancing:ap-south-2:716403252967:targetgroup/anjali-alankaram-tg-front/8976f485ea50a692"
              }
            ],
            "name": "anjali-alankaram-frontend-service",
            "network_configuration": [
              {
                "assign_public_ip": false,
                "security_groups": [
                  "sg-093f1784f885ec64c"
                ],
                "subnets": [
                  "subnet-0bce06b6c9b196321"
                ]
              }
            ],
            "ordered_placement_strategy": [],
            "placement_constraints": [],
            "platform_version": "LATEST",
            "propagate_tags": "NONE",
            "scheduling_strategy": "REPLICA",
            "service_connect_configuration": [],
            "service_registries": [],
            "tags": {
              "CostCenter": "Production",
              "Environment": "production",
              "ManagedBy": "Terraform",
              "Project": "anjali-alankaram"
            },
            "tags_all": {
              "CostCenter": "Production",
              "Environment": "production",
              "ManagedBy": "Terraform",
              "Project": "anjali-alankaram"
            },
            "task_definition": "arn:aws:ecs:ap-south-2:716403252967:task-definition/anjali-alankaram-frontend-task:41",
            "timeouts": null,
            "triggers": {},
            "volume_configuration": [],
            "vpc_lattice_configurations": [],
            "wait_for_steady_state": false
          },
          "sensitive_attributes": [],
          "identity_schema_version": 0,
          "private": "eyJlMmJmYjczMC1lY2FhLTExZTYtOGY4OC0zNDM2M2JjN2M0YzAiOnsiY3JlYXRlIjoxMjAwMDAwMDAwMDAwLCJkZWxldGUiOjEyMDAwMDAwMDAwMDAsInVwZGF0ZSI6MTIwMDAwMDAwMDAwMH0sInNjaGVtYV92ZXJzaW9uIjoiMSJ9",
          "dependencies": [
            "module.alb.aws_acm_certificate.main",
            "module.alb.aws_acm_certificate_validation.main",
            "module.alb.aws_lb.main",
            "module.alb.aws_lb_listener.http",
            "module.alb.aws_lb_listener.https",
            "module.alb.aws_lb_listener_rule.api",
            "module.alb.aws_lb_listener_rule.api_http",
            "module.alb.aws_lb_listener_rule.www_redirect",
            "module.alb.aws_lb_target_group.backend",
            "module.alb.aws_lb_target_group.frontend",
            "module.alb.aws_route53_record.alb",
            "module.alb.aws_route53_record.alb_api",
            "module.alb.aws_route53_record.alb_www",
            "module.alb.aws_route53_record.cert_validation",
            "module.alb.aws_route53_zone.main",
            "module.ecs.aws_cloudwatch_log_group.ecs",
            "module.ecs.aws_ecr_repository.frontend",
            "module.ecs.aws_ecs_cluster.main",
            "module.ecs.aws_ecs_task_definition.frontend",
            "module.security.aws_iam_role.ecs_task_execution_role",
            "module.security.aws_iam_role.ecs_task_role",
            "module.security.aws_security_group.alb",
            "module.security.aws_security_group.ecs_tasks",
            "module.vpc.aws_subnet.public",
            "module.vpc.aws_vpc.main"
          ]
        }
      ]
    },
    {
      "module": "module.ecs",
      "mode": "managed",
      "type": "aws_ecs_task_definition",
      "name": "backend",
      "provider": "provider[\"registry.terraform.io/hashicorp/aws\"]",
      "instances": [
        {
          "schema_version": 1,
          "attributes": {
            "arn": "arn:aws:ecs:ap-south-2:716403252967:task-definition/anjali-alankaram-backend-task:102",
            "arn_without_revision": "arn:aws:ecs:ap-south-2:716403252967:task-definition/anjali-alankaram-backend-task",
            "container_definitions": "[{\"environment\":[{\"name\":\"AWS_REGION\",\"value\":\"ap-south-2\"},{\"name\":\"AWS_S3_BUCKET\",\"value\":\"anjali-alankaram-assets-716403252967\"},{\"name\":\"CLOUDFRONT_DOMAIN\",\"value\":\"\"},{\"name\":\"NODE_ENV\",\"value\":\"production\"},{\"name\":\"PORT\",\"value\":\"3000\"},{\"name\":\"UPLOAD_DRIVER\",\"value\":\"s3\"}],\"essential\":true,\"healthCheck\":{\"command\":[\"CMD-SHELL\",\"curl -sf http://localhost:3000/api/v1/health || exit 1\"],\"interval\":30,\"retries\":3,\"startPeriod\":60,\"timeout\":10},\"image\":\"716403252967.dkr.ecr.ap-south-2.amazonaws.com/anjali-alankaram-backend:latest\",\"logConfiguration\":{\"logDriver\":\"awslogs\",\"options\":{\"awslogs-group\":\"/ecs/anjali-alankaram\",\"awslogs-region\":\"ap-south-2\",\"awslogs-stream-prefix\":\"backend\"}},\"mountPoints\":[],\"name\":\"backend\",\"portMappings\":[{\"containerPort\":3000,\"hostPort\":3000,\"protocol\":\"tcp\"}],\"secrets\":[{\"name\":\"ALLOWED_ORIGINS\",\"valueFrom\":\"arn:aws:secretsmanager:ap-south-2:716403252967:secret:anjali-alankaram-backend-env-625M6b:ALLOWED_ORIGINS::\"},{\"name\":\"DATABASE_URL\",\"valueFrom\":\"arn:aws:secretsmanager:ap-south-2:716403252967:secret:anjali-alankaram-backend-env-625M6b:DATABASE_URL::\"},{\"name\":\"FIREBASE_SERVICE_ACCOUNT_BASE64\",\"valueFrom\":\"arn:aws:secretsmanager:ap-south-2:716403252967:secret:anjali-alankaram-backend-env-625M6b:FIREBASE_SERVICE_ACCOUNT_BASE64::\"},{\"name\":\"GEMINI_API_KEY\",\"valueFrom\":\"arn:aws:secretsmanager:ap-south-2:716403252967:secret:anjali-alankaram-backend-env-625M6b:GEMINI_API_KEY::\"},{\"name\":\"GOOGLE_CLIENT_ID\",\"valueFrom\":\"arn:aws:secretsmanager:ap-south-2:716403252967:secret:anjali-alankaram-backend-env-625M6b:GOOGLE_CLIENT_ID::\"},{\"name\":\"JWT_ACCESS_EXPIRES\",\"valueFrom\":\"arn:aws:secretsmanager:ap-south-2:716403252967:secret:anjali-alankaram-backend-env-625M6b:JWT_ACCESS_EXPIRES::\"},{\"name\":\"JWT_SECRET\",\"valueFrom\":\"arn:aws:secretsmanager:ap-south-2:716403252967:secret:anjali-alankaram-backend-env-625M6b:JWT_SECRET::\"},{\"name\":\"MSG91_AUTH_KEY\",\"valueFrom\":\"arn:aws:secretsmanager:ap-south-2:716403252967:secret:anjali-alankaram-backend-env-625M6b:MSG91_AUTH_KEY::\"},{\"name\":\"MSG91_TEMPLATE_ID\",\"valueFrom\":\"arn:aws:secretsmanager:ap-south-2:716403252967:secret:anjali-alankaram-backend-env-625M6b:MSG91_TEMPLATE_ID::\"},{\"name\":\"MSG91_WHATSAPP_FORGOT_PASSWORD_TEMPLATE_NAME\",\"valueFrom\":\"arn:aws:secretsmanager:ap-south-2:716403252967:secret:anjali-alankaram-backend-env-625M6b:MSG91_WHATSAPP_FORGOT_PASSWORD_TEMPLATE_NAME::\"},{\"name\":\"MSG91_WHATSAPP_ORDER_CANCELLED_TEMPLATE\",\"valueFrom\":\"arn:aws:secretsmanager:ap-south-2:716403252967:secret:anjali-alankaram-backend-env-625M6b:MSG91_WHATSAPP_ORDER_CANCELLED_TEMPLATE::\"},{\"name\":\"MSG91_WHATSAPP_ORDER_DELIVERED_TEMPLATE\",\"valueFrom\":\"arn:aws:secretsmanager:ap-south-2:716403252967:secret:anjali-alankaram-backend-env-625M6b:MSG91_WHATSAPP_ORDER_DELIVERED_TEMPLATE::\"},{\"name\":\"MSG91_WHATSAPP_ORDER_PLACED_TEMPLATE\",\"valueFrom\":\"arn:aws:secretsmanager:ap-south-2:716403252967:secret:anjali-alankaram-backend-env-625M6b:MSG91_WHATSAPP_ORDER_PLACED_TEMPLATE::\"},{\"name\":\"MSG91_WHATSAPP_ORDER_SHIPPED_TEMPLATE\",\"valueFrom\":\"arn:aws:secretsmanager:ap-south-2:716403252967:secret:anjali-alankaram-backend-env-625M6b:MSG91_WHATSAPP_ORDER_SHIPPED_TEMPLATE::\"},{\"name\":\"MSG91_WHATSAPP_OTP_TEMPLATE_NAME\",\"valueFrom\":\"arn:aws:secretsmanager:ap-south-2:716403252967:secret:anjali-alankaram-backend-env-625M6b:MSG91_WHATSAPP_OTP_TEMPLATE_NAME::\"},{\"name\":\"MSG91_WHATSAPP_SENDER\",\"valueFrom\":\"arn:aws:secretsmanager:ap-south-2:716403252967:secret:anjali-alankaram-backend-env-625M6b:MSG91_WHATSAPP_SENDER::\"},{\"name\":\"RATE_LIMIT_REQUESTS\",\"valueFrom\":\"arn:aws:secretsmanager:ap-south-2:716403252967:secret:anjali-alankaram-backend-env-625M6b:RATE_LIMIT_REQUESTS::\"},{\"name\":\"RAZORPAY_KEY_ID\",\"valueFrom\":\"arn:aws:secretsmanager:ap-south-2:716403252967:secret:anjali-alankaram-backend-env-625M6b:RAZORPAY_KEY_ID::\"},{\"name\":\"RAZORPAY_KEY_SECRET\",\"valueFrom\":\"arn:aws:secretsmanager:ap-south-2:716403252967:secret:anjali-alankaram-backend-env-625M6b:RAZORPAY_KEY_SECRET::\"},{\"name\":\"RAZORPAY_WEBHOOK_SECRET\",\"valueFrom\":\"arn:aws:secretsmanager:ap-south-2:716403252967:secret:anjali-alankaram-backend-env-625M6b:RAZORPAY_WEBHOOK_SECRET::\"},{\"name\":\"REDIS_HOST\",\"valueFrom\":\"arn:aws:secretsmanager:ap-south-2:716403252967:secret:anjali-alankaram-backend-env-625M6b:REDIS_HOST::\"},{\"name\":\"REDIS_PASSWORD\",\"valueFrom\":\"arn:aws:secretsmanager:ap-south-2:716403252967:secret:anjali-alankaram-backend-env-625M6b:REDIS_PASSWORD::\"},{\"name\":\"REDIS_PORT\",\"valueFrom\":\"arn:aws:secretsmanager:ap-south-2:716403252967:secret:anjali-alankaram-backend-env-625M6b:REDIS_PORT::\"},{\"name\":\"SES_AWS_ACCESS_KEY_ID\",\"valueFrom\":\"arn:aws:secretsmanager:ap-south-2:716403252967:secret:anjali-alankaram-backend-env-625M6b:SES_AWS_ACCESS_KEY_ID::\"},{\"name\":\"SES_AWS_REGION\",\"valueFrom\":\"arn:aws:secretsmanager:ap-south-2:716403252967:secret:anjali-alankaram-backend-env-625M6b:SES_AWS_REGION::\"},{\"name\":\"SES_AWS_SECRET_ACCESS_KEY\",\"valueFrom\":\"arn:aws:secretsmanager:ap-south-2:716403252967:secret:anjali-alankaram-backend-env-625M6b:SES_AWS_SECRET_ACCESS_KEY::\"},{\"name\":\"SES_FROM_EMAIL\",\"valueFrom\":\"arn:aws:secretsmanager:ap-south-2:716403252967:secret:anjali-alankaram-backend-env-625M6b:SES_FROM_EMAIL::\"},{\"name\":\"SES_FROM_NAME\",\"valueFrom\":\"arn:aws:secretsmanager:ap-south-2:716403252967:secret:anjali-alankaram-backend-env-625M6b:SES_FROM_NAME::\"},{\"name\":\"SHIPROCKET_EMAIL\",\"valueFrom\":\"arn:aws:secretsmanager:ap-south-2:716403252967:secret:anjali-alankaram-backend-env-625M6b:SHIPROCKET_EMAIL::\"},{\"name\":\"SHIPROCKET_PASSWORD\",\"valueFrom\":\"arn:aws:secretsmanager:ap-south-2:716403252967:secret:anjali-alankaram-backend-env-625M6b:SHIPROCKET_PASSWORD::\"},{\"name\":\"TWILIO_ACCOUNT_SID\",\"valueFrom\":\"arn:aws:secretsmanager:ap-south-2:716403252967:secret:anjali-alankaram-backend-env-625M6b:TWILIO_ACCOUNT_SID::\"},{\"name\":\"TWILIO_API_KEY_SECRET\",\"valueFrom\":\"arn:aws:secretsmanager:ap-south-2:716403252967:secret:anjali-alankaram-backend-env-625M6b:TWILIO_API_KEY_SECRET::\"},{\"name\":\"TWILIO_API_KEY_SID\",\"valueFrom\":\"arn:aws:secretsmanager:ap-south-2:716403252967:secret:anjali-alankaram-backend-env-625M6b:TWILIO_API_KEY_SID::\"},{\"name\":\"TWILIO_WHATSAPP_NUMBER\",\"valueFrom\":\"arn:aws:secretsmanager:ap-south-2:716403252967:secret:anjali-alankaram-backend-env-625M6b:TWILIO_WHATSAPP_NUMBER::\"}],\"stopTimeout\":30,\"systemControls\":[],\"volumesFrom\":[]}]",
            "cpu": "256",
            "enable_fault_injection": false,
            "ephemeral_storage": [],
            "execution_role_arn": "arn:aws:iam::716403252967:role/anjali-alankaram-ecs-execution-role",
            "family": "anjali-alankaram-backend-task",
            "id": "anjali-alankaram-backend-task",
            "inference_accelerator": [],
            "ipc_mode": "",
            "memory": "512",
            "network_mode": "awsvpc",
            "pid_mode": "",
            "placement_constraints": [],
            "proxy_configuration": [],
            "requires_compatibilities": [
              "FARGATE"
            ],
            "revision": 102,
            "runtime_platform": [
              {
                "cpu_architecture": "X86_64",
                "operating_system_family": "LINUX"
              }
            ],
            "skip_destroy": false,
            "tags": {
              "CostCenter": "Production",
              "Environment": "production",
              "ManagedBy": "Terraform",
              "Project": "anjali-alankaram"
            },
            "tags_all": {
              "CostCenter": "Production",
              "Environment": "production",
              "ManagedBy": "Terraform",
              "Project": "anjali-alankaram"
            },
            "task_role_arn": "arn:aws:iam::716403252967:role/anjali-alankaram-ecs-task-role",
            "track_latest": false,
            "volume": []
          },
          "sensitive_attributes": [],
          "identity_schema_version": 0,
          "private": "eyJzY2hlbWFfdmVyc2lvbiI6IjEifQ==",
          "dependencies": [
            "aws_s3_bucket.assets",
            "aws_secretsmanager_secret.backend_secrets",
            "data.aws_caller_identity.current",
            "module.ecs.aws_cloudwatch_log_group.ecs",
            "module.ecs.aws_ecr_repository.backend",
            "module.security.aws_iam_role.ecs_task_execution_role",
            "module.security.aws_iam_role.ecs_task_role"
          ]
        }
      ]
    },
    {
      "module": "module.ecs",
      "mode": "managed",
      "type": "aws_ecs_task_definition",
      "name": "frontend",
      "provider": "provider[\"registry.terraform.io/hashicorp/aws\"]",
      "instances": [
        {
          "schema_version": 1,
          "attributes": {
            "arn": "arn:aws:ecs:ap-south-2:716403252967:task-definition/anjali-alankaram-frontend-task:41",
            "arn_without_revision": "arn:aws:ecs:ap-south-2:716403252967:task-definition/anjali-alankaram-frontend-task",
            "container_definitions": "[{\"environment\":[{\"name\":\"NODE_ENV\",\"value\":\"production\"},{\"name\":\"PORT\",\"value\":\"4000\"}],\"essential\":true,\"healthCheck\":{\"command\":[\"CMD-SHELL\",\"curl -sf http://127.0.0.1:4000/api/health || exit 1\"],\"interval\":30,\"retries\":3,\"startPeriod\":60,\"timeout\":10},\"image\":\"716403252967.dkr.ecr.ap-south-2.amazonaws.com/anjali-alankaram-frontend:latest\",\"logConfiguration\":{\"logDriver\":\"awslogs\",\"options\":{\"awslogs-group\":\"/ecs/anjali-alankaram\",\"awslogs-region\":\"ap-south-2\",\"awslogs-stream-prefix\":\"frontend\"}},\"mountPoints\":[],\"name\":\"frontend\",\"portMappings\":[{\"containerPort\":4000,\"hostPort\":4000,\"protocol\":\"tcp\"}],\"stopTimeout\":30,\"systemControls\":[],\"volumesFrom\":[]}]",
            "cpu": "256",
            "enable_fault_injection": false,
            "ephemeral_storage": [],
            "execution_role_arn": "arn:aws:iam::716403252967:role/anjali-alankaram-ecs-execution-role",
            "family": "anjali-alankaram-frontend-task",
            "id": "anjali-alankaram-frontend-task",
            "inference_accelerator": [],
            "ipc_mode": "",
            "memory": "512",
            "network_mode": "awsvpc",
            "pid_mode": "",
            "placement_constraints": [],
            "proxy_configuration": [],
            "requires_compatibilities": [
              "FARGATE"
            ],
            "revision": 41,
            "runtime_platform": [
              {
                "cpu_architecture": "X86_64",
                "operating_system_family": "LINUX"
              }
            ],
            "skip_destroy": false,
            "tags": {
              "CostCenter": "Production",
              "Environment": "production",
              "ManagedBy": "Terraform",
              "Project": "anjali-alankaram"
            },
            "tags_all": {
              "CostCenter": "Production",
              "Environment": "production",
              "ManagedBy": "Terraform",
              "Project": "anjali-alankaram"
            },
            "task_role_arn": "arn:aws:iam::716403252967:role/anjali-alankaram-ecs-task-role",
            "track_latest": false,
            "volume": []
          },
          "sensitive_attributes": [],
          "identity_schema_version": 0,
          "private": "eyJzY2hlbWFfdmVyc2lvbiI6IjEifQ==",
          "dependencies": [
            "module.ecs.aws_cloudwatch_log_group.ecs",
            "module.ecs.aws_ecr_repository.frontend",
            "module.security.aws_iam_role.ecs_task_execution_role",
            "module.security.aws_iam_role.ecs_task_role"
          ]
        }
      ]
    },
    {
      "module": "module.rds",
      "mode": "managed",
      "type": "aws_db_instance",
      "name": "postgres",
      "provider": "provider[\"registry.terraform.io/hashicorp/aws\"]",
      "instances": [
        {
          "schema_version": 2,
          "attributes": {
            "address": "anjali-alankaram-db-wiped.c56m6guc44tf.ap-south-2.rds.amazonaws.com",
            "allocated_storage": 30,
            "allow_major_version_upgrade": null,
            "apply_immediately": true,
            "arn": "arn:aws:rds:ap-south-2:716403252967:db:anjali-alankaram-db-wiped",
            "auto_minor_version_upgrade": true,
            "availability_zone": "ap-south-2b",
            "backup_retention_period": 7,
            "backup_target": "region",
            "backup_window": "12:17-12:47",
            "blue_green_update": [],
            "ca_cert_identifier": "rds-ca-rsa2048-g1",
            "character_set_name": "",
            "copy_tags_to_snapshot": false,
            "custom_iam_instance_profile": "",
            "customer_owned_ip_enabled": false,
            "database_insights_mode": "standard",
            "db_name": "anjali_alankaram",
            "db_subnet_group_name": "anjali-alankaram-rds-subnet-group",
            "dedicated_log_volume": false,
            "delete_automated_backups": true,
            "deletion_protection": false,
            "domain": "",
            "domain_auth_secret_arn": "",
            "domain_dns_ips": [],
            "domain_fqdn": "",
            "domain_iam_role_name": "",
            "domain_ou": "",
            "enabled_cloudwatch_logs_exports": [],
            "endpoint": "anjali-alankaram-db-wiped.c56m6guc44tf.ap-south-2.rds.amazonaws.com:5432",
            "engine": "postgres",
            "engine_lifecycle_support": "open-source-rds-extended-support",
            "engine_version": "15",
            "engine_version_actual": "15.17",
            "final_snapshot_identifier": null,
            "hosted_zone_id": "Z098687625BJA6F8S4YLC",
            "iam_database_authentication_enabled": false,
            "id": "db-SYCLPJKNC6IGSORJL5G2S5QVI4",
            "identifier": "anjali-alankaram-db-wiped",
            "identifier_prefix": "",
            "instance_class": "db.t4g.micro",
            "iops": 3000,
            "kms_key_id": "",
            "latest_restorable_time": "2026-08-23T08:31:34Z",
            "license_model": "postgresql-license",
            "listener_endpoint": [],
            "maintenance_window": "tue:09:05-tue:09:35",
            "manage_master_user_password": null,
            "master_user_secret": [],
            "master_user_secret_kms_key_id": null,
            "max_allocated_storage": 100,
            "monitoring_interval": 0,
            "monitoring_role_arn": "",
            "multi_az": false,
            "nchar_character_set_name": "",
            "network_type": "IPV4",
            "option_group_name": "default:postgres-15",
            "parameter_group_name": "default.postgres15",
            "password": "AnjaliAlankaram2026Secure",
            "password_wo": null,
            "password_wo_version": null,
            "performance_insights_enabled": false,
            "performance_insights_kms_key_id": "",
            "performance_insights_retention_period": 0,
            "port": 5432,
            "publicly_accessible": false,
            "replica_mode": "",
            "replicas": [],
            "replicate_source_db": "",
            "resource_id": "db-SYCLPJKNC6IGSORJL5G2S5QVI4",
            "restore_to_point_in_time": [],
            "s3_import": [],
            "skip_final_snapshot": true,
            "snapshot_identifier": null,
            "status": "available",
            "storage_encrypted": false,
            "storage_throughput": 125,
            "storage_type": "gp3",
            "tags": {
              "CostCenter": "Production",
              "Environment": "production",
              "ManagedBy": "Terraform",
              "Project": "anjali-alankaram"
            },
            "tags_all": {
              "CostCenter": "Production",
              "Environment": "production",
              "ManagedBy": "Terraform",
              "Project": "anjali-alankaram"
            },
            "timeouts": null,
            "timezone": "",
            "upgrade_storage_config": null,
            "username": "postgres",
            "vpc_security_group_ids": [
              "sg-0ea2564be79052742"
            ]
          },
          "sensitive_attributes": [
            [
              {
                "type": "get_attr",
                "value": "password"
              }
            ],
            [
              {
                "type": "get_attr",
                "value": "password_wo"
              }
            ]
          ],
          "identity_schema_version": 0,
          "private": "eyJlMmJmYjczMC1lY2FhLTExZTYtOGY4OC0zNDM2M2JjN2M0YzAiOnsiY3JlYXRlIjozMDAwMDAwMDAwMDAwLCJkZWxldGUiOjM2MDAwMDAwMDAwMDAsInVwZGF0ZSI6NDgwMDAwMDAwMDAwMH0sInNjaGVtYV92ZXJzaW9uIjoiMiJ9",
          "dependencies": [
            "module.rds.aws_db_subnet_group.main",
            "module.security.aws_security_group.alb",
            "module.security.aws_security_group.ecs_tasks",
            "module.security.aws_security_group.rds",
            "module.vpc.aws_subnet.public",
            "module.vpc.aws_vpc.main"
          ]
        }
      ]
    },
    {
      "module": "module.rds",
      "mode": "managed",
      "type": "aws_db_subnet_group",
      "name": "main",
      "provider": "provider[\"registry.terraform.io/hashicorp/aws\"]",
      "instances": [
        {
          "schema_version": 0,
          "attributes": {
            "arn": "arn:aws:rds:ap-south-2:716403252967:subgrp:anjali-alankaram-rds-subnet-group",
            "description": "Managed by Terraform",
            "id": "anjali-alankaram-rds-subnet-group",
            "name": "anjali-alankaram-rds-subnet-group",
            "name_prefix": "",
            "subnet_ids": [
              "subnet-04f01ec84905a4206",
              "subnet-0bce06b6c9b196321"
            ],
            "supported_network_types": [
              "IPV4"
            ],
            "tags": {
              "CostCenter": "Production",
              "Environment": "production",
              "ManagedBy": "Terraform",
              "Project": "anjali-alankaram"
            },
            "tags_all": {
              "CostCenter": "Production",
              "Environment": "production",
              "ManagedBy": "Terraform",
              "Project": "anjali-alankaram"
            },
            "vpc_id": "vpc-028c020beba961d28"
          },
          "sensitive_attributes": [],
          "identity_schema_version": 0,
          "private": "bnVsbA==",
          "dependencies": [
            "module.vpc.aws_subnet.public",
            "module.vpc.aws_vpc.main"
          ]
        }
      ]
    },
    {
      "module": "module.redis[0]",
      "mode": "managed",
      "type": "aws_elasticache_cluster",
      "name": "redis",
      "provider": "provider[\"registry.terraform.io/hashicorp/aws\"]",
      "instances": [
        {
          "schema_version": 0,
          "attributes": {
            "apply_immediately": null,
            "arn": "arn:aws:elasticache:ap-south-2:716403252967:cluster:anjali-alankaram-redis",
            "auto_minor_version_upgrade": "true",
            "availability_zone": "ap-south-2a",
            "az_mode": "single-az",
            "cache_nodes": [
              {
                "address": "anjali-alankaram-redis.bxhjkw.0001.aps2.cache.amazonaws.com",
                "availability_zone": "ap-south-2a",
                "id": "0001",
                "outpost_arn": "",
                "port": 6379
              }
            ],
            "cluster_address": null,
            "cluster_id": "anjali-alankaram-redis",
            "configuration_endpoint": null,
            "engine": "redis",
            "engine_version": "7.0",
            "engine_version_actual": "7.0.7",
            "final_snapshot_identifier": null,
            "id": "anjali-alankaram-redis",
            "ip_discovery": "ipv4",
            "log_delivery_configuration": [],
            "maintenance_window": "sat:21:00-sat:22:00",
            "network_type": "ipv4",
            "node_type": "cache.t4g.micro",
            "notification_topic_arn": null,
            "num_cache_nodes": 1,
            "outpost_mode": null,
            "parameter_group_name": "default.redis7",
            "port": 6379,
            "preferred_availability_zones": null,
            "preferred_outpost_arn": "",
            "replication_group_id": "",
            "security_group_ids": [
              "sg-0abfa099c32948b4e"
            ],
            "snapshot_arns": null,
            "snapshot_name": null,
            "snapshot_retention_limit": 0,
            "snapshot_window": "22:00-23:00",
            "subnet_group_name": "anjali-alankaram-redis-subnet-group",
            "tags": {
              "CostCenter": "Production",
              "Environment": "production",
              "ManagedBy": "Terraform",
              "Project": "anjali-alankaram"
            },
            "tags_all": {
              "CostCenter": "Production",
              "Environment": "production",
              "ManagedBy": "Terraform",
              "Project": "anjali-alankaram"
            },
            "timeouts": null,
            "transit_encryption_enabled": false
          },
          "sensitive_attributes": [],
          "identity_schema_version": 0,
          "private": "eyJlMmJmYjczMC1lY2FhLTExZTYtOGY4OC0zNDM2M2JjN2M0YzAiOnsiY3JlYXRlIjoyNDAwMDAwMDAwMDAwLCJkZWxldGUiOjI0MDAwMDAwMDAwMDAsInVwZGF0ZSI6NDgwMDAwMDAwMDAwMH19",
          "dependencies": [
            "module.redis.aws_elasticache_subnet_group.main",
            "module.security.aws_security_group.alb",
            "module.security.aws_security_group.ecs_tasks",
            "module.security.aws_security_group.redis",
            "module.vpc.aws_subnet.public",
            "module.vpc.aws_vpc.main"
          ]
        }
      ]
    },
    {
      "module": "module.redis[0]",
      "mode": "managed",
      "type": "aws_elasticache_subnet_group",
      "name": "main",
      "provider": "provider[\"registry.terraform.io/hashicorp/aws\"]",
      "instances": [
        {
          "schema_version": 0,
          "attributes": {
            "arn": "arn:aws:elasticache:ap-south-2:716403252967:subnetgroup:anjali-alankaram-redis-subnet-group",
            "description": "Managed by Terraform",
            "id": "anjali-alankaram-redis-subnet-group",
            "name": "anjali-alankaram-redis-subnet-group",
            "subnet_ids": [
              "subnet-04f01ec84905a4206",
              "subnet-0bce06b6c9b196321"
            ],
            "tags": {
              "CostCenter": "Production",
              "Environment": "production",
              "ManagedBy": "Terraform",
              "Project": "anjali-alankaram"
            },
            "tags_all": {
              "CostCenter": "Production",
              "Environment": "production",
              "ManagedBy": "Terraform",
              "Project": "anjali-alankaram"
            },
            "vpc_id": "vpc-028c020beba961d28"
          },
          "sensitive_attributes": [],
          "identity_schema_version": 0,
          "private": "bnVsbA==",
          "dependencies": [
            "module.vpc.aws_subnet.public",
            "module.vpc.aws_vpc.main"
          ]
        }
      ]
    },
    {
      "module": "module.security",
      "mode": "managed",
      "type": "aws_iam_role",
      "name": "ecs_task_execution_role",
      "provider": "provider[\"registry.terraform.io/hashicorp/aws\"]",
      "instances": [
        {
          "schema_version": 0,
          "attributes": {
            "arn": "arn:aws:iam::716403252967:role/anjali-alankaram-ecs-execution-role",
            "assume_role_policy": "{\"Statement\":[{\"Action\":\"sts:AssumeRole\",\"Effect\":\"Allow\",\"Principal\":{\"Service\":\"ecs-tasks.amazonaws.com\"}}],\"Version\":\"2012-10-17\"}",
            "create_date": "2026-07-11T15:45:07Z",
            "description": "",
            "force_detach_policies": false,
            "id": "anjali-alankaram-ecs-execution-role",
            "inline_policy": [
              {
                "name": "anjali-alankaram-ecs-secrets-policy",
                "policy": "{\"Version\":\"2012-10-17\",\"Statement\":[{\"Action\":[\"secretsmanager:GetSecretValue\"],\"Effect\":\"Allow\",\"Resource\":[\"arn:aws:secretsmanager:ap-south-2:716403252967:secret:anjali-alankaram-backend-env-625M6b\"]}]}"
              }
            ],
            "managed_policy_arns": [
              "arn:aws:iam::aws:policy/service-role/AmazonECSTaskExecutionRolePolicy"
            ],
            "max_session_duration": 3600,
            "name": "anjali-alankaram-ecs-execution-role",
            "name_prefix": "",
            "path": "/",
            "permissions_boundary": "",
            "tags": {
              "CostCenter": "Production",
              "Environment": "production",
              "ManagedBy": "Terraform",
              "Project": "anjali-alankaram"
            },
            "tags_all": {
              "CostCenter": "Production",
              "Environment": "production",
              "ManagedBy": "Terraform",
              "Project": "anjali-alankaram"
            },
            "unique_id": "AROA2NTHWD3TYJSDEAHR6"
          },
          "sensitive_attributes": [],
          "identity_schema_version": 0,
          "private": "bnVsbA=="
        }
      ]
    },
    {
      "module": "module.security",
      "mode": "managed",
      "type": "aws_iam_role",
      "name": "ecs_task_role",
      "provider": "provider[\"registry.terraform.io/hashicorp/aws\"]",
      "instances": [
        {
          "schema_version": 0,
          "attributes": {
            "arn": "arn:aws:iam::716403252967:role/anjali-alankaram-ecs-task-role",
            "assume_role_policy": "{\"Statement\":[{\"Action\":\"sts:AssumeRole\",\"Effect\":\"Allow\",\"Principal\":{\"Service\":\"ecs-tasks.amazonaws.com\"}}],\"Version\":\"2012-10-17\"}",
            "create_date": "2026-07-11T15:45:07Z",
            "description": "",
            "force_detach_policies": false,
            "id": "anjali-alankaram-ecs-task-role",
            "inline_policy": [
              {
                "name": "anjali-alankaram-ecs-ce-policy",
                "policy": "{\"Version\":\"2012-10-17\",\"Statement\":[{\"Action\":[\"ce:GetCostAndUsage\"],\"Effect\":\"Allow\",\"Resource\":\"*\"}]}"
              },
              {
                "name": "anjali-alankaram-ecs-exec-policy",
                "policy": "{\"Version\":\"2012-10-17\",\"Statement\":[{\"Action\":[\"ssmmessages:CreateControlChannel\",\"ssmmessages:CreateDataChannel\",\"ssmmessages:OpenControlChannel\",\"ssmmessages:OpenDataChannel\"],\"Effect\":\"Allow\",\"Resource\":\"*\"}]}"
              },
              {
                "name": "anjali-alankaram-ecs-s3-policy",
                "policy": "{\"Version\":\"2012-10-17\",\"Statement\":[{\"Action\":[\"s3:PutObject\",\"s3:GetObject\",\"s3:DeleteObject\",\"s3:ListBucket\"],\"Effect\":\"Allow\",\"Resource\":[\"arn:aws:s3:::anjali-alankaram-assets-*\",\"arn:aws:s3:::anjali-alankaram-assets-*/*\"]}]}"
              },
              {
                "name": "anjali-alankaram-ecs-ses-policy",
                "policy": "{\"Version\":\"2012-10-17\",\"Statement\":[{\"Action\":[\"ses:SendEmail\",\"ses:SendRawEmail\"],\"Effect\":\"Allow\",\"Resource\":\"*\"}]}"
              }
            ],
            "managed_policy_arns": [],
            "max_session_duration": 3600,
            "name": "anjali-alankaram-ecs-task-role",
            "name_prefix": "",
            "path": "/",
            "permissions_boundary": "",
            "tags": {
              "CostCenter": "Production",
              "Environment": "production",
              "ManagedBy": "Terraform",
              "Project": "anjali-alankaram"
            },
            "tags_all": {
              "CostCenter": "Production",
              "Environment": "production",
              "ManagedBy": "Terraform",
              "Project": "anjali-alankaram"
            },
            "unique_id": "AROA2NTHWD3TXA4NLGTFL"
          },
          "sensitive_attributes": [],
          "identity_schema_version": 0,
          "private": "bnVsbA=="
        }
      ]
    },
    {
      "module": "module.security",
      "mode": "managed",
      "type": "aws_iam_role_policy",
      "name": "ecs_ce_access",
      "provider": "provider[\"registry.terraform.io/hashicorp/aws\"]",
      "instances": [
        {
          "schema_version": 0,
          "attributes": {
            "id": "anjali-alankaram-ecs-task-role:anjali-alankaram-ecs-ce-policy",
            "name": "anjali-alankaram-ecs-ce-policy",
            "name_prefix": "",
            "policy": "{\"Version\":\"2012-10-17\",\"Statement\":[{\"Action\":[\"ce:GetCostAndUsage\"],\"Effect\":\"Allow\",\"Resource\":\"*\"}]}",
            "role": "anjali-alankaram-ecs-task-role"
          },
          "sensitive_attributes": [],
          "identity_schema_version": 0,
          "private": "bnVsbA==",
          "dependencies": [
            "module.security.aws_iam_role.ecs_task_role"
          ]
        }
      ]
    },
    {
      "module": "module.security",
      "mode": "managed",
      "type": "aws_iam_role_policy",
      "name": "ecs_exec_command",
      "provider": "provider[\"registry.terraform.io/hashicorp/aws\"]",
      "instances": [
        {
          "schema_version": 0,
          "attributes": {
            "id": "anjali-alankaram-ecs-task-role:anjali-alankaram-ecs-exec-policy",
            "name": "anjali-alankaram-ecs-exec-policy",
            "name_prefix": "",
            "policy": "{\"Version\":\"2012-10-17\",\"Statement\":[{\"Action\":[\"ssmmessages:CreateControlChannel\",\"ssmmessages:CreateDataChannel\",\"ssmmessages:OpenControlChannel\",\"ssmmessages:OpenDataChannel\"],\"Effect\":\"Allow\",\"Resource\":\"*\"}]}",
            "role": "anjali-alankaram-ecs-task-role"
          },
          "sensitive_attributes": [],
          "identity_schema_version": 0,
          "private": "bnVsbA==",
          "dependencies": [
            "module.security.aws_iam_role.ecs_task_role"
          ]
        }
      ]
    },
    {
      "module": "module.security",
      "mode": "managed",
      "type": "aws_iam_role_policy",
      "name": "ecs_execution_secrets",
      "provider": "provider[\"registry.terraform.io/hashicorp/aws\"]",
      "instances": [
        {
          "schema_version": 0,
          "attributes": {
            "id": "anjali-alankaram-ecs-execution-role:anjali-alankaram-ecs-secrets-policy",
            "name": "anjali-alankaram-ecs-secrets-policy",
            "name_prefix": "",
            "policy": "{\"Version\":\"2012-10-17\",\"Statement\":[{\"Action\":[\"secretsmanager:GetSecretValue\"],\"Effect\":\"Allow\",\"Resource\":[\"arn:aws:secretsmanager:ap-south-2:716403252967:secret:anjali-alankaram-backend-env-625M6b\"]}]}",
            "role": "anjali-alankaram-ecs-execution-role"
          },
          "sensitive_attributes": [],
          "identity_schema_version": 0,
          "private": "bnVsbA==",
          "dependencies": [
            "aws_secretsmanager_secret.backend_secrets",
            "module.security.aws_iam_role.ecs_task_execution_role"
          ]
        }
      ]
    },
    {
      "module": "module.security",
      "mode": "managed",
      "type": "aws_iam_role_policy",
      "name": "ecs_s3_access",
      "provider": "provider[\"registry.terraform.io/hashicorp/aws\"]",
      "instances": [
        {
          "schema_version": 0,
          "attributes": {
            "id": "anjali-alankaram-ecs-task-role:anjali-alankaram-ecs-s3-policy",
            "name": "anjali-alankaram-ecs-s3-policy",
            "name_prefix": "",
            "policy": "{\"Version\":\"2012-10-17\",\"Statement\":[{\"Action\":[\"s3:PutObject\",\"s3:GetObject\",\"s3:DeleteObject\",\"s3:ListBucket\"],\"Effect\":\"Allow\",\"Resource\":[\"arn:aws:s3:::anjali-alankaram-assets-*\",\"arn:aws:s3:::anjali-alankaram-assets-*/*\"]}]}",
            "role": "anjali-alankaram-ecs-task-role"
          },
          "sensitive_attributes": [],
          "identity_schema_version": 0,
          "private": "bnVsbA==",
          "dependencies": [
            "module.security.aws_iam_role.ecs_task_role"
          ]
        }
      ]
    },
    {
      "module": "module.security",
      "mode": "managed",
      "type": "aws_iam_role_policy",
      "name": "ecs_ses_access",
      "provider": "provider[\"registry.terraform.io/hashicorp/aws\"]",
      "instances": [
        {
          "schema_version": 0,
          "attributes": {
            "id": "anjali-alankaram-ecs-task-role:anjali-alankaram-ecs-ses-policy",
            "name": "anjali-alankaram-ecs-ses-policy",
            "name_prefix": "",
            "policy": "{\"Version\":\"2012-10-17\",\"Statement\":[{\"Action\":[\"ses:SendEmail\",\"ses:SendRawEmail\"],\"Effect\":\"Allow\",\"Resource\":\"*\"}]}",
            "role": "anjali-alankaram-ecs-task-role"
          },
          "sensitive_attributes": [],
          "identity_schema_version": 0,
          "private": "bnVsbA==",
          "dependencies": [
            "module.security.aws_iam_role.ecs_task_role"
          ]
        }
      ]
    },
    {
      "module": "module.security",
      "mode": "managed",
      "type": "aws_iam_role_policy_attachment",
      "name": "ecs_task_execution_role_policy",
      "provider": "provider[\"registry.terraform.io/hashicorp/aws\"]",
      "instances": [
        {
          "schema_version": 0,
          "attributes": {
            "id": "anjali-alankaram-ecs-execution-role-20260711154509780600000008",
            "policy_arn": "arn:aws:iam::aws:policy/service-role/AmazonECSTaskExecutionRolePolicy",
            "role": "anjali-alankaram-ecs-execution-role"
          },
          "sensitive_attributes": [],
          "identity_schema_version": 0,
          "private": "bnVsbA==",
          "dependencies": [
            "module.security.aws_iam_role.ecs_task_execution_role"
          ]
        }
      ]
    },
    {
      "module": "module.security",
      "mode": "managed",
      "type": "aws_security_group",
      "name": "alb",
      "provider": "provider[\"registry.terraform.io/hashicorp/aws\"]",
      "instances": [
        {
          "schema_version": 1,
          "attributes": {
            "arn": "arn:aws:ec2:ap-south-2:716403252967:security-group/sg-0f5b34317d2ff0f34",
            "description": "Allow inbound HTTPS/HTTP",
            "egress": [
              {
                "cidr_blocks": [
                  "0.0.0.0/0"
                ],
                "description": "",
                "from_port": 0,
                "ipv6_cidr_blocks": [],
                "prefix_list_ids": [],
                "protocol": "-1",
                "security_groups": [],
                "self": false,
                "to_port": 0
              }
            ],
            "id": "sg-0f5b34317d2ff0f34",
            "ingress": [
              {
                "cidr_blocks": [
                  "0.0.0.0/0"
                ],
                "description": "",
                "from_port": 443,
                "ipv6_cidr_blocks": [],
                "prefix_list_ids": [],
                "protocol": "tcp",
                "security_groups": [],
                "self": false,
                "to_port": 443
              },
              {
                "cidr_blocks": [
                  "0.0.0.0/0"
                ],
                "description": "",
                "from_port": 80,
                "ipv6_cidr_blocks": [],
                "prefix_list_ids": [],
                "protocol": "tcp",
                "security_groups": [],
                "self": false,
                "to_port": 80
              }
            ],
            "name": "anjali-alankaram-alb-sg",
            "name_prefix": "",
            "owner_id": "716403252967",
            "revoke_rules_on_delete": false,
            "tags": {
              "CostCenter": "Production",
              "Environment": "production",
              "ManagedBy": "Terraform",
              "Project": "anjali-alankaram"
            },
            "tags_all": {
              "CostCenter": "Production",
              "Environment": "production",
              "ManagedBy": "Terraform",
              "Project": "anjali-alankaram"
            },
            "timeouts": null,
            "vpc_id": "vpc-028c020beba961d28"
          },
          "sensitive_attributes": [],
          "identity_schema_version": 0,
          "private": "eyJlMmJmYjczMC1lY2FhLTExZTYtOGY4OC0zNDM2M2JjN2M0YzAiOnsiY3JlYXRlIjo2MDAwMDAwMDAwMDAsImRlbGV0ZSI6OTAwMDAwMDAwMDAwfSwic2NoZW1hX3ZlcnNpb24iOiIxIn0=",
          "dependencies": [
            "module.vpc.aws_vpc.main"
          ]
        }
      ]
    },
    {
      "module": "module.security",
      "mode": "managed",
      "type": "aws_security_group",
      "name": "ecs_tasks",
      "provider": "provider[\"registry.terraform.io/hashicorp/aws\"]",
      "instances": [
        {
          "schema_version": 1,
          "attributes": {
            "arn": "arn:aws:ec2:ap-south-2:716403252967:security-group/sg-093f1784f885ec64c",
            "description": "Allow inbound traffic only from ALB",
            "egress": [
              {
                "cidr_blocks": [
                  "0.0.0.0/0"
                ],
                "description": "",
                "from_port": 0,
                "ipv6_cidr_blocks": [],
                "prefix_list_ids": [],
                "protocol": "-1",
                "security_groups": [],
                "self": false,
                "to_port": 0
              }
            ],
            "id": "sg-093f1784f885ec64c",
            "ingress": [
              {
                "cidr_blocks": [],
                "description": "",
                "from_port": 3000,
                "ipv6_cidr_blocks": [],
                "prefix_list_ids": [],
                "protocol": "tcp",
                "security_groups": [
                  "sg-0f5b34317d2ff0f34"
                ],
                "self": false,
                "to_port": 4000
              }
            ],
            "name": "anjali-alankaram-ecs-tasks-sg",
            "name_prefix": "",
            "owner_id": "716403252967",
            "revoke_rules_on_delete": false,
            "tags": {
              "CostCenter": "Production",
              "Environment": "production",
              "ManagedBy": "Terraform",
              "Project": "anjali-alankaram"
            },
            "tags_all": {
              "CostCenter": "Production",
              "Environment": "production",
              "ManagedBy": "Terraform",
              "Project": "anjali-alankaram"
            },
            "timeouts": null,
            "vpc_id": "vpc-028c020beba961d28"
          },
          "sensitive_attributes": [],
          "identity_schema_version": 0,
          "private": "eyJlMmJmYjczMC1lY2FhLTExZTYtOGY4OC0zNDM2M2JjN2M0YzAiOnsiY3JlYXRlIjo2MDAwMDAwMDAwMDAsImRlbGV0ZSI6OTAwMDAwMDAwMDAwfSwic2NoZW1hX3ZlcnNpb24iOiIxIn0=",
          "dependencies": [
            "module.security.aws_security_group.alb",
            "module.vpc.aws_vpc.main"
          ]
        }
      ]
    },
    {
      "module": "module.security",
      "mode": "managed",
      "type": "aws_security_group",
      "name": "rds",
      "provider": "provider[\"registry.terraform.io/hashicorp/aws\"]",
      "instances": [
        {
          "schema_version": 1,
          "attributes": {
            "arn": "arn:aws:ec2:ap-south-2:716403252967:security-group/sg-0ea2564be79052742",
            "description": "Allow inbound Postgres traffic from ECS",
            "egress": [
              {
                "cidr_blocks": [
                  "0.0.0.0/0"
                ],
                "description": "",
                "from_port": 0,
                "ipv6_cidr_blocks": [],
                "prefix_list_ids": [],
                "protocol": "-1",
                "security_groups": [],
                "self": false,
                "to_port": 0
              }
            ],
            "id": "sg-0ea2564be79052742",
            "ingress": [
              {
                "cidr_blocks": [],
                "description": "",
                "from_port": 5432,
                "ipv6_cidr_blocks": [],
                "prefix_list_ids": [],
                "protocol": "tcp",
                "security_groups": [
                  "sg-093f1784f885ec64c"
                ],
                "self": false,
                "to_port": 5432
              }
            ],
            "name": "anjali-alankaram-rds-sg",
            "name_prefix": "",
            "owner_id": "716403252967",
            "revoke_rules_on_delete": false,
            "tags": {
              "CostCenter": "Production",
              "Environment": "production",
              "ManagedBy": "Terraform",
              "Project": "anjali-alankaram"
            },
            "tags_all": {
              "CostCenter": "Production",
              "Environment": "production",
              "ManagedBy": "Terraform",
              "Project": "anjali-alankaram"
            },
            "timeouts": null,
            "vpc_id": "vpc-028c020beba961d28"
          },
          "sensitive_attributes": [],
          "identity_schema_version": 0,
          "private": "eyJlMmJmYjczMC1lY2FhLTExZTYtOGY4OC0zNDM2M2JjN2M0YzAiOnsiY3JlYXRlIjo2MDAwMDAwMDAwMDAsImRlbGV0ZSI6OTAwMDAwMDAwMDAwfSwic2NoZW1hX3ZlcnNpb24iOiIxIn0=",
          "dependencies": [
            "module.security.aws_security_group.alb",
            "module.security.aws_security_group.ecs_tasks",
            "module.vpc.aws_vpc.main"
          ]
        }
      ]
    },
    {
      "module": "module.security",
      "mode": "managed",
      "type": "aws_security_group",
      "name": "redis",
      "provider": "provider[\"registry.terraform.io/hashicorp/aws\"]",
      "instances": [
        {
          "schema_version": 1,
          "attributes": {
            "arn": "arn:aws:ec2:ap-south-2:716403252967:security-group/sg-0abfa099c32948b4e",
            "description": "Allow inbound Redis traffic from ECS",
            "egress": [
              {
                "cidr_blocks": [
                  "0.0.0.0/0"
                ],
                "description": "",
                "from_port": 0,
                "ipv6_cidr_blocks": [],
                "prefix_list_ids": [],
                "protocol": "-1",
                "security_groups": [],
                "self": false,
                "to_port": 0
              }
            ],
            "id": "sg-0abfa099c32948b4e",
            "ingress": [
              {
                "cidr_blocks": [],
                "description": "",
                "from_port": 6379,
                "ipv6_cidr_blocks": [],
                "prefix_list_ids": [],
                "protocol": "tcp",
                "security_groups": [
                  "sg-093f1784f885ec64c"
                ],
                "self": false,
                "to_port": 6379
              }
            ],
            "name": "anjali-alankaram-redis-sg",
            "name_prefix": "",
            "owner_id": "716403252967",
            "revoke_rules_on_delete": false,
            "tags": {
              "CostCenter": "Production",
              "Environment": "production",
              "ManagedBy": "Terraform",
              "Project": "anjali-alankaram"
            },
            "tags_all": {
              "CostCenter": "Production",
              "Environment": "production",
              "ManagedBy": "Terraform",
              "Project": "anjali-alankaram"
            },
            "timeouts": null,
            "vpc_id": "vpc-028c020beba961d28"
          },
          "sensitive_attributes": [],
          "identity_schema_version": 0,
          "private": "eyJlMmJmYjczMC1lY2FhLTExZTYtOGY4OC0zNDM2M2JjN2M0YzAiOnsiY3JlYXRlIjo2MDAwMDAwMDAwMDAsImRlbGV0ZSI6OTAwMDAwMDAwMDAwfSwic2NoZW1hX3ZlcnNpb24iOiIxIn0=",
          "dependencies": [
            "module.security.aws_security_group.alb",
            "module.security.aws_security_group.ecs_tasks",
            "module.vpc.aws_vpc.main"
          ]
        }
      ]
    },
    {
      "module": "module.vpc",
      "mode": "managed",
      "type": "aws_internet_gateway",
      "name": "main",
      "provider": "provider[\"registry.terraform.io/hashicorp/aws\"]",
      "instances": [
        {
          "schema_version": 0,
          "attributes": {
            "arn": "arn:aws:ec2:ap-south-2:716403252967:internet-gateway/igw-089955bb528ca14e9",
            "id": "igw-089955bb528ca14e9",
            "owner_id": "716403252967",
            "tags": {
              "CostCenter": "Production",
              "Environment": "production",
              "ManagedBy": "Terraform",
              "Name": "anjali-alankaram-igw",
              "Project": "anjali-alankaram"
            },
            "tags_all": {
              "CostCenter": "Production",
              "Environment": "production",
              "ManagedBy": "Terraform",
              "Name": "anjali-alankaram-igw",
              "Project": "anjali-alankaram"
            },
            "timeouts": null,
            "vpc_id": "vpc-028c020beba961d28"
          },
          "sensitive_attributes": [],
          "identity_schema_version": 0,
          "private": "eyJlMmJmYjczMC1lY2FhLTExZTYtOGY4OC0zNDM2M2JjN2M0YzAiOnsiY3JlYXRlIjoxMjAwMDAwMDAwMDAwLCJkZWxldGUiOjEyMDAwMDAwMDAwMDAsInVwZGF0ZSI6MTIwMDAwMDAwMDAwMH19",
          "dependencies": [
            "module.vpc.aws_vpc.main"
          ]
        }
      ]
    },
    {
      "module": "module.vpc",
      "mode": "managed",
      "type": "aws_route_table",
      "name": "public",
      "provider": "provider[\"registry.terraform.io/hashicorp/aws\"]",
      "instances": [
        {
          "schema_version": 0,
          "attributes": {
            "arn": "arn:aws:ec2:ap-south-2:716403252967:route-table/rtb-04c444b94be605e9e",
            "id": "rtb-04c444b94be605e9e",
            "owner_id": "716403252967",
            "propagating_vgws": [],
            "route": [
              {
                "carrier_gateway_id": "",
                "cidr_block": "0.0.0.0/0",
                "core_network_arn": "",
                "destination_prefix_list_id": "",
                "egress_only_gateway_id": "",
                "gateway_id": "igw-089955bb528ca14e9",
                "ipv6_cidr_block": "",
                "local_gateway_id": "",
                "nat_gateway_id": "",
                "network_interface_id": "",
                "transit_gateway_id": "",
                "vpc_endpoint_id": "",
                "vpc_peering_connection_id": ""
              }
            ],
            "tags": {
              "CostCenter": "Production",
              "Environment": "production",
              "ManagedBy": "Terraform",
              "Name": "anjali-alankaram-public-rt",
              "Project": "anjali-alankaram"
            },
            "tags_all": {
              "CostCenter": "Production",
              "Environment": "production",
              "ManagedBy": "Terraform",
              "Name": "anjali-alankaram-public-rt",
              "Project": "anjali-alankaram"
            },
            "timeouts": null,
            "vpc_id": "vpc-028c020beba961d28"
          },
          "sensitive_attributes": [],
          "identity_schema_version": 0,
          "private": "eyJlMmJmYjczMC1lY2FhLTExZTYtOGY4OC0zNDM2M2JjN2M0YzAiOnsiY3JlYXRlIjozMDAwMDAwMDAwMDAsImRlbGV0ZSI6MzAwMDAwMDAwMDAwLCJ1cGRhdGUiOjEyMDAwMDAwMDAwMH19",
          "dependencies": [
            "module.vpc.aws_internet_gateway.main",
            "module.vpc.aws_vpc.main"
          ]
        }
      ]
    },
    {
      "module": "module.vpc",
      "mode": "managed",
      "type": "aws_route_table_association",
      "name": "public",
      "provider": "provider[\"registry.terraform.io/hashicorp/aws\"]",
      "instances": [
        {
          "index_key": 0,
          "schema_version": 0,
          "attributes": {
            "gateway_id": "",
            "id": "rtbassoc-07cd229de76912c63",
            "route_table_id": "rtb-04c444b94be605e9e",
            "subnet_id": "subnet-0bce06b6c9b196321",
            "timeouts": null
          },
          "sensitive_attributes": [],
          "identity_schema_version": 0,
          "private": "eyJlMmJmYjczMC1lY2FhLTExZTYtOGY4OC0zNDM2M2JjN2M0YzAiOnsiY3JlYXRlIjozMDAwMDAwMDAwMDAsImRlbGV0ZSI6MzAwMDAwMDAwMDAwLCJ1cGRhdGUiOjEyMDAwMDAwMDAwMH19",
          "dependencies": [
            "module.vpc.aws_internet_gateway.main",
            "module.vpc.aws_route_table.public",
            "module.vpc.aws_subnet.public",
            "module.vpc.aws_vpc.main"
          ]
        },
        {
          "index_key": 1,
          "schema_version": 0,
          "attributes": {
            "gateway_id": "",
            "id": "rtbassoc-08cde8e66692d8a2d",
            "route_table_id": "rtb-04c444b94be605e9e",
            "subnet_id": "subnet-04f01ec84905a4206",
            "timeouts": null
          },
          "sensitive_attributes": [],
          "identity_schema_version": 0,
          "private": "eyJlMmJmYjczMC1lY2FhLTExZTYtOGY4OC0zNDM2M2JjN2M0YzAiOnsiY3JlYXRlIjozMDAwMDAwMDAwMDAsImRlbGV0ZSI6MzAwMDAwMDAwMDAwLCJ1cGRhdGUiOjEyMDAwMDAwMDAwMH19",
          "dependencies": [
            "module.vpc.aws_internet_gateway.main",
            "module.vpc.aws_route_table.public",
            "module.vpc.aws_subnet.public",
            "module.vpc.aws_vpc.main"
          ]
        }
      ]
    },
    {
      "module": "module.vpc",
      "mode": "managed",
      "type": "aws_subnet",
      "name": "public",
      "provider": "provider[\"registry.terraform.io/hashicorp/aws\"]",
      "instances": [
        {
          "index_key": 0,
          "schema_version": 1,
          "attributes": {
            "arn": "arn:aws:ec2:ap-south-2:716403252967:subnet/subnet-0bce06b6c9b196321",
            "assign_ipv6_address_on_creation": false,
            "availability_zone": "ap-south-2a",
            "availability_zone_id": "aps2-az1",
            "cidr_block": "10.0.101.0/24",
            "customer_owned_ipv4_pool": "",
            "enable_dns64": false,
            "enable_lni_at_device_index": 0,
            "enable_resource_name_dns_a_record_on_launch": false,
            "enable_resource_name_dns_aaaa_record_on_launch": false,
            "id": "subnet-0bce06b6c9b196321",
            "ipv6_cidr_block": "",
            "ipv6_cidr_block_association_id": "",
            "ipv6_native": false,
            "map_customer_owned_ip_on_launch": false,
            "map_public_ip_on_launch": true,
            "outpost_arn": "",
            "owner_id": "716403252967",
            "private_dns_hostname_type_on_launch": "ip-name",
            "tags": {
              "CostCenter": "Production",
              "Environment": "production",
              "ManagedBy": "Terraform",
              "Name": "anjali-alankaram-public-subnet-1",
              "Project": "anjali-alankaram"
            },
            "tags_all": {
              "CostCenter": "Production",
              "Environment": "production",
              "ManagedBy": "Terraform",
              "Name": "anjali-alankaram-public-subnet-1",
              "Project": "anjali-alankaram"
            },
            "timeouts": null,
            "vpc_id": "vpc-028c020beba961d28"
          },
          "sensitive_attributes": [],
          "identity_schema_version": 0,
          "private": "eyJlMmJmYjczMC1lY2FhLTExZTYtOGY4OC0zNDM2M2JjN2M0YzAiOnsiY3JlYXRlIjo2MDAwMDAwMDAwMDAsImRlbGV0ZSI6MTIwMDAwMDAwMDAwMH0sInNjaGVtYV92ZXJzaW9uIjoiMSJ9",
          "dependencies": [
            "module.vpc.aws_vpc.main"
          ]
        },
        {
          "index_key": 1,
          "schema_version": 1,
          "attributes": {
            "arn": "arn:aws:ec2:ap-south-2:716403252967:subnet/subnet-04f01ec84905a4206",
            "assign_ipv6_address_on_creation": false,
            "availability_zone": "ap-south-2b",
            "availability_zone_id": "aps2-az2",
            "cidr_block": "10.0.102.0/24",
            "customer_owned_ipv4_pool": "",
            "enable_dns64": false,
            "enable_lni_at_device_index": 0,
            "enable_resource_name_dns_a_record_on_launch": false,
            "enable_resource_name_dns_aaaa_record_on_launch": false,
            "id": "subnet-04f01ec84905a4206",
            "ipv6_cidr_block": "",
            "ipv6_cidr_block_association_id": "",
            "ipv6_native": false,
            "map_customer_owned_ip_on_launch": false,
            "map_public_ip_on_launch": true,
            "outpost_arn": "",
            "owner_id": "716403252967",
            "private_dns_hostname_type_on_launch": "ip-name",
            "tags": {
              "CostCenter": "Production",
              "Environment": "production",
              "ManagedBy": "Terraform",
              "Name": "anjali-alankaram-public-subnet-2",
              "Project": "anjali-alankaram"
            },
            "tags_all": {
              "CostCenter": "Production",
              "Environment": "production",
              "ManagedBy": "Terraform",
              "Name": "anjali-alankaram-public-subnet-2",
              "Project": "anjali-alankaram"
            },
            "timeouts": null,
            "vpc_id": "vpc-028c020beba961d28"
          },
          "sensitive_attributes": [],
          "identity_schema_version": 0,
          "private": "eyJlMmJmYjczMC1lY2FhLTExZTYtOGY4OC0zNDM2M2JjN2M0YzAiOnsiY3JlYXRlIjo2MDAwMDAwMDAwMDAsImRlbGV0ZSI6MTIwMDAwMDAwMDAwMH0sInNjaGVtYV92ZXJzaW9uIjoiMSJ9",
          "dependencies": [
            "module.vpc.aws_vpc.main"
          ]
        }
      ]
    },
    {
      "module": "module.vpc",
      "mode": "managed",
      "type": "aws_vpc",
      "name": "main",
      "provider": "provider[\"registry.terraform.io/hashicorp/aws\"]",
      "instances": [
        {
          "schema_version": 1,
          "attributes": {
            "arn": "arn:aws:ec2:ap-south-2:716403252967:vpc/vpc-028c020beba961d28",
            "assign_generated_ipv6_cidr_block": false,
            "cidr_block": "10.0.0.0/16",
            "default_network_acl_id": "acl-026cf483c826160d3",
            "default_route_table_id": "rtb-0ec551759d380c688",
            "default_security_group_id": "sg-0481ad9cbf67ebab9",
            "dhcp_options_id": "dopt-045cec9a4543f7c18",
            "enable_dns_hostnames": true,
            "enable_dns_support": true,
            "enable_network_address_usage_metrics": false,
            "id": "vpc-028c020beba961d28",
            "instance_tenancy": "default",
            "ipv4_ipam_pool_id": null,
            "ipv4_netmask_length": null,
            "ipv6_association_id": "",
            "ipv6_cidr_block": "",
            "ipv6_cidr_block_network_border_group": "",
            "ipv6_ipam_pool_id": "",
            "ipv6_netmask_length": 0,
            "main_route_table_id": "rtb-0ec551759d380c688",
            "owner_id": "716403252967",
            "tags": {
              "CostCenter": "Production",
              "Environment": "production",
              "ManagedBy": "Terraform",
              "Name": "anjali-alankaram-vpc",
              "Project": "anjali-alankaram"
            },
            "tags_all": {
              "CostCenter": "Production",
              "Environment": "production",
              "ManagedBy": "Terraform",
              "Name": "anjali-alankaram-vpc",
              "Project": "anjali-alankaram"
            }
          },
          "sensitive_attributes": [],
          "identity_schema_version": 0,
          "private": "eyJzY2hlbWFfdmVyc2lvbiI6IjEifQ=="
        }
      ]
    }
  ],
  "check_results": null
}
